
Microsoft Visual Studio Solution File, Format Version 12.00
# Visual Studio Version 16
VisualStudioVersion = 16.6.30114.105
MinimumVisualStudioVersion = 10.0.40219.1
Project("{2150E333-8FDC-42A3-9474-1A3956D46DE8}") = "Chapter-19", "Chapter-19", "{5C0E6146-6C7B-4468-BCB4-A6A83D782686}"
EndProject
Project("{9A19103F-16F7-4668-BE54-9A1E7A4F7556}") = "Part-13", "Chapter-19\Part-13\Part-13.csproj", "{89376414-1FDD-4792-A0B0-94664664B3F0}"
EndProject
Project("{9A19103F-16F7-4668-BE54-9A1E7A4F7556}") = "Part-12", "Chapter-19\Part-12\Part-12.csproj", "{B7306113-5343-479F-A254-892CEA07004A}"
EndProject
Project("{9A19103F-16F7-4668-BE54-9A1E7A4F7556}") = "Part-14", "Chapter-19\Part-14\Part-14.csproj", "{0AF31D18-B1E0-4E6F-984D-EEB672D80DEF}"
EndProject
Project("{9A19103F-16F7-4668-BE54-9A1E7A4F7556}") = "Part-01", "Chapter-19\Part-01\Part-01.csproj", "{59FDEAB2-6004-459A-A44B-211A9A5D70D5}"
EndProject
Project("{9A19103F-16F7-4668-BE54-9A1E7A4F7556}") = "Part-02", "Chapter-19\Part-02\Part-02.csproj", "{DD43DFCC-68F9-4CFC-94CA-F73EED902E0C}"
EndProject
Project("{9A19103F-16F7-4668-BE54-9A1E7A4F7556}") = "Part-03", "Chapter-19\Part-03\Part-03.csproj", "{71B56249-7B42-4D92-A293-13F17DA67BE9}"
EndProject
Project("{9A19103F-16F7-4668-BE54-9A1E7A4F7556}") = "Part-04", "Chapter-19\Part-04\Part-04.csproj", "{B7C6426C-D07A-4259-A250-8BD405E644A6}"
EndProject
Project("{9A19103F-16F7-4668-BE54-9A1E7A4F7556}") = "Part-05", "Chapter-19\Part-05\Part-05.csproj", "{6BFE8B62-7B82-492D-8BB3-AADC60CDF2C5}"
EndProject
Project("{9A19103F-16F7-4668-BE54-9A1E7A4F7556}") = "Part-06", "Chapter-19\Part-06\Part-06.csproj", "{CAF4B4B4-B4DC-4FF1-960A-7D46A0B66D48}"
EndProject
Project("{9A19103F-16F7-4668-BE54-9A1E7A4F7556}") = "Part-07", "Chapter-19\Part-07\Part-07.csproj", "{C095DE41-BE11-42F6-996A-2EA0178009C1}"
EndProject
Project("{9A19103F-16F7-4668-BE54-9A1E7A4F7556}") = "Part-08", "Chapter-19\Part-08\Part-08.csproj", "{31E8F29A-CB9F-4C2C-905D-41426E712AAF}"
EndProject
Project("{9A19103F-16F7-4668-BE54-9A1E7A4F7556}") = "Part-09", "Chapter-19\Part-09\Part-09.csproj", "{7B61041C-CBE3-4189-B765-7422FF3F9477}"
EndProject
Project("{9A19103F-16F7-4668-BE54-9A1E7A4F7556}") = "Part-10", "Chapter-19\Part-10\Part-10.csproj", "{B4A2C53E-9838-44F0-9069-BF59C593F114}"
EndProject
Project("{9A19103F-16F7-4668-BE54-9A1E7A4F7556}") = "Part-11", "Chapter-19\Part-11\Part-11.csproj", "{88CF0328-0488-42B2-B497-57A76DEC037E}"
EndProject
Project("{9A19103F-16F7-4668-BE54-9A1E7A4F7556}") = "Part-15", "Chapter-19\Part-15\Part-15.csproj", "{778F5749-D20E-4732-A06A-F146C3D6049C}"
EndProject
Project("{9A19103F-16F7-4668-BE54-9A1E7A4F7556}") = "Part-16", "Chapter-19\Part-16\Part-16.csproj", "{C866FE21-886E-49FD-9123-572FE613A5AC}"
EndProject
Project("{9A19103F-16F7-4668-BE54-9A1E7A4F7556}") = "Part-17", "Chapter-19\Part-17\Part-17.csproj", "{B87D4A61-7C07-49C6-920B-BAE7F959E2B8}"
EndProject
Project("{9A19103F-16F7-4668-BE54-9A1E7A4F7556}") = "Part-18", "Chapter-19\Part-18\Part-18.csproj", "{175A01A0-2ED0-41AF-8C88-EC39193CCEAD}"
EndProject
Project("{9A19103F-16F7-4668-BE54-9A1E7A4F7556}") = "Part-19", "Chapter-19\Part-19\Part-19.csproj", "{F4CC6528-70B2-4AD1-BFA1-2D4178302131}"
EndProject
Project("{9A19103F-16F7-4668-BE54-9A1E7A4F7556}") = "Part-20", "Chapter-19\Part-20\Part-20.csproj", "{672C19EB-757F-49C2-8640-DD7B7F8BE32F}"
EndProject
Project("{9A19103F-16F7-4668-BE54-9A1E7A4F7556}") = "Part-21", "Chapter-19\Part-21\Part-21.csproj", "{B6DA36D3-62A4-48BF-A273-4A679EC25C76}"
EndProject
Project("{9A19103F-16F7-4668-BE54-9A1E7A4F7556}") = "Part-22", "Chapter-19\Part-22\Part-22.csproj", "{86715D1B-B1A4-4334-8B63-2FCA850DDC6B}"
EndProject
Project("{9A19103F-16F7-4668-BE54-9A1E7A4F7556}") = "Part-23", "Chapter-19\Part-23\Part-23.csproj", "{7E1DE76F-2CC7-433D-91E4-F0D042AB4970}"
EndProject
Project("{9A19103F-16F7-4668-BE54-9A1E7A4F7556}") = "Part-24", "Chapter-19\Part-24\Part-24.csproj", "{CB549014-46E8-4B73-9238-384903C304DA}"
EndProject
Project("{2150E333-8FDC-42A3-9474-1A3956D46DE8}") = "Chapter-12", "Chapter-12", "{F24CB063-8A47-47EA-B0D2-98CB3CEBDFF6}"
EndProject
Project("{9A19103F-16F7-4668-BE54-9A1E7A4F7556}") = "Part-03", "Chapter-12\Part-03\Part-03.csproj", "{BA39E2E2-7DD7-44EF-9FEF-7B44058FB52D}"
EndProject
Project("{9A19103F-16F7-4668-BE54-9A1E7A4F7556}") = "Part-01", "Chapter-12\Part-01\Part-01.csproj", "{E97F6E4E-881B-48DF-AB7D-7B03798218F5}"
EndProject
Project("{9A19103F-16F7-4668-BE54-9A1E7A4F7556}") = "Part-02", "Chapter-12\Part-02\Part-02.csproj", "{8D9B6C6D-6CC9-4024-8089-B04AFD69BCE3}"
EndProject
Project("{9A19103F-16F7-4668-BE54-9A1E7A4F7556}") = "Part-04", "Chapter-12\Part-04\Part-04.csproj", "{0AA013CE-F42F-42E1-AC97-CD823F10DEC7}"
EndProject
Project("{9A19103F-16F7-4668-BE54-9A1E7A4F7556}") = "Part-05", "Chapter-12\Part-05\Part-05.csproj", "{B75E3E3A-DBA8-48F5-BE8F-7D5BB5E0CD3C}"
EndProject
Project("{9A19103F-16F7-4668-BE54-9A1E7A4F7556}") = "Part-06", "Chapter-12\Part-06\Part-06.csproj", "{DF6222A0-3636-4BFB-B21E-F10EFC937508}"
EndProject
Project("{2150E333-8FDC-42A3-9474-1A3956D46DE8}") = "Chapter-6", "Chapter-6", "{7F9A41FA-83AA-46B0-9792-0AD4B4AD5A94}"
EndProject
Project("{9A19103F-16F7-4668-BE54-9A1E7A4F7556}") = "Part-01", "Chapter-6\Part-01\Part-01.csproj", "{F12553AA-BD8B-4DBE-B310-A8C9611BA627}"
EndProject
Project("{9A19103F-16F7-4668-BE54-9A1E7A4F7556}") = "Part-02", "Chapter-6\Part-02\Part-02.csproj", "{0F5AF895-EDDF-4F22-BD8B-BB9B3F448C64}"
EndProject
Project("{9A19103F-16F7-4668-BE54-9A1E7A4F7556}") = "Part-03", "Chapter-6\Part-03\Part-03.csproj", "{8D61AE41-1BD9-48D8-A871-64263D2336AF}"
EndProject
Project("{9A19103F-16F7-4668-BE54-9A1E7A4F7556}") = "Part-04", "Chapter-6\Part-04\Part-04.csproj", "{7A203180-C4DC-49DB-9DAB-ECCB924B92C6}"
EndProject
Project("{9A19103F-16F7-4668-BE54-9A1E7A4F7556}") = "Part-05", "Chapter-6\Part-05\Part-05.csproj", "{3F5A6C34-28CA-4DB4-9366-A95ABCC25FED}"
EndProject
Project("{9A19103F-16F7-4668-BE54-9A1E7A4F7556}") = "Part-06", "Chapter-6\Part-06\Part-06.csproj", "{0DAFB7AD-A0DA-4BF8-8166-DF94F44572CA}"
EndProject
Project("{9A19103F-16F7-4668-BE54-9A1E7A4F7556}") = "Part-07", "Chapter-6\Part-07\Part-07.csproj", "{C88A594F-F25B-41F9-8B9E-3C8C05BC096D}"
EndProject
Project("{9A19103F-16F7-4668-BE54-9A1E7A4F7556}") = "Part-08", "Chapter-6\Part-08\Part-08.csproj", "{A2389664-011F-4A48-873F-F55FCB277E29}"
EndProject
Project("{9A19103F-16F7-4668-BE54-9A1E7A4F7556}") = "Part-09", "Chapter-6\Part-09\Part-09.csproj", "{591153A0-2249-48AB-986B-BF0F78589446}"
EndProject
Project("{9A19103F-16F7-4668-BE54-9A1E7A4F7556}") = "Part-10", "Chapter-6\Part-10\Part-10.csproj", "{3DA472F9-26BE-4DD0-8139-91B85F836D54}"
EndProject
Project("{9A19103F-16F7-4668-BE54-9A1E7A4F7556}") = "Part-11", "Chapter-6\Part-11\Part-11.csproj", "{7A6C8B6B-62C1-4B7A-A150-2BC9D36620CF}"
EndProject
Project("{9A19103F-16F7-4668-BE54-9A1E7A4F7556}") = "Part-12", "Chapter-6\Part-12\Part-12.csproj", "{D845C77F-84A2-4261-A1B0-C198460A27B7}"
EndProject
Project("{9A19103F-16F7-4668-BE54-9A1E7A4F7556}") = "Part-13", "Chapter-6\Part-13\Part-13.csproj", "{56D020C9-A09E-48EF-9718-F769BBA7EBCD}"
EndProject
Project("{9A19103F-16F7-4668-BE54-9A1E7A4F7556}") = "Part-14", "Chapter-6\Part-14\Part-14.csproj", "{06A58699-769A-4C11-8E9D-0840A7BC5DD0}"
EndProject
Project("{9A19103F-16F7-4668-BE54-9A1E7A4F7556}") = "Part-15", "Chapter-6\Part-15\Part-15.csproj", "{FF0F5987-ED13-46A0-8A95-2FDBD52C5190}"
EndProject
Project("{2150E333-8FDC-42A3-9474-1A3956D46DE8}") = "Chapter-8", "Chapter-8", "{39532B12-4F2E-4D12-BB3E-2166D9DFDB96}"
EndProject
Project("{9A19103F-16F7-4668-BE54-9A1E7A4F7556}") = "Part-01", "Chapter-8\Part-01\Part-01.csproj", "{00500327-8722-46EA-8059-67DE121EFD81}"
EndProject
Project("{9A19103F-16F7-4668-BE54-9A1E7A4F7556}") = "Part-02", "Chapter-8\Part-02\Part-02.csproj", "{081EED57-A0F0-417F-8A71-FE6472D65FB8}"
EndProject
Project("{9A19103F-16F7-4668-BE54-9A1E7A4F7556}") = "Part-03", "Chapter-8\Part-03\Part-03.csproj", "{DD9DEFDC-3BB5-43F3-9568-1EB44C4628CB}"
EndProject
Project("{9A19103F-16F7-4668-BE54-9A1E7A4F7556}") = "Part-04", "Chapter-8\Part-04\Part-04.csproj", "{76440EB2-5C8B-4BDC-857D-23A71A02E817}"
EndProject
Project("{9A19103F-16F7-4668-BE54-9A1E7A4F7556}") = "Part-05", "Chapter-8\Part-05\Part-05.csproj", "{9C3CBC7A-B5C7-4564-99C8-27DEA0F15CE6}"
EndProject
Project("{9A19103F-16F7-4668-BE54-9A1E7A4F7556}") = "Part-06", "Chapter-8\Part-06\Part-06.csproj", "{E777055E-6D0D-494A-A47A-B9E4091CDBA4}"
EndProject
Project("{9A19103F-16F7-4668-BE54-9A1E7A4F7556}") = "Part-07", "Chapter-8\Part-07\Part-07.csproj", "{1828E3CD-2CAB-4327-B6D5-CB4CB1B401AF}"
EndProject
Project("{9A19103F-16F7-4668-BE54-9A1E7A4F7556}") = "Part-08", "Chapter-8\Part-08\Part-08.csproj", "{AF414FD5-EBD1-48E0-8451-91A45580F870}"
EndProject
Project("{9A19103F-16F7-4668-BE54-9A1E7A4F7556}") = "Part-09", "Chapter-8\Part-09\Part-09.csproj", "{44E45B29-039C-42B8-9E8A-DDCC5946712E}"
EndProject
Project("{9A19103F-16F7-4668-BE54-9A1E7A4F7556}") = "Part-10", "Chapter-8\Part-10\Part-10.csproj", "{48365453-CF59-40BA-919D-04F194519524}"
EndProject
Project("{9A19103F-16F7-4668-BE54-9A1E7A4F7556}") = "Part-11", "Chapter-8\Part-11\Part-11.csproj", "{43990590-8D41-4245-90E0-6BCB1EB20611}"
EndProject
Project("{9A19103F-16F7-4668-BE54-9A1E7A4F7556}") = "Part-12", "Chapter-8\Part-12\Part-12.csproj", "{E1C6EEE5-D966-4AEC-8428-F3C3636BDD92}"
EndProject
Project("{9A19103F-16F7-4668-BE54-9A1E7A4F7556}") = "Part-13", "Chapter-8\Part-13\Part-13.csproj", "{090BEBB8-4259-49FA-B28C-D67B7E625BFC}"
EndProject
Project("{9A19103F-16F7-4668-BE54-9A1E7A4F7556}") = "Part-14", "Chapter-8\Part-14\Part-14.csproj", "{28207040-2D67-4D3D-842E-0A30197C438B}"
EndProject
Project("{9A19103F-16F7-4668-BE54-9A1E7A4F7556}") = "Part-15", "Chapter-8\Part-15\Part-15.csproj", "{434E186D-C169-4330-8216-31BB3356838E}"
EndProject
Project("{9A19103F-16F7-4668-BE54-9A1E7A4F7556}") = "Part-16", "Chapter-8\Part-16\Part-16.csproj", "{2846717C-3125-4CD8-97B1-5A6FF9D01591}"
EndProject
Project("{9A19103F-16F7-4668-BE54-9A1E7A4F7556}") = "Part-17", "Chapter-8\Part-17\Part-17.csproj", "{EC49D429-867E-4562-9B78-3D2CB0E8F53F}"
EndProject
Project("{9A19103F-16F7-4668-BE54-9A1E7A4F7556}") = "Part-18", "Chapter-8\Part-18\Part-18.csproj", "{52F1F290-220B-45AC-8FCF-CB3AFCCFEFEB}"
EndProject
Project("{9A19103F-16F7-4668-BE54-9A1E7A4F7556}") = "Part-19", "Chapter-8\Part-19\Part-19.csproj", "{88FF714D-08D9-47F2-8D54-E6184E46BF57}"
EndProject
Project("{9A19103F-16F7-4668-BE54-9A1E7A4F7556}") = "Part-21", "Chapter-8\Part-21\Part-21.csproj", "{3610C6C6-5685-4C51-AB00-D37F49051600}"
EndProject
Project("{9A19103F-16F7-4668-BE54-9A1E7A4F7556}") = "Part-22", "Chapter-8\Part-22\Part-22.csproj", "{3B259688-C94B-4B2E-BAA3-DF94912DBDA6}"
EndProject
Project("{9A19103F-16F7-4668-BE54-9A1E7A4F7556}") = "Part-23", "Chapter-8\Part-23\Part-23.csproj", "{7324043D-3A2C-4D2F-8D84-0495B7EE1088}"
EndProject
Project("{9A19103F-16F7-4668-BE54-9A1E7A4F7556}") = "Part-24", "Chapter-8\Part-24\Part-24.csproj", "{76DA0C19-1D76-4045-972B-550E8583DC57}"
EndProject
Project("{9A19103F-16F7-4668-BE54-9A1E7A4F7556}") = "Part-25", "Chapter-8\Part-25\Part-25.csproj", "{8A7E81E6-982B-4A4B-995A-5775FBD21F84}"
EndProject
Project("{9A19103F-16F7-4668-BE54-9A1E7A4F7556}") = "Part-20", "Chapter-8\Part-20\Part-20.csproj", "{AC1CDF73-A84C-4C38-BA3D-1C4653AEB1E4}"
EndProject
Project("{9A19103F-16F7-4668-BE54-9A1E7A4F7556}") = "Part-26", "Chapter-8\Part-26\Part-26.csproj", "{9C46EA86-BB18-4193-A09A-D6E7819C43C5}"
EndProject
Project("{FAE04EC0-301F-11D3-BF4B-00C04F79EFBC}") = "Part-27", "Chapter-8\Part-27\Part-27.csproj", "{E70E5FC4-C8D7-446D-9243-AB17D007F441}"
EndProject
Project("{FAE04EC0-301F-11D3-BF4B-00C04F79EFBC}") = "Part-28", "Chapter-8\Part-28\Part-28.csproj", "{236BB205-B81F-46D4-84E1-CB14340452D7}"
EndProject
Project("{FAE04EC0-301F-11D3-BF4B-00C04F79EFBC}") = "Part-29", "Chapter-8\Part-29\Part-29.csproj", "{B7096437-5AF8-400B-8438-CFD800E0D241}"
EndProject
Project("{FAE04EC0-301F-11D3-BF4B-00C04F79EFBC}") = "Part-30", "Chapter-8\Part-30\Part-30.csproj", "{E4FA31E1-D0A6-4702-B15A-3C6F49876A1D}"
EndProject
Project("{FAE04EC0-301F-11D3-BF4B-00C04F79EFBC}") = "Part-31", "Chapter-8\Part-31\Part-31.csproj", "{0F76BC3A-498F-45B1-95C9-BBB4CD7743EB}"
EndProject
Project("{FAE04EC0-301F-11D3-BF4B-00C04F79EFBC}") = "Part-32", "Chapter-8\Part-32\Part-32.csproj", "{C503B0F5-560F-41DD-AA3D-8886903531F1}"
EndProject
Project("{FAE04EC0-301F-11D3-BF4B-00C04F79EFBC}") = "Part-33", "Chapter-8\Part-33\Part-33.csproj", "{28D9EE27-3E21-4E4F-B831-4A06B028A042}"
EndProject
Project("{FAE04EC0-301F-11D3-BF4B-00C04F79EFBC}") = "Part-34", "Chapter-8\Part-34\Part-34.csproj", "{AFF705C8-766F-4804-A304-835D032B491F}"
EndProject
Project("{FAE04EC0-301F-11D3-BF4B-00C04F79EFBC}") = "Part-35", "Chapter-8\Part-35\Part-35.csproj", "{BAA994C4-89F8-4E03-88ED-33372B5B1781}"
EndProject
Global
	GlobalSection(SolutionConfigurationPlatforms) = preSolution
		Debug|Any CPU = Debug|Any CPU
		Debug|x64 = Debug|x64
		Debug|x86 = Debug|x86
		Release|Any CPU = Release|Any CPU
		Release|x64 = Release|x64
		Release|x86 = Release|x86
	EndGlobalSection
	GlobalSection(ProjectConfigurationPlatforms) = postSolution
		{89376414-1FDD-4792-A0B0-94664664B3F0}.Debug|Any CPU.ActiveCfg = Debug|Any CPU
		{89376414-1FDD-4792-A0B0-94664664B3F0}.Debug|Any CPU.Build.0 = Debug|Any CPU
		{89376414-1FDD-4792-A0B0-94664664B3F0}.Debug|x64.ActiveCfg = Debug|Any CPU
		{89376414-1FDD-4792-A0B0-94664664B3F0}.Debug|x64.Build.0 = Debug|Any CPU
		{89376414-1FDD-4792-A0B0-94664664B3F0}.Debug|x86.ActiveCfg = Debug|Any CPU
		{89376414-1FDD-4792-A0B0-94664664B3F0}.Debug|x86.Build.0 = Debug|Any CPU
		{89376414-1FDD-4792-A0B0-94664664B3F0}.Release|Any CPU.ActiveCfg = Release|Any CPU
		{89376414-1FDD-4792-A0B0-94664664B3F0}.Release|Any CPU.Build.0 = Release|Any CPU
		{89376414-1FDD-4792-A0B0-94664664B3F0}.Release|x64.ActiveCfg = Release|Any CPU
		{89376414-1FDD-4792-A0B0-94664664B3F0}.Release|x64.Build.0 = Release|Any CPU
		{89376414-1FDD-4792-A0B0-94664664B3F0}.Release|x86.ActiveCfg = Release|Any CPU
		{89376414-1FDD-4792-A0B0-94664664B3F0}.Release|x86.Build.0 = Release|Any CPU
		{B7306113-5343-479F-A254-892CEA07004A}.Debug|Any CPU.ActiveCfg = Debug|Any CPU
		{B7306113-5343-479F-A254-892CEA07004A}.Debug|Any CPU.Build.0 = Debug|Any CPU
		{B7306113-5343-479F-A254-892CEA07004A}.Debug|x64.ActiveCfg = Debug|Any CPU
		{B7306113-5343-479F-A254-892CEA07004A}.Debug|x64.Build.0 = Debug|Any CPU
		{B7306113-5343-479F-A254-892CEA07004A}.Debug|x86.ActiveCfg = Debug|Any CPU
		{B7306113-5343-479F-A254-892CEA07004A}.Debug|x86.Build.0 = Debug|Any CPU
		{B7306113-5343-479F-A254-892CEA07004A}.Release|Any CPU.ActiveCfg = Release|Any CPU
		{B7306113-5343-479F-A254-892CEA07004A}.Release|Any CPU.Build.0 = Release|Any CPU
		{B7306113-5343-479F-A254-892CEA07004A}.Release|x64.ActiveCfg = Release|Any CPU
		{B7306113-5343-479F-A254-892CEA07004A}.Release|x64.Build.0 = Release|Any CPU
		{B7306113-5343-479F-A254-892CEA07004A}.Release|x86.ActiveCfg = Release|Any CPU
		{B7306113-5343-479F-A254-892CEA07004A}.Release|x86.Build.0 = Release|Any CPU
		{0AF31D18-B1E0-4E6F-984D-EEB672D80DEF}.Debug|Any CPU.ActiveCfg = Debug|Any CPU
		{0AF31D18-B1E0-4E6F-984D-EEB672D80DEF}.Debug|Any CPU.Build.0 = Debug|Any CPU
		{0AF31D18-B1E0-4E6F-984D-EEB672D80DEF}.Debug|x64.ActiveCfg = Debug|Any CPU
		{0AF31D18-B1E0-4E6F-984D-EEB672D80DEF}.Debug|x64.Build.0 = Debug|Any CPU
		{0AF31D18-B1E0-4E6F-984D-EEB672D80DEF}.Debug|x86.ActiveCfg = Debug|Any CPU
		{0AF31D18-B1E0-4E6F-984D-EEB672D80DEF}.Debug|x86.Build.0 = Debug|Any CPU
		{0AF31D18-B1E0-4E6F-984D-EEB672D80DEF}.Release|Any CPU.ActiveCfg = Release|Any CPU
		{0AF31D18-B1E0-4E6F-984D-EEB672D80DEF}.Release|Any CPU.Build.0 = Release|Any CPU
		{0AF31D18-B1E0-4E6F-984D-EEB672D80DEF}.Release|x64.ActiveCfg = Release|Any CPU
		{0AF31D18-B1E0-4E6F-984D-EEB672D80DEF}.Release|x64.Build.0 = Release|Any CPU
		{0AF31D18-B1E0-4E6F-984D-EEB672D80DEF}.Release|x86.ActiveCfg = Release|Any CPU
		{0AF31D18-B1E0-4E6F-984D-EEB672D80DEF}.Release|x86.Build.0 = Release|Any CPU
		{59FDEAB2-6004-459A-A44B-211A9A5D70D5}.Debug|Any CPU.ActiveCfg = Debug|Any CPU
		{59FDEAB2-6004-459A-A44B-211A9A5D70D5}.Debug|Any CPU.Build.0 = Debug|Any CPU
		{59FDEAB2-6004-459A-A44B-211A9A5D70D5}.Debug|x64.ActiveCfg = Debug|Any CPU
		{59FDEAB2-6004-459A-A44B-211A9A5D70D5}.Debug|x64.Build.0 = Debug|Any CPU
		{59FDEAB2-6004-459A-A44B-211A9A5D70D5}.Debug|x86.ActiveCfg = Debug|Any CPU
		{59FDEAB2-6004-459A-A44B-211A9A5D70D5}.Debug|x86.Build.0 = Debug|Any CPU
		{59FDEAB2-6004-459A-A44B-211A9A5D70D5}.Release|Any CPU.ActiveCfg = Release|Any CPU
		{59FDEAB2-6004-459A-A44B-211A9A5D70D5}.Release|Any CPU.Build.0 = Release|Any CPU
		{59FDEAB2-6004-459A-A44B-211A9A5D70D5}.Release|x64.ActiveCfg = Release|Any CPU
		{59FDEAB2-6004-459A-A44B-211A9A5D70D5}.Release|x64.Build.0 = Release|Any CPU
		{59FDEAB2-6004-459A-A44B-211A9A5D70D5}.Release|x86.ActiveCfg = Release|Any CPU
		{59FDEAB2-6004-459A-A44B-211A9A5D70D5}.Release|x86.Build.0 = Release|Any CPU
		{DD43DFCC-68F9-4CFC-94CA-F73EED902E0C}.Debug|Any CPU.ActiveCfg = Debug|Any CPU
		{DD43DFCC-68F9-4CFC-94CA-F73EED902E0C}.Debug|Any CPU.Build.0 = Debug|Any CPU
		{DD43DFCC-68F9-4CFC-94CA-F73EED902E0C}.Debug|x64.ActiveCfg = Debug|Any CPU
		{DD43DFCC-68F9-4CFC-94CA-F73EED902E0C}.Debug|x64.Build.0 = Debug|Any CPU
		{DD43DFCC-68F9-4CFC-94CA-F73EED902E0C}.Debug|x86.ActiveCfg = Debug|Any CPU
		{DD43DFCC-68F9-4CFC-94CA-F73EED902E0C}.Debug|x86.Build.0 = Debug|Any CPU
		{DD43DFCC-68F9-4CFC-94CA-F73EED902E0C}.Release|Any CPU.ActiveCfg = Release|Any CPU
		{DD43DFCC-68F9-4CFC-94CA-F73EED902E0C}.Release|Any CPU.Build.0 = Release|Any CPU
		{DD43DFCC-68F9-4CFC-94CA-F73EED902E0C}.Release|x64.ActiveCfg = Release|Any CPU
		{DD43DFCC-68F9-4CFC-94CA-F73EED902E0C}.Release|x64.Build.0 = Release|Any CPU
		{DD43DFCC-68F9-4CFC-94CA-F73EED902E0C}.Release|x86.ActiveCfg = Release|Any CPU
		{DD43DFCC-68F9-4CFC-94CA-F73EED902E0C}.Release|x86.Build.0 = Release|Any CPU
		{71B56249-7B42-4D92-A293-13F17DA67BE9}.Debug|Any CPU.ActiveCfg = Debug|Any CPU
		{71B56249-7B42-4D92-A293-13F17DA67BE9}.Debug|Any CPU.Build.0 = Debug|Any CPU
		{71B56249-7B42-4D92-A293-13F17DA67BE9}.Debug|x64.ActiveCfg = Debug|Any CPU
		{71B56249-7B42-4D92-A293-13F17DA67BE9}.Debug|x64.Build.0 = Debug|Any CPU
		{71B56249-7B42-4D92-A293-13F17DA67BE9}.Debug|x86.ActiveCfg = Debug|Any CPU
		{71B56249-7B42-4D92-A293-13F17DA67BE9}.Debug|x86.Build.0 = Debug|Any CPU
		{71B56249-7B42-4D92-A293-13F17DA67BE9}.Release|Any CPU.ActiveCfg = Release|Any CPU
		{71B56249-7B42-4D92-A293-13F17DA67BE9}.Release|Any CPU.Build.0 = Release|Any CPU
		{71B56249-7B42-4D92-A293-13F17DA67BE9}.Release|x64.ActiveCfg = Release|Any CPU
		{71B56249-7B42-4D92-A293-13F17DA67BE9}.Release|x64.Build.0 = Release|Any CPU
		{71B56249-7B42-4D92-A293-13F17DA67BE9}.Release|x86.ActiveCfg = Release|Any CPU
		{71B56249-7B42-4D92-A293-13F17DA67BE9}.Release|x86.Build.0 = Release|Any CPU
		{B7C6426C-D07A-4259-A250-8BD405E644A6}.Debug|Any CPU.ActiveCfg = Debug|Any CPU
		{B7C6426C-D07A-4259-A250-8BD405E644A6}.Debug|Any CPU.Build.0 = Debug|Any CPU
		{B7C6426C-D07A-4259-A250-8BD405E644A6}.Debug|x64.ActiveCfg = Debug|Any CPU
		{B7C6426C-D07A-4259-A250-8BD405E644A6}.Debug|x64.Build.0 = Debug|Any CPU
		{B7C6426C-D07A-4259-A250-8BD405E644A6}.Debug|x86.ActiveCfg = Debug|Any CPU
		{B7C6426C-D07A-4259-A250-8BD405E644A6}.Debug|x86.Build.0 = Debug|Any CPU
		{B7C6426C-D07A-4259-A250-8BD405E644A6}.Release|Any CPU.ActiveCfg = Release|Any CPU
		{B7C6426C-D07A-4259-A250-8BD405E644A6}.Release|Any CPU.Build.0 = Release|Any CPU
		{B7C6426C-D07A-4259-A250-8BD405E644A6}.Release|x64.ActiveCfg = Release|Any CPU
		{B7C6426C-D07A-4259-A250-8BD405E644A6}.Release|x64.Build.0 = Release|Any CPU
		{B7C6426C-D07A-4259-A250-8BD405E644A6}.Release|x86.ActiveCfg = Release|Any CPU
		{B7C6426C-D07A-4259-A250-8BD405E644A6}.Release|x86.Build.0 = Release|Any CPU
		{6BFE8B62-7B82-492D-8BB3-AADC60CDF2C5}.Debug|Any CPU.ActiveCfg = Debug|Any CPU
		{6BFE8B62-7B82-492D-8BB3-AADC60CDF2C5}.Debug|Any CPU.Build.0 = Debug|Any CPU
		{6BFE8B62-7B82-492D-8BB3-AADC60CDF2C5}.Debug|x64.ActiveCfg = Debug|Any CPU
		{6BFE8B62-7B82-492D-8BB3-AADC60CDF2C5}.Debug|x64.Build.0 = Debug|Any CPU
		{6BFE8B62-7B82-492D-8BB3-AADC60CDF2C5}.Debug|x86.ActiveCfg = Debug|Any CPU
		{6BFE8B62-7B82-492D-8BB3-AADC60CDF2C5}.Debug|x86.Build.0 = Debug|Any CPU
		{6BFE8B62-7B82-492D-8BB3-AADC60CDF2C5}.Release|Any CPU.ActiveCfg = Release|Any CPU
		{6BFE8B62-7B82-492D-8BB3-AADC60CDF2C5}.Release|Any CPU.Build.0 = Release|Any CPU
		{6BFE8B62-7B82-492D-8BB3-AADC60CDF2C5}.Release|x64.ActiveCfg = Release|Any CPU
		{6BFE8B62-7B82-492D-8BB3-AADC60CDF2C5}.Release|x64.Build.0 = Release|Any CPU
		{6BFE8B62-7B82-492D-8BB3-AADC60CDF2C5}.Release|x86.ActiveCfg = Release|Any CPU
		{6BFE8B62-7B82-492D-8BB3-AADC60CDF2C5}.Release|x86.Build.0 = Release|Any CPU
		{CAF4B4B4-B4DC-4FF1-960A-7D46A0B66D48}.Debug|Any CPU.ActiveCfg = Debug|Any CPU
		{CAF4B4B4-B4DC-4FF1-960A-7D46A0B66D48}.Debug|Any CPU.Build.0 = Debug|Any CPU
		{CAF4B4B4-B4DC-4FF1-960A-7D46A0B66D48}.Debug|x64.ActiveCfg = Debug|Any CPU
		{CAF4B4B4-B4DC-4FF1-960A-7D46A0B66D48}.Debug|x64.Build.0 = Debug|Any CPU
		{CAF4B4B4-B4DC-4FF1-960A-7D46A0B66D48}.Debug|x86.ActiveCfg = Debug|Any CPU
		{CAF4B4B4-B4DC-4FF1-960A-7D46A0B66D48}.Debug|x86.Build.0 = Debug|Any CPU
		{CAF4B4B4-B4DC-4FF1-960A-7D46A0B66D48}.Release|Any CPU.ActiveCfg = Release|Any CPU
		{CAF4B4B4-B4DC-4FF1-960A-7D46A0B66D48}.Release|Any CPU.Build.0 = Release|Any CPU
		{CAF4B4B4-B4DC-4FF1-960A-7D46A0B66D48}.Release|x64.ActiveCfg = Release|Any CPU
		{CAF4B4B4-B4DC-4FF1-960A-7D46A0B66D48}.Release|x64.Build.0 = Release|Any CPU
		{CAF4B4B4-B4DC-4FF1-960A-7D46A0B66D48}.Release|x86.ActiveCfg = Release|Any CPU
		{CAF4B4B4-B4DC-4FF1-960A-7D46A0B66D48}.Release|x86.Build.0 = Release|Any CPU
		{C095DE41-BE11-42F6-996A-2EA0178009C1}.Debug|Any CPU.ActiveCfg = Debug|Any CPU
		{C095DE41-BE11-42F6-996A-2EA0178009C1}.Debug|Any CPU.Build.0 = Debug|Any CPU
		{C095DE41-BE11-42F6-996A-2EA0178009C1}.Debug|x64.ActiveCfg = Debug|Any CPU
		{C095DE41-BE11-42F6-996A-2EA0178009C1}.Debug|x64.Build.0 = Debug|Any CPU
		{C095DE41-BE11-42F6-996A-2EA0178009C1}.Debug|x86.ActiveCfg = Debug|Any CPU
		{C095DE41-BE11-42F6-996A-2EA0178009C1}.Debug|x86.Build.0 = Debug|Any CPU
		{C095DE41-BE11-42F6-996A-2EA0178009C1}.Release|Any CPU.ActiveCfg = Release|Any CPU
		{C095DE41-BE11-42F6-996A-2EA0178009C1}.Release|Any CPU.Build.0 = Release|Any CPU
		{C095DE41-BE11-42F6-996A-2EA0178009C1}.Release|x64.ActiveCfg = Release|Any CPU
		{C095DE41-BE11-42F6-996A-2EA0178009C1}.Release|x64.Build.0 = Release|Any CPU
		{C095DE41-BE11-42F6-996A-2EA0178009C1}.Release|x86.ActiveCfg = Release|Any CPU
		{C095DE41-BE11-42F6-996A-2EA0178009C1}.Release|x86.Build.0 = Release|Any CPU
		{31E8F29A-CB9F-4C2C-905D-41426E712AAF}.Debug|Any CPU.ActiveCfg = Debug|Any CPU
		{31E8F29A-CB9F-4C2C-905D-41426E712AAF}.Debug|Any CPU.Build.0 = Debug|Any CPU
		{31E8F29A-CB9F-4C2C-905D-41426E712AAF}.Debug|x64.ActiveCfg = Debug|Any CPU
		{31E8F29A-CB9F-4C2C-905D-41426E712AAF}.Debug|x64.Build.0 = Debug|Any CPU
		{31E8F29A-CB9F-4C2C-905D-41426E712AAF}.Debug|x86.ActiveCfg = Debug|Any CPU
		{31E8F29A-CB9F-4C2C-905D-41426E712AAF}.Debug|x86.Build.0 = Debug|Any CPU
		{31E8F29A-CB9F-4C2C-905D-41426E712AAF}.Release|Any CPU.ActiveCfg = Release|Any CPU
		{31E8F29A-CB9F-4C2C-905D-41426E712AAF}.Release|Any CPU.Build.0 = Release|Any CPU
		{31E8F29A-CB9F-4C2C-905D-41426E712AAF}.Release|x64.ActiveCfg = Release|Any CPU
		{31E8F29A-CB9F-4C2C-905D-41426E712AAF}.Release|x64.Build.0 = Release|Any CPU
		{31E8F29A-CB9F-4C2C-905D-41426E712AAF}.Release|x86.ActiveCfg = Release|Any CPU
		{31E8F29A-CB9F-4C2C-905D-41426E712AAF}.Release|x86.Build.0 = Release|Any CPU
		{7B61041C-CBE3-4189-B765-7422FF3F9477}.Debug|Any CPU.ActiveCfg = Debug|Any CPU
		{7B61041C-CBE3-4189-B765-7422FF3F9477}.Debug|Any CPU.Build.0 = Debug|Any CPU
		{7B61041C-CBE3-4189-B765-7422FF3F9477}.Debug|x64.ActiveCfg = Debug|Any CPU
		{7B61041C-CBE3-4189-B765-7422FF3F9477}.Debug|x64.Build.0 = Debug|Any CPU
		{7B61041C-CBE3-4189-B765-7422FF3F9477}.Debug|x86.ActiveCfg = Debug|Any CPU
		{7B61041C-CBE3-4189-B765-7422FF3F9477}.Debug|x86.Build.0 = Debug|Any CPU
		{7B61041C-CBE3-4189-B765-7422FF3F9477}.Release|Any CPU.ActiveCfg = Release|Any CPU
		{7B61041C-CBE3-4189-B765-7422FF3F9477}.Release|Any CPU.Build.0 = Release|Any CPU
		{7B61041C-CBE3-4189-B765-7422FF3F9477}.Release|x64.ActiveCfg = Release|Any CPU
		{7B61041C-CBE3-4189-B765-7422FF3F9477}.Release|x64.Build.0 = Release|Any CPU
		{7B61041C-CBE3-4189-B765-7422FF3F9477}.Release|x86.ActiveCfg = Release|Any CPU
		{7B61041C-CBE3-4189-B765-7422FF3F9477}.Release|x86.Build.0 = Release|Any CPU
		{B4A2C53E-9838-44F0-9069-BF59C593F114}.Debug|Any CPU.ActiveCfg = Debug|Any CPU
		{B4A2C53E-9838-44F0-9069-BF59C593F114}.Debug|Any CPU.Build.0 = Debug|Any CPU
		{B4A2C53E-9838-44F0-9069-BF59C593F114}.Debug|x64.ActiveCfg = Debug|Any CPU
		{B4A2C53E-9838-44F0-9069-BF59C593F114}.Debug|x64.Build.0 = Debug|Any CPU
		{B4A2C53E-9838-44F0-9069-BF59C593F114}.Debug|x86.ActiveCfg = Debug|Any CPU
		{B4A2C53E-9838-44F0-9069-BF59C593F114}.Debug|x86.Build.0 = Debug|Any CPU
		{B4A2C53E-9838-44F0-9069-BF59C593F114}.Release|Any CPU.ActiveCfg = Release|Any CPU
		{B4A2C53E-9838-44F0-9069-BF59C593F114}.Release|Any CPU.Build.0 = Release|Any CPU
		{B4A2C53E-9838-44F0-9069-BF59C593F114}.Release|x64.ActiveCfg = Release|Any CPU
		{B4A2C53E-9838-44F0-9069-BF59C593F114}.Release|x64.Build.0 = Release|Any CPU
		{B4A2C53E-9838-44F0-9069-BF59C593F114}.Release|x86.ActiveCfg = Release|Any CPU
		{B4A2C53E-9838-44F0-9069-BF59C593F114}.Release|x86.Build.0 = Release|Any CPU
		{88CF0328-0488-42B2-B497-57A76DEC037E}.Debug|Any CPU.ActiveCfg = Debug|Any CPU
		{88CF0328-0488-42B2-B497-57A76DEC037E}.Debug|Any CPU.Build.0 = Debug|Any CPU
		{88CF0328-0488-42B2-B497-57A76DEC037E}.Debug|x64.ActiveCfg = Debug|Any CPU
		{88CF0328-0488-42B2-B497-57A76DEC037E}.Debug|x64.Build.0 = Debug|Any CPU
		{88CF0328-0488-42B2-B497-57A76DEC037E}.Debug|x86.ActiveCfg = Debug|Any CPU
		{88CF0328-0488-42B2-B497-57A76DEC037E}.Debug|x86.Build.0 = Debug|Any CPU
		{88CF0328-0488-42B2-B497-57A76DEC037E}.Release|Any CPU.ActiveCfg = Release|Any CPU
		{88CF0328-0488-42B2-B497-57A76DEC037E}.Release|Any CPU.Build.0 = Release|Any CPU
		{88CF0328-0488-42B2-B497-57A76DEC037E}.Release|x64.ActiveCfg = Release|Any CPU
		{88CF0328-0488-42B2-B497-57A76DEC037E}.Release|x64.Build.0 = Release|Any CPU
		{88CF0328-0488-42B2-B497-57A76DEC037E}.Release|x86.ActiveCfg = Release|Any CPU
		{88CF0328-0488-42B2-B497-57A76DEC037E}.Release|x86.Build.0 = Release|Any CPU
		{778F5749-D20E-4732-A06A-F146C3D6049C}.Debug|Any CPU.ActiveCfg = Debug|Any CPU
		{778F5749-D20E-4732-A06A-F146C3D6049C}.Debug|Any CPU.Build.0 = Debug|Any CPU
		{778F5749-D20E-4732-A06A-F146C3D6049C}.Debug|x64.ActiveCfg = Debug|Any CPU
		{778F5749-D20E-4732-A06A-F146C3D6049C}.Debug|x64.Build.0 = Debug|Any CPU
		{778F5749-D20E-4732-A06A-F146C3D6049C}.Debug|x86.ActiveCfg = Debug|Any CPU
		{778F5749-D20E-4732-A06A-F146C3D6049C}.Debug|x86.Build.0 = Debug|Any CPU
		{778F5749-D20E-4732-A06A-F146C3D6049C}.Release|Any CPU.ActiveCfg = Release|Any CPU
		{778F5749-D20E-4732-A06A-F146C3D6049C}.Release|Any CPU.Build.0 = Release|Any CPU
		{778F5749-D20E-4732-A06A-F146C3D6049C}.Release|x64.ActiveCfg = Release|Any CPU
		{778F5749-D20E-4732-A06A-F146C3D6049C}.Release|x64.Build.0 = Release|Any CPU
		{778F5749-D20E-4732-A06A-F146C3D6049C}.Release|x86.ActiveCfg = Release|Any CPU
		{778F5749-D20E-4732-A06A-F146C3D6049C}.Release|x86.Build.0 = Release|Any CPU
		{C866FE21-886E-49FD-9123-572FE613A5AC}.Debug|Any CPU.ActiveCfg = Debug|Any CPU
		{C866FE21-886E-49FD-9123-572FE613A5AC}.Debug|Any CPU.Build.0 = Debug|Any CPU
		{C866FE21-886E-49FD-9123-572FE613A5AC}.Debug|x64.ActiveCfg = Debug|Any CPU
		{C866FE21-886E-49FD-9123-572FE613A5AC}.Debug|x64.Build.0 = Debug|Any CPU
		{C866FE21-886E-49FD-9123-572FE613A5AC}.Debug|x86.ActiveCfg = Debug|Any CPU
		{C866FE21-886E-49FD-9123-572FE613A5AC}.Debug|x86.Build.0 = Debug|Any CPU
		{C866FE21-886E-49FD-9123-572FE613A5AC}.Release|Any CPU.ActiveCfg = Release|Any CPU
		{C866FE21-886E-49FD-9123-572FE613A5AC}.Release|Any CPU.Build.0 = Release|Any CPU
		{C866FE21-886E-49FD-9123-572FE613A5AC}.Release|x64.ActiveCfg = Release|Any CPU
		{C866FE21-886E-49FD-9123-572FE613A5AC}.Release|x64.Build.0 = Release|Any CPU
		{C866FE21-886E-49FD-9123-572FE613A5AC}.Release|x86.ActiveCfg = Release|Any CPU
		{C866FE21-886E-49FD-9123-572FE613A5AC}.Release|x86.Build.0 = Release|Any CPU
		{B87D4A61-7C07-49C6-920B-BAE7F959E2B8}.Debug|Any CPU.ActiveCfg = Debug|Any CPU
		{B87D4A61-7C07-49C6-920B-BAE7F959E2B8}.Debug|Any CPU.Build.0 = Debug|Any CPU
		{B87D4A61-7C07-49C6-920B-BAE7F959E2B8}.Debug|x64.ActiveCfg = Debug|Any CPU
		{B87D4A61-7C07-49C6-920B-BAE7F959E2B8}.Debug|x64.Build.0 = Debug|Any CPU
		{B87D4A61-7C07-49C6-920B-BAE7F959E2B8}.Debug|x86.ActiveCfg = Debug|Any CPU
		{B87D4A61-7C07-49C6-920B-BAE7F959E2B8}.Debug|x86.Build.0 = Debug|Any CPU
		{B87D4A61-7C07-49C6-920B-BAE7F959E2B8}.Release|Any CPU.ActiveCfg = Release|Any CPU
		{B87D4A61-7C07-49C6-920B-BAE7F959E2B8}.Release|Any CPU.Build.0 = Release|Any CPU
		{B87D4A61-7C07-49C6-920B-BAE7F959E2B8}.Release|x64.ActiveCfg = Release|Any CPU
		{B87D4A61-7C07-49C6-920B-BAE7F959E2B8}.Release|x64.Build.0 = Release|Any CPU
		{B87D4A61-7C07-49C6-920B-BAE7F959E2B8}.Release|x86.ActiveCfg = Release|Any CPU
		{B87D4A61-7C07-49C6-920B-BAE7F959E2B8}.Release|x86.Build.0 = Release|Any CPU
		{175A01A0-2ED0-41AF-8C88-EC39193CCEAD}.Debug|Any CPU.ActiveCfg = Debug|Any CPU
		{175A01A0-2ED0-41AF-8C88-EC39193CCEAD}.Debug|Any CPU.Build.0 = Debug|Any CPU
		{175A01A0-2ED0-41AF-8C88-EC39193CCEAD}.Debug|x64.ActiveCfg = Debug|Any CPU
		{175A01A0-2ED0-41AF-8C88-EC39193CCEAD}.Debug|x64.Build.0 = Debug|Any CPU
		{175A01A0-2ED0-41AF-8C88-EC39193CCEAD}.Debug|x86.ActiveCfg = Debug|Any CPU
		{175A01A0-2ED0-41AF-8C88-EC39193CCEAD}.Debug|x86.Build.0 = Debug|Any CPU
		{175A01A0-2ED0-41AF-8C88-EC39193CCEAD}.Release|Any CPU.ActiveCfg = Release|Any CPU
		{175A01A0-2ED0-41AF-8C88-EC39193CCEAD}.Release|Any CPU.Build.0 = Release|Any CPU
		{175A01A0-2ED0-41AF-8C88-EC39193CCEAD}.Release|x64.ActiveCfg = Release|Any CPU
		{175A01A0-2ED0-41AF-8C88-EC39193CCEAD}.Release|x64.Build.0 = Release|Any CPU
		{175A01A0-2ED0-41AF-8C88-EC39193CCEAD}.Release|x86.ActiveCfg = Release|Any CPU
		{175A01A0-2ED0-41AF-8C88-EC39193CCEAD}.Release|x86.Build.0 = Release|Any CPU
		{F4CC6528-70B2-4AD1-BFA1-2D4178302131}.Debug|Any CPU.ActiveCfg = Debug|Any CPU
		{F4CC6528-70B2-4AD1-BFA1-2D4178302131}.Debug|Any CPU.Build.0 = Debug|Any CPU
		{F4CC6528-70B2-4AD1-BFA1-2D4178302131}.Debug|x64.ActiveCfg = Debug|Any CPU
		{F4CC6528-70B2-4AD1-BFA1-2D4178302131}.Debug|x64.Build.0 = Debug|Any CPU
		{F4CC6528-70B2-4AD1-BFA1-2D4178302131}.Debug|x86.ActiveCfg = Debug|Any CPU
		{F4CC6528-70B2-4AD1-BFA1-2D4178302131}.Debug|x86.Build.0 = Debug|Any CPU
		{F4CC6528-70B2-4AD1-BFA1-2D4178302131}.Release|Any CPU.ActiveCfg = Release|Any CPU
		{F4CC6528-70B2-4AD1-BFA1-2D4178302131}.Release|Any CPU.Build.0 = Release|Any CPU
		{F4CC6528-70B2-4AD1-BFA1-2D4178302131}.Release|x64.ActiveCfg = Release|Any CPU
		{F4CC6528-70B2-4AD1-BFA1-2D4178302131}.Release|x64.Build.0 = Release|Any CPU
		{F4CC6528-70B2-4AD1-BFA1-2D4178302131}.Release|x86.ActiveCfg = Release|Any CPU
		{F4CC6528-70B2-4AD1-BFA1-2D4178302131}.Release|x86.Build.0 = Release|Any CPU
		{672C19EB-757F-49C2-8640-DD7B7F8BE32F}.Debug|Any CPU.ActiveCfg = Debug|Any CPU
		{672C19EB-757F-49C2-8640-DD7B7F8BE32F}.Debug|Any CPU.Build.0 = Debug|Any CPU
		{672C19EB-757F-49C2-8640-DD7B7F8BE32F}.Debug|x64.ActiveCfg = Debug|Any CPU
		{672C19EB-757F-49C2-8640-DD7B7F8BE32F}.Debug|x64.Build.0 = Debug|Any CPU
		{672C19EB-757F-49C2-8640-DD7B7F8BE32F}.Debug|x86.ActiveCfg = Debug|Any CPU
		{672C19EB-757F-49C2-8640-DD7B7F8BE32F}.Debug|x86.Build.0 = Debug|Any CPU
		{672C19EB-757F-49C2-8640-DD7B7F8BE32F}.Release|Any CPU.ActiveCfg = Release|Any CPU
		{672C19EB-757F-49C2-8640-DD7B7F8BE32F}.Release|Any CPU.Build.0 = Release|Any CPU
		{672C19EB-757F-49C2-8640-DD7B7F8BE32F}.Release|x64.ActiveCfg = Release|Any CPU
		{672C19EB-757F-49C2-8640-DD7B7F8BE32F}.Release|x64.Build.0 = Release|Any CPU
		{672C19EB-757F-49C2-8640-DD7B7F8BE32F}.Release|x86.ActiveCfg = Release|Any CPU
		{672C19EB-757F-49C2-8640-DD7B7F8BE32F}.Release|x86.Build.0 = Release|Any CPU
		{B6DA36D3-62A4-48BF-A273-4A679EC25C76}.Debug|Any CPU.ActiveCfg = Debug|Any CPU
		{B6DA36D3-62A4-48BF-A273-4A679EC25C76}.Debug|Any CPU.Build.0 = Debug|Any CPU
		{B6DA36D3-62A4-48BF-A273-4A679EC25C76}.Debug|x64.ActiveCfg = Debug|Any CPU
		{B6DA36D3-62A4-48BF-A273-4A679EC25C76}.Debug|x64.Build.0 = Debug|Any CPU
		{B6DA36D3-62A4-48BF-A273-4A679EC25C76}.Debug|x86.ActiveCfg = Debug|Any CPU
		{B6DA36D3-62A4-48BF-A273-4A679EC25C76}.Debug|x86.Build.0 = Debug|Any CPU
		{B6DA36D3-62A4-48BF-A273-4A679EC25C76}.Release|Any CPU.ActiveCfg = Release|Any CPU
		{B6DA36D3-62A4-48BF-A273-4A679EC25C76}.Release|Any CPU.Build.0 = Release|Any CPU
		{B6DA36D3-62A4-48BF-A273-4A679EC25C76}.Release|x64.ActiveCfg = Release|Any CPU
		{B6DA36D3-62A4-48BF-A273-4A679EC25C76}.Release|x64.Build.0 = Release|Any CPU
		{B6DA36D3-62A4-48BF-A273-4A679EC25C76}.Release|x86.ActiveCfg = Release|Any CPU
		{B6DA36D3-62A4-48BF-A273-4A679EC25C76}.Release|x86.Build.0 = Release|Any CPU
		{86715D1B-B1A4-4334-8B63-2FCA850DDC6B}.Debug|Any CPU.ActiveCfg = Debug|Any CPU
		{86715D1B-B1A4-4334-8B63-2FCA850DDC6B}.Debug|Any CPU.Build.0 = Debug|Any CPU
		{86715D1B-B1A4-4334-8B63-2FCA850DDC6B}.Debug|x64.ActiveCfg = Debug|Any CPU
		{86715D1B-B1A4-4334-8B63-2FCA850DDC6B}.Debug|x64.Build.0 = Debug|Any CPU
		{86715D1B-B1A4-4334-8B63-2FCA850DDC6B}.Debug|x86.ActiveCfg = Debug|Any CPU
		{86715D1B-B1A4-4334-8B63-2FCA850DDC6B}.Debug|x86.Build.0 = Debug|Any CPU
		{86715D1B-B1A4-4334-8B63-2FCA850DDC6B}.Release|Any CPU.ActiveCfg = Release|Any CPU
		{86715D1B-B1A4-4334-8B63-2FCA850DDC6B}.Release|Any CPU.Build.0 = Release|Any CPU
		{86715D1B-B1A4-4334-8B63-2FCA850DDC6B}.Release|x64.ActiveCfg = Release|Any CPU
		{86715D1B-B1A4-4334-8B63-2FCA850DDC6B}.Release|x64.Build.0 = Release|Any CPU
		{86715D1B-B1A4-4334-8B63-2FCA850DDC6B}.Release|x86.ActiveCfg = Release|Any CPU
		{86715D1B-B1A4-4334-8B63-2FCA850DDC6B}.Release|x86.Build.0 = Release|Any CPU
		{7E1DE76F-2CC7-433D-91E4-F0D042AB4970}.Debug|Any CPU.ActiveCfg = Debug|Any CPU
		{7E1DE76F-2CC7-433D-91E4-F0D042AB4970}.Debug|Any CPU.Build.0 = Debug|Any CPU
		{7E1DE76F-2CC7-433D-91E4-F0D042AB4970}.Debug|x64.ActiveCfg = Debug|Any CPU
		{7E1DE76F-2CC7-433D-91E4-F0D042AB4970}.Debug|x64.Build.0 = Debug|Any CPU
		{7E1DE76F-2CC7-433D-91E4-F0D042AB4970}.Debug|x86.ActiveCfg = Debug|Any CPU
		{7E1DE76F-2CC7-433D-91E4-F0D042AB4970}.Debug|x86.Build.0 = Debug|Any CPU
		{7E1DE76F-2CC7-433D-91E4-F0D042AB4970}.Release|Any CPU.ActiveCfg = Release|Any CPU
		{7E1DE76F-2CC7-433D-91E4-F0D042AB4970}.Release|Any CPU.Build.0 = Release|Any CPU
		{7E1DE76F-2CC7-433D-91E4-F0D042AB4970}.Release|x64.ActiveCfg = Release|Any CPU
		{7E1DE76F-2CC7-433D-91E4-F0D042AB4970}.Release|x64.Build.0 = Release|Any CPU
		{7E1DE76F-2CC7-433D-91E4-F0D042AB4970}.Release|x86.ActiveCfg = Release|Any CPU
		{7E1DE76F-2CC7-433D-91E4-F0D042AB4970}.Release|x86.Build.0 = Release|Any CPU
		{CB549014-46E8-4B73-9238-384903C304DA}.Debug|Any CPU.ActiveCfg = Debug|Any CPU
		{CB549014-46E8-4B73-9238-384903C304DA}.Debug|Any CPU.Build.0 = Debug|Any CPU
		{CB549014-46E8-4B73-9238-384903C304DA}.Debug|x64.ActiveCfg = Debug|Any CPU
		{CB549014-46E8-4B73-9238-384903C304DA}.Debug|x64.Build.0 = Debug|Any CPU
		{CB549014-46E8-4B73-9238-384903C304DA}.Debug|x86.ActiveCfg = Debug|Any CPU
		{CB549014-46E8-4B73-9238-384903C304DA}.Debug|x86.Build.0 = Debug|Any CPU
		{CB549014-46E8-4B73-9238-384903C304DA}.Release|Any CPU.ActiveCfg = Release|Any CPU
		{CB549014-46E8-4B73-9238-384903C304DA}.Release|Any CPU.Build.0 = Release|Any CPU
		{CB549014-46E8-4B73-9238-384903C304DA}.Release|x64.ActiveCfg = Release|Any CPU
		{CB549014-46E8-4B73-9238-384903C304DA}.Release|x64.Build.0 = Release|Any CPU
		{CB549014-46E8-4B73-9238-384903C304DA}.Release|x86.ActiveCfg = Release|Any CPU
		{CB549014-46E8-4B73-9238-384903C304DA}.Release|x86.Build.0 = Release|Any CPU
		{BA39E2E2-7DD7-44EF-9FEF-7B44058FB52D}.Debug|Any CPU.ActiveCfg = Debug|Any CPU
		{BA39E2E2-7DD7-44EF-9FEF-7B44058FB52D}.Debug|Any CPU.Build.0 = Debug|Any CPU
		{BA39E2E2-7DD7-44EF-9FEF-7B44058FB52D}.Debug|x64.ActiveCfg = Debug|Any CPU
		{BA39E2E2-7DD7-44EF-9FEF-7B44058FB52D}.Debug|x64.Build.0 = Debug|Any CPU
		{BA39E2E2-7DD7-44EF-9FEF-7B44058FB52D}.Debug|x86.ActiveCfg = Debug|Any CPU
		{BA39E2E2-7DD7-44EF-9FEF-7B44058FB52D}.Debug|x86.Build.0 = Debug|Any CPU
		{BA39E2E2-7DD7-44EF-9FEF-7B44058FB52D}.Release|Any CPU.ActiveCfg = Release|Any CPU
		{BA39E2E2-7DD7-44EF-9FEF-7B44058FB52D}.Release|Any CPU.Build.0 = Release|Any CPU
		{BA39E2E2-7DD7-44EF-9FEF-7B44058FB52D}.Release|x64.ActiveCfg = Release|Any CPU
		{BA39E2E2-7DD7-44EF-9FEF-7B44058FB52D}.Release|x64.Build.0 = Release|Any CPU
		{BA39E2E2-7DD7-44EF-9FEF-7B44058FB52D}.Release|x86.ActiveCfg = Release|Any CPU
		{BA39E2E2-7DD7-44EF-9FEF-7B44058FB52D}.Release|x86.Build.0 = Release|Any CPU
		{E97F6E4E-881B-48DF-AB7D-7B03798218F5}.Debug|Any CPU.ActiveCfg = Debug|Any CPU
		{E97F6E4E-881B-48DF-AB7D-7B03798218F5}.Debug|Any CPU.Build.0 = Debug|Any CPU
		{E97F6E4E-881B-48DF-AB7D-7B03798218F5}.Debug|x64.ActiveCfg = Debug|Any CPU
		{E97F6E4E-881B-48DF-AB7D-7B03798218F5}.Debug|x64.Build.0 = Debug|Any CPU
		{E97F6E4E-881B-48DF-AB7D-7B03798218F5}.Debug|x86.ActiveCfg = Debug|Any CPU
		{E97F6E4E-881B-48DF-AB7D-7B03798218F5}.Debug|x86.Build.0 = Debug|Any CPU
		{E97F6E4E-881B-48DF-AB7D-7B03798218F5}.Release|Any CPU.ActiveCfg = Release|Any CPU
		{E97F6E4E-881B-48DF-AB7D-7B03798218F5}.Release|Any CPU.Build.0 = Release|Any CPU
		{E97F6E4E-881B-48DF-AB7D-7B03798218F5}.Release|x64.ActiveCfg = Release|Any CPU
		{E97F6E4E-881B-48DF-AB7D-7B03798218F5}.Release|x64.Build.0 = Release|Any CPU
		{E97F6E4E-881B-48DF-AB7D-7B03798218F5}.Release|x86.ActiveCfg = Release|Any CPU
		{E97F6E4E-881B-48DF-AB7D-7B03798218F5}.Release|x86.Build.0 = Release|Any CPU
		{8D9B6C6D-6CC9-4024-8089-B04AFD69BCE3}.Debug|Any CPU.ActiveCfg = Debug|Any CPU
		{8D9B6C6D-6CC9-4024-8089-B04AFD69BCE3}.Debug|Any CPU.Build.0 = Debug|Any CPU
		{8D9B6C6D-6CC9-4024-8089-B04AFD69BCE3}.Debug|x64.ActiveCfg = Debug|Any CPU
		{8D9B6C6D-6CC9-4024-8089-B04AFD69BCE3}.Debug|x64.Build.0 = Debug|Any CPU
		{8D9B6C6D-6CC9-4024-8089-B04AFD69BCE3}.Debug|x86.ActiveCfg = Debug|Any CPU
		{8D9B6C6D-6CC9-4024-8089-B04AFD69BCE3}.Debug|x86.Build.0 = Debug|Any CPU
		{8D9B6C6D-6CC9-4024-8089-B04AFD69BCE3}.Release|Any CPU.ActiveCfg = Release|Any CPU
		{8D9B6C6D-6CC9-4024-8089-B04AFD69BCE3}.Release|Any CPU.Build.0 = Release|Any CPU
		{8D9B6C6D-6CC9-4024-8089-B04AFD69BCE3}.Release|x64.ActiveCfg = Release|Any CPU
		{8D9B6C6D-6CC9-4024-8089-B04AFD69BCE3}.Release|x64.Build.0 = Release|Any CPU
		{8D9B6C6D-6CC9-4024-8089-B04AFD69BCE3}.Release|x86.ActiveCfg = Release|Any CPU
		{8D9B6C6D-6CC9-4024-8089-B04AFD69BCE3}.Release|x86.Build.0 = Release|Any CPU
		{0AA013CE-F42F-42E1-AC97-CD823F10DEC7}.Debug|Any CPU.ActiveCfg = Debug|Any CPU
		{0AA013CE-F42F-42E1-AC97-CD823F10DEC7}.Debug|Any CPU.Build.0 = Debug|Any CPU
		{0AA013CE-F42F-42E1-AC97-CD823F10DEC7}.Debug|x64.ActiveCfg = Debug|Any CPU
		{0AA013CE-F42F-42E1-AC97-CD823F10DEC7}.Debug|x64.Build.0 = Debug|Any CPU
		{0AA013CE-F42F-42E1-AC97-CD823F10DEC7}.Debug|x86.ActiveCfg = Debug|Any CPU
		{0AA013CE-F42F-42E1-AC97-CD823F10DEC7}.Debug|x86.Build.0 = Debug|Any CPU
		{0AA013CE-F42F-42E1-AC97-CD823F10DEC7}.Release|Any CPU.ActiveCfg = Release|Any CPU
		{0AA013CE-F42F-42E1-AC97-CD823F10DEC7}.Release|Any CPU.Build.0 = Release|Any CPU
		{0AA013CE-F42F-42E1-AC97-CD823F10DEC7}.Release|x64.ActiveCfg = Release|Any CPU
		{0AA013CE-F42F-42E1-AC97-CD823F10DEC7}.Release|x64.Build.0 = Release|Any CPU
		{0AA013CE-F42F-42E1-AC97-CD823F10DEC7}.Release|x86.ActiveCfg = Release|Any CPU
		{0AA013CE-F42F-42E1-AC97-CD823F10DEC7}.Release|x86.Build.0 = Release|Any CPU
		{B75E3E3A-DBA8-48F5-BE8F-7D5BB5E0CD3C}.Debug|Any CPU.ActiveCfg = Debug|Any CPU
		{B75E3E3A-DBA8-48F5-BE8F-7D5BB5E0CD3C}.Debug|Any CPU.Build.0 = Debug|Any CPU
		{B75E3E3A-DBA8-48F5-BE8F-7D5BB5E0CD3C}.Debug|x64.ActiveCfg = Debug|Any CPU
		{B75E3E3A-DBA8-48F5-BE8F-7D5BB5E0CD3C}.Debug|x64.Build.0 = Debug|Any CPU
		{B75E3E3A-DBA8-48F5-BE8F-7D5BB5E0CD3C}.Debug|x86.ActiveCfg = Debug|Any CPU
		{B75E3E3A-DBA8-48F5-BE8F-7D5BB5E0CD3C}.Debug|x86.Build.0 = Debug|Any CPU
		{B75E3E3A-DBA8-48F5-BE8F-7D5BB5E0CD3C}.Release|Any CPU.ActiveCfg = Release|Any CPU
		{B75E3E3A-DBA8-48F5-BE8F-7D5BB5E0CD3C}.Release|Any CPU.Build.0 = Release|Any CPU
		{B75E3E3A-DBA8-48F5-BE8F-7D5BB5E0CD3C}.Release|x64.ActiveCfg = Release|Any CPU
		{B75E3E3A-DBA8-48F5-BE8F-7D5BB5E0CD3C}.Release|x64.Build.0 = Release|Any CPU
		{B75E3E3A-DBA8-48F5-BE8F-7D5BB5E0CD3C}.Release|x86.ActiveCfg = Release|Any CPU
		{B75E3E3A-DBA8-48F5-BE8F-7D5BB5E0CD3C}.Release|x86.Build.0 = Release|Any CPU
		{DF6222A0-3636-4BFB-B21E-F10EFC937508}.Debug|Any CPU.ActiveCfg = Debug|Any CPU
		{DF6222A0-3636-4BFB-B21E-F10EFC937508}.Debug|Any CPU.Build.0 = Debug|Any CPU
		{DF6222A0-3636-4BFB-B21E-F10EFC937508}.Debug|x64.ActiveCfg = Debug|Any CPU
		{DF6222A0-3636-4BFB-B21E-F10EFC937508}.Debug|x64.Build.0 = Debug|Any CPU
		{DF6222A0-3636-4BFB-B21E-F10EFC937508}.Debug|x86.ActiveCfg = Debug|Any CPU
		{DF6222A0-3636-4BFB-B21E-F10EFC937508}.Debug|x86.Build.0 = Debug|Any CPU
		{DF6222A0-3636-4BFB-B21E-F10EFC937508}.Release|Any CPU.ActiveCfg = Release|Any CPU
		{DF6222A0-3636-4BFB-B21E-F10EFC937508}.Release|Any CPU.Build.0 = Release|Any CPU
		{DF6222A0-3636-4BFB-B21E-F10EFC937508}.Release|x64.ActiveCfg = Release|Any CPU
		{DF6222A0-3636-4BFB-B21E-F10EFC937508}.Release|x64.Build.0 = Release|Any CPU
		{DF6222A0-3636-4BFB-B21E-F10EFC937508}.Release|x86.ActiveCfg = Release|Any CPU
		{DF6222A0-3636-4BFB-B21E-F10EFC937508}.Release|x86.Build.0 = Release|Any CPU
		{F12553AA-BD8B-4DBE-B310-A8C9611BA627}.Debug|Any CPU.ActiveCfg = Debug|Any CPU
		{F12553AA-BD8B-4DBE-B310-A8C9611BA627}.Debug|Any CPU.Build.0 = Debug|Any CPU
		{F12553AA-BD8B-4DBE-B310-A8C9611BA627}.Debug|x64.ActiveCfg = Debug|Any CPU
		{F12553AA-BD8B-4DBE-B310-A8C9611BA627}.Debug|x64.Build.0 = Debug|Any CPU
		{F12553AA-BD8B-4DBE-B310-A8C9611BA627}.Debug|x86.ActiveCfg = Debug|Any CPU
		{F12553AA-BD8B-4DBE-B310-A8C9611BA627}.Debug|x86.Build.0 = Debug|Any CPU
		{F12553AA-BD8B-4DBE-B310-A8C9611BA627}.Release|Any CPU.ActiveCfg = Release|Any CPU
		{F12553AA-BD8B-4DBE-B310-A8C9611BA627}.Release|Any CPU.Build.0 = Release|Any CPU
		{F12553AA-BD8B-4DBE-B310-A8C9611BA627}.Release|x64.ActiveCfg = Release|Any CPU
		{F12553AA-BD8B-4DBE-B310-A8C9611BA627}.Release|x64.Build.0 = Release|Any CPU
		{F12553AA-BD8B-4DBE-B310-A8C9611BA627}.Release|x86.ActiveCfg = Release|Any CPU
		{F12553AA-BD8B-4DBE-B310-A8C9611BA627}.Release|x86.Build.0 = Release|Any CPU
		{0F5AF895-EDDF-4F22-BD8B-BB9B3F448C64}.Debug|Any CPU.ActiveCfg = Debug|Any CPU
		{0F5AF895-EDDF-4F22-BD8B-BB9B3F448C64}.Debug|Any CPU.Build.0 = Debug|Any CPU
		{0F5AF895-EDDF-4F22-BD8B-BB9B3F448C64}.Debug|x64.ActiveCfg = Debug|Any CPU
		{0F5AF895-EDDF-4F22-BD8B-BB9B3F448C64}.Debug|x64.Build.0 = Debug|Any CPU
		{0F5AF895-EDDF-4F22-BD8B-BB9B3F448C64}.Debug|x86.ActiveCfg = Debug|Any CPU
		{0F5AF895-EDDF-4F22-BD8B-BB9B3F448C64}.Debug|x86.Build.0 = Debug|Any CPU
		{0F5AF895-EDDF-4F22-BD8B-BB9B3F448C64}.Release|Any CPU.ActiveCfg = Release|Any CPU
		{0F5AF895-EDDF-4F22-BD8B-BB9B3F448C64}.Release|Any CPU.Build.0 = Release|Any CPU
		{0F5AF895-EDDF-4F22-BD8B-BB9B3F448C64}.Release|x64.ActiveCfg = Release|Any CPU
		{0F5AF895-EDDF-4F22-BD8B-BB9B3F448C64}.Release|x64.Build.0 = Release|Any CPU
		{0F5AF895-EDDF-4F22-BD8B-BB9B3F448C64}.Release|x86.ActiveCfg = Release|Any CPU
		{0F5AF895-EDDF-4F22-BD8B-BB9B3F448C64}.Release|x86.Build.0 = Release|Any CPU
		{8D61AE41-1BD9-48D8-A871-64263D2336AF}.Debug|Any CPU.ActiveCfg = Debug|Any CPU
		{8D61AE41-1BD9-48D8-A871-64263D2336AF}.Debug|Any CPU.Build.0 = Debug|Any CPU
		{8D61AE41-1BD9-48D8-A871-64263D2336AF}.Debug|x64.ActiveCfg = Debug|Any CPU
		{8D61AE41-1BD9-48D8-A871-64263D2336AF}.Debug|x64.Build.0 = Debug|Any CPU
		{8D61AE41-1BD9-48D8-A871-64263D2336AF}.Debug|x86.ActiveCfg = Debug|Any CPU
		{8D61AE41-1BD9-48D8-A871-64263D2336AF}.Debug|x86.Build.0 = Debug|Any CPU
		{8D61AE41-1BD9-48D8-A871-64263D2336AF}.Release|Any CPU.ActiveCfg = Release|Any CPU
		{8D61AE41-1BD9-48D8-A871-64263D2336AF}.Release|Any CPU.Build.0 = Release|Any CPU
		{8D61AE41-1BD9-48D8-A871-64263D2336AF}.Release|x64.ActiveCfg = Release|Any CPU
		{8D61AE41-1BD9-48D8-A871-64263D2336AF}.Release|x64.Build.0 = Release|Any CPU
		{8D61AE41-1BD9-48D8-A871-64263D2336AF}.Release|x86.ActiveCfg = Release|Any CPU
		{8D61AE41-1BD9-48D8-A871-64263D2336AF}.Release|x86.Build.0 = Release|Any CPU
		{7A203180-C4DC-49DB-9DAB-ECCB924B92C6}.Debug|Any CPU.ActiveCfg = Debug|Any CPU
		{7A203180-C4DC-49DB-9DAB-ECCB924B92C6}.Debug|Any CPU.Build.0 = Debug|Any CPU
		{7A203180-C4DC-49DB-9DAB-ECCB924B92C6}.Debug|x64.ActiveCfg = Debug|Any CPU
		{7A203180-C4DC-49DB-9DAB-ECCB924B92C6}.Debug|x64.Build.0 = Debug|Any CPU
		{7A203180-C4DC-49DB-9DAB-ECCB924B92C6}.Debug|x86.ActiveCfg = Debug|Any CPU
		{7A203180-C4DC-49DB-9DAB-ECCB924B92C6}.Debug|x86.Build.0 = Debug|Any CPU
		{7A203180-C4DC-49DB-9DAB-ECCB924B92C6}.Release|Any CPU.ActiveCfg = Release|Any CPU
		{7A203180-C4DC-49DB-9DAB-ECCB924B92C6}.Release|Any CPU.Build.0 = Release|Any CPU
		{7A203180-C4DC-49DB-9DAB-ECCB924B92C6}.Release|x64.ActiveCfg = Release|Any CPU
		{7A203180-C4DC-49DB-9DAB-ECCB924B92C6}.Release|x64.Build.0 = Release|Any CPU
		{7A203180-C4DC-49DB-9DAB-ECCB924B92C6}.Release|x86.ActiveCfg = Release|Any CPU
		{7A203180-C4DC-49DB-9DAB-ECCB924B92C6}.Release|x86.Build.0 = Release|Any CPU
		{3F5A6C34-28CA-4DB4-9366-A95ABCC25FED}.Debug|Any CPU.ActiveCfg = Debug|Any CPU
		{3F5A6C34-28CA-4DB4-9366-A95ABCC25FED}.Debug|Any CPU.Build.0 = Debug|Any CPU
		{3F5A6C34-28CA-4DB4-9366-A95ABCC25FED}.Debug|x64.ActiveCfg = Debug|Any CPU
		{3F5A6C34-28CA-4DB4-9366-A95ABCC25FED}.Debug|x64.Build.0 = Debug|Any CPU
		{3F5A6C34-28CA-4DB4-9366-A95ABCC25FED}.Debug|x86.ActiveCfg = Debug|Any CPU
		{3F5A6C34-28CA-4DB4-9366-A95ABCC25FED}.Debug|x86.Build.0 = Debug|Any CPU
		{3F5A6C34-28CA-4DB4-9366-A95ABCC25FED}.Release|Any CPU.ActiveCfg = Release|Any CPU
		{3F5A6C34-28CA-4DB4-9366-A95ABCC25FED}.Release|Any CPU.Build.0 = Release|Any CPU
		{3F5A6C34-28CA-4DB4-9366-A95ABCC25FED}.Release|x64.ActiveCfg = Release|Any CPU
		{3F5A6C34-28CA-4DB4-9366-A95ABCC25FED}.Release|x64.Build.0 = Release|Any CPU
		{3F5A6C34-28CA-4DB4-9366-A95ABCC25FED}.Release|x86.ActiveCfg = Release|Any CPU
		{3F5A6C34-28CA-4DB4-9366-A95ABCC25FED}.Release|x86.Build.0 = Release|Any CPU
		{0DAFB7AD-A0DA-4BF8-8166-DF94F44572CA}.Debug|Any CPU.ActiveCfg = Debug|Any CPU
		{0DAFB7AD-A0DA-4BF8-8166-DF94F44572CA}.Debug|Any CPU.Build.0 = Debug|Any CPU
		{0DAFB7AD-A0DA-4BF8-8166-DF94F44572CA}.Debug|x64.ActiveCfg = Debug|Any CPU
		{0DAFB7AD-A0DA-4BF8-8166-DF94F44572CA}.Debug|x64.Build.0 = Debug|Any CPU
		{0DAFB7AD-A0DA-4BF8-8166-DF94F44572CA}.Debug|x86.ActiveCfg = Debug|Any CPU
		{0DAFB7AD-A0DA-4BF8-8166-DF94F44572CA}.Debug|x86.Build.0 = Debug|Any CPU
		{0DAFB7AD-A0DA-4BF8-8166-DF94F44572CA}.Release|Any CPU.ActiveCfg = Release|Any CPU
		{0DAFB7AD-A0DA-4BF8-8166-DF94F44572CA}.Release|Any CPU.Build.0 = Release|Any CPU
		{0DAFB7AD-A0DA-4BF8-8166-DF94F44572CA}.Release|x64.ActiveCfg = Release|Any CPU
		{0DAFB7AD-A0DA-4BF8-8166-DF94F44572CA}.Release|x64.Build.0 = Release|Any CPU
		{0DAFB7AD-A0DA-4BF8-8166-DF94F44572CA}.Release|x86.ActiveCfg = Release|Any CPU
		{0DAFB7AD-A0DA-4BF8-8166-DF94F44572CA}.Release|x86.Build.0 = Release|Any CPU
		{C88A594F-F25B-41F9-8B9E-3C8C05BC096D}.Debug|Any CPU.ActiveCfg = Debug|Any CPU
		{C88A594F-F25B-41F9-8B9E-3C8C05BC096D}.Debug|Any CPU.Build.0 = Debug|Any CPU
		{C88A594F-F25B-41F9-8B9E-3C8C05BC096D}.Debug|x64.ActiveCfg = Debug|Any CPU
		{C88A594F-F25B-41F9-8B9E-3C8C05BC096D}.Debug|x64.Build.0 = Debug|Any CPU
		{C88A594F-F25B-41F9-8B9E-3C8C05BC096D}.Debug|x86.ActiveCfg = Debug|Any CPU
		{C88A594F-F25B-41F9-8B9E-3C8C05BC096D}.Debug|x86.Build.0 = Debug|Any CPU
		{C88A594F-F25B-41F9-8B9E-3C8C05BC096D}.Release|Any CPU.ActiveCfg = Release|Any CPU
		{C88A594F-F25B-41F9-8B9E-3C8C05BC096D}.Release|Any CPU.Build.0 = Release|Any CPU
		{C88A594F-F25B-41F9-8B9E-3C8C05BC096D}.Release|x64.ActiveCfg = Release|Any CPU
		{C88A594F-F25B-41F9-8B9E-3C8C05BC096D}.Release|x64.Build.0 = Release|Any CPU
		{C88A594F-F25B-41F9-8B9E-3C8C05BC096D}.Release|x86.ActiveCfg = Release|Any CPU
		{C88A594F-F25B-41F9-8B9E-3C8C05BC096D}.Release|x86.Build.0 = Release|Any CPU
		{A2389664-011F-4A48-873F-F55FCB277E29}.Debug|Any CPU.ActiveCfg = Debug|Any CPU
		{A2389664-011F-4A48-873F-F55FCB277E29}.Debug|Any CPU.Build.0 = Debug|Any CPU
		{A2389664-011F-4A48-873F-F55FCB277E29}.Debug|x64.ActiveCfg = Debug|Any CPU
		{A2389664-011F-4A48-873F-F55FCB277E29}.Debug|x64.Build.0 = Debug|Any CPU
		{A2389664-011F-4A48-873F-F55FCB277E29}.Debug|x86.ActiveCfg = Debug|Any CPU
		{A2389664-011F-4A48-873F-F55FCB277E29}.Debug|x86.Build.0 = Debug|Any CPU
		{A2389664-011F-4A48-873F-F55FCB277E29}.Release|Any CPU.ActiveCfg = Release|Any CPU
		{A2389664-011F-4A48-873F-F55FCB277E29}.Release|Any CPU.Build.0 = Release|Any CPU
		{A2389664-011F-4A48-873F-F55FCB277E29}.Release|x64.ActiveCfg = Release|Any CPU
		{A2389664-011F-4A48-873F-F55FCB277E29}.Release|x64.Build.0 = Release|Any CPU
		{A2389664-011F-4A48-873F-F55FCB277E29}.Release|x86.ActiveCfg = Release|Any CPU
		{A2389664-011F-4A48-873F-F55FCB277E29}.Release|x86.Build.0 = Release|Any CPU
		{591153A0-2249-48AB-986B-BF0F78589446}.Debug|Any CPU.ActiveCfg = Debug|Any CPU
		{591153A0-2249-48AB-986B-BF0F78589446}.Debug|Any CPU.Build.0 = Debug|Any CPU
		{591153A0-2249-48AB-986B-BF0F78589446}.Debug|x64.ActiveCfg = Debug|Any CPU
		{591153A0-2249-48AB-986B-BF0F78589446}.Debug|x64.Build.0 = Debug|Any CPU
		{591153A0-2249-48AB-986B-BF0F78589446}.Debug|x86.ActiveCfg = Debug|Any CPU
		{591153A0-2249-48AB-986B-BF0F78589446}.Debug|x86.Build.0 = Debug|Any CPU
		{591153A0-2249-48AB-986B-BF0F78589446}.Release|Any CPU.ActiveCfg = Release|Any CPU
		{591153A0-2249-48AB-986B-BF0F78589446}.Release|Any CPU.Build.0 = Release|Any CPU
		{591153A0-2249-48AB-986B-BF0F78589446}.Release|x64.ActiveCfg = Release|Any CPU
		{591153A0-2249-48AB-986B-BF0F78589446}.Release|x64.Build.0 = Release|Any CPU
		{591153A0-2249-48AB-986B-BF0F78589446}.Release|x86.ActiveCfg = Release|Any CPU
		{591153A0-2249-48AB-986B-BF0F78589446}.Release|x86.Build.0 = Release|Any CPU
		{3DA472F9-26BE-4DD0-8139-91B85F836D54}.Debug|Any CPU.ActiveCfg = Debug|Any CPU
		{3DA472F9-26BE-4DD0-8139-91B85F836D54}.Debug|Any CPU.Build.0 = Debug|Any CPU
		{3DA472F9-26BE-4DD0-8139-91B85F836D54}.Debug|x64.ActiveCfg = Debug|Any CPU
		{3DA472F9-26BE-4DD0-8139-91B85F836D54}.Debug|x64.Build.0 = Debug|Any CPU
		{3DA472F9-26BE-4DD0-8139-91B85F836D54}.Debug|x86.ActiveCfg = Debug|Any CPU
		{3DA472F9-26BE-4DD0-8139-91B85F836D54}.Debug|x86.Build.0 = Debug|Any CPU
		{3DA472F9-26BE-4DD0-8139-91B85F836D54}.Release|Any CPU.ActiveCfg = Release|Any CPU
		{3DA472F9-26BE-4DD0-8139-91B85F836D54}.Release|Any CPU.Build.0 = Release|Any CPU
		{3DA472F9-26BE-4DD0-8139-91B85F836D54}.Release|x64.ActiveCfg = Release|Any CPU
		{3DA472F9-26BE-4DD0-8139-91B85F836D54}.Release|x64.Build.0 = Release|Any CPU
		{3DA472F9-26BE-4DD0-8139-91B85F836D54}.Release|x86.ActiveCfg = Release|Any CPU
		{3DA472F9-26BE-4DD0-8139-91B85F836D54}.Release|x86.Build.0 = Release|Any CPU
		{7A6C8B6B-62C1-4B7A-A150-2BC9D36620CF}.Debug|Any CPU.ActiveCfg = Debug|Any CPU
		{7A6C8B6B-62C1-4B7A-A150-2BC9D36620CF}.Debug|Any CPU.Build.0 = Debug|Any CPU
		{7A6C8B6B-62C1-4B7A-A150-2BC9D36620CF}.Debug|x64.ActiveCfg = Debug|Any CPU
		{7A6C8B6B-62C1-4B7A-A150-2BC9D36620CF}.Debug|x64.Build.0 = Debug|Any CPU
		{7A6C8B6B-62C1-4B7A-A150-2BC9D36620CF}.Debug|x86.ActiveCfg = Debug|Any CPU
		{7A6C8B6B-62C1-4B7A-A150-2BC9D36620CF}.Debug|x86.Build.0 = Debug|Any CPU
		{7A6C8B6B-62C1-4B7A-A150-2BC9D36620CF}.Release|Any CPU.ActiveCfg = Release|Any CPU
		{7A6C8B6B-62C1-4B7A-A150-2BC9D36620CF}.Release|Any CPU.Build.0 = Release|Any CPU
		{7A6C8B6B-62C1-4B7A-A150-2BC9D36620CF}.Release|x64.ActiveCfg = Release|Any CPU
		{7A6C8B6B-62C1-4B7A-A150-2BC9D36620CF}.Release|x64.Build.0 = Release|Any CPU
		{7A6C8B6B-62C1-4B7A-A150-2BC9D36620CF}.Release|x86.ActiveCfg = Release|Any CPU
		{7A6C8B6B-62C1-4B7A-A150-2BC9D36620CF}.Release|x86.Build.0 = Release|Any CPU
		{D845C77F-84A2-4261-A1B0-C198460A27B7}.Debug|Any CPU.ActiveCfg = Debug|Any CPU
		{D845C77F-84A2-4261-A1B0-C198460A27B7}.Debug|Any CPU.Build.0 = Debug|Any CPU
		{D845C77F-84A2-4261-A1B0-C198460A27B7}.Debug|x64.ActiveCfg = Debug|Any CPU
		{D845C77F-84A2-4261-A1B0-C198460A27B7}.Debug|x64.Build.0 = Debug|Any CPU
		{D845C77F-84A2-4261-A1B0-C198460A27B7}.Debug|x86.ActiveCfg = Debug|Any CPU
		{D845C77F-84A2-4261-A1B0-C198460A27B7}.Debug|x86.Build.0 = Debug|Any CPU
		{D845C77F-84A2-4261-A1B0-C198460A27B7}.Release|Any CPU.ActiveCfg = Release|Any CPU
		{D845C77F-84A2-4261-A1B0-C198460A27B7}.Release|Any CPU.Build.0 = Release|Any CPU
		{D845C77F-84A2-4261-A1B0-C198460A27B7}.Release|x64.ActiveCfg = Release|Any CPU
		{D845C77F-84A2-4261-A1B0-C198460A27B7}.Release|x64.Build.0 = Release|Any CPU
		{D845C77F-84A2-4261-A1B0-C198460A27B7}.Release|x86.ActiveCfg = Release|Any CPU
		{D845C77F-84A2-4261-A1B0-C198460A27B7}.Release|x86.Build.0 = Release|Any CPU
		{56D020C9-A09E-48EF-9718-F769BBA7EBCD}.Debug|Any CPU.ActiveCfg = Debug|Any CPU
		{56D020C9-A09E-48EF-9718-F769BBA7EBCD}.Debug|Any CPU.Build.0 = Debug|Any CPU
		{56D020C9-A09E-48EF-9718-F769BBA7EBCD}.Debug|x64.ActiveCfg = Debug|Any CPU
		{56D020C9-A09E-48EF-9718-F769BBA7EBCD}.Debug|x64.Build.0 = Debug|Any CPU
		{56D020C9-A09E-48EF-9718-F769BBA7EBCD}.Debug|x86.ActiveCfg = Debug|Any CPU
		{56D020C9-A09E-48EF-9718-F769BBA7EBCD}.Debug|x86.Build.0 = Debug|Any CPU
		{56D020C9-A09E-48EF-9718-F769BBA7EBCD}.Release|Any CPU.ActiveCfg = Release|Any CPU
		{56D020C9-A09E-48EF-9718-F769BBA7EBCD}.Release|Any CPU.Build.0 = Release|Any CPU
		{56D020C9-A09E-48EF-9718-F769BBA7EBCD}.Release|x64.ActiveCfg = Release|Any CPU
		{56D020C9-A09E-48EF-9718-F769BBA7EBCD}.Release|x64.Build.0 = Release|Any CPU
		{56D020C9-A09E-48EF-9718-F769BBA7EBCD}.Release|x86.ActiveCfg = Release|Any CPU
		{56D020C9-A09E-48EF-9718-F769BBA7EBCD}.Release|x86.Build.0 = Release|Any CPU
		{06A58699-769A-4C11-8E9D-0840A7BC5DD0}.Debug|Any CPU.ActiveCfg = Debug|Any CPU
		{06A58699-769A-4C11-8E9D-0840A7BC5DD0}.Debug|Any CPU.Build.0 = Debug|Any CPU
		{06A58699-769A-4C11-8E9D-0840A7BC5DD0}.Debug|x64.ActiveCfg = Debug|Any CPU
		{06A58699-769A-4C11-8E9D-0840A7BC5DD0}.Debug|x64.Build.0 = Debug|Any CPU
		{06A58699-769A-4C11-8E9D-0840A7BC5DD0}.Debug|x86.ActiveCfg = Debug|Any CPU
		{06A58699-769A-4C11-8E9D-0840A7BC5DD0}.Debug|x86.Build.0 = Debug|Any CPU
		{06A58699-769A-4C11-8E9D-0840A7BC5DD0}.Release|Any CPU.ActiveCfg = Release|Any CPU
		{06A58699-769A-4C11-8E9D-0840A7BC5DD0}.Release|Any CPU.Build.0 = Release|Any CPU
		{06A58699-769A-4C11-8E9D-0840A7BC5DD0}.Release|x64.ActiveCfg = Release|Any CPU
		{06A58699-769A-4C11-8E9D-0840A7BC5DD0}.Release|x64.Build.0 = Release|Any CPU
		{06A58699-769A-4C11-8E9D-0840A7BC5DD0}.Release|x86.ActiveCfg = Release|Any CPU
		{06A58699-769A-4C11-8E9D-0840A7BC5DD0}.Release|x86.Build.0 = Release|Any CPU
		{FF0F5987-ED13-46A0-8A95-2FDBD52C5190}.Debug|Any CPU.ActiveCfg = Debug|Any CPU
		{FF0F5987-ED13-46A0-8A95-2FDBD52C5190}.Debug|Any CPU.Build.0 = Debug|Any CPU
		{FF0F5987-ED13-46A0-8A95-2FDBD52C5190}.Debug|x64.ActiveCfg = Debug|Any CPU
		{FF0F5987-ED13-46A0-8A95-2FDBD52C5190}.Debug|x64.Build.0 = Debug|Any CPU
		{FF0F5987-ED13-46A0-8A95-2FDBD52C5190}.Debug|x86.ActiveCfg = Debug|Any CPU
		{FF0F5987-ED13-46A0-8A95-2FDBD52C5190}.Debug|x86.Build.0 = Debug|Any CPU
		{FF0F5987-ED13-46A0-8A95-2FDBD52C5190}.Release|Any CPU.ActiveCfg = Release|Any CPU
		{FF0F5987-ED13-46A0-8A95-2FDBD52C5190}.Release|Any CPU.Build.0 = Release|Any CPU
		{FF0F5987-ED13-46A0-8A95-2FDBD52C5190}.Release|x64.ActiveCfg = Release|Any CPU
		{FF0F5987-ED13-46A0-8A95-2FDBD52C5190}.Release|x64.Build.0 = Release|Any CPU
		{FF0F5987-ED13-46A0-8A95-2FDBD52C5190}.Release|x86.ActiveCfg = Release|Any CPU
		{FF0F5987-ED13-46A0-8A95-2FDBD52C5190}.Release|x86.Build.0 = Release|Any CPU
		{00500327-8722-46EA-8059-67DE121EFD81}.Debug|Any CPU.ActiveCfg = Debug|Any CPU
		{00500327-8722-46EA-8059-67DE121EFD81}.Debug|Any CPU.Build.0 = Debug|Any CPU
		{00500327-8722-46EA-8059-67DE121EFD81}.Debug|x64.ActiveCfg = Debug|Any CPU
		{00500327-8722-46EA-8059-67DE121EFD81}.Debug|x64.Build.0 = Debug|Any CPU
		{00500327-8722-46EA-8059-67DE121EFD81}.Debug|x86.ActiveCfg = Debug|Any CPU
		{00500327-8722-46EA-8059-67DE121EFD81}.Debug|x86.Build.0 = Debug|Any CPU
		{00500327-8722-46EA-8059-67DE121EFD81}.Release|Any CPU.ActiveCfg = Release|Any CPU
		{00500327-8722-46EA-8059-67DE121EFD81}.Release|Any CPU.Build.0 = Release|Any CPU
		{00500327-8722-46EA-8059-67DE121EFD81}.Release|x64.ActiveCfg = Release|Any CPU
		{00500327-8722-46EA-8059-67DE121EFD81}.Release|x64.Build.0 = Release|Any CPU
		{00500327-8722-46EA-8059-67DE121EFD81}.Release|x86.ActiveCfg = Release|Any CPU
		{00500327-8722-46EA-8059-67DE121EFD81}.Release|x86.Build.0 = Release|Any CPU
		{081EED57-A0F0-417F-8A71-FE6472D65FB8}.Debug|Any CPU.ActiveCfg = Debug|Any CPU
		{081EED57-A0F0-417F-8A71-FE6472D65FB8}.Debug|Any CPU.Build.0 = Debug|Any CPU
		{081EED57-A0F0-417F-8A71-FE6472D65FB8}.Debug|x64.ActiveCfg = Debug|Any CPU
		{081EED57-A0F0-417F-8A71-FE6472D65FB8}.Debug|x64.Build.0 = Debug|Any CPU
		{081EED57-A0F0-417F-8A71-FE6472D65FB8}.Debug|x86.ActiveCfg = Debug|Any CPU
		{081EED57-A0F0-417F-8A71-FE6472D65FB8}.Debug|x86.Build.0 = Debug|Any CPU
		{081EED57-A0F0-417F-8A71-FE6472D65FB8}.Release|Any CPU.ActiveCfg = Release|Any CPU
		{081EED57-A0F0-417F-8A71-FE6472D65FB8}.Release|Any CPU.Build.0 = Release|Any CPU
		{081EED57-A0F0-417F-8A71-FE6472D65FB8}.Release|x64.ActiveCfg = Release|Any CPU
		{081EED57-A0F0-417F-8A71-FE6472D65FB8}.Release|x64.Build.0 = Release|Any CPU
		{081EED57-A0F0-417F-8A71-FE6472D65FB8}.Release|x86.ActiveCfg = Release|Any CPU
		{081EED57-A0F0-417F-8A71-FE6472D65FB8}.Release|x86.Build.0 = Release|Any CPU
		{DD9DEFDC-3BB5-43F3-9568-1EB44C4628CB}.Debug|Any CPU.ActiveCfg = Debug|Any CPU
		{DD9DEFDC-3BB5-43F3-9568-1EB44C4628CB}.Debug|Any CPU.Build.0 = Debug|Any CPU
		{DD9DEFDC-3BB5-43F3-9568-1EB44C4628CB}.Debug|x64.ActiveCfg = Debug|Any CPU
		{DD9DEFDC-3BB5-43F3-9568-1EB44C4628CB}.Debug|x64.Build.0 = Debug|Any CPU
		{DD9DEFDC-3BB5-43F3-9568-1EB44C4628CB}.Debug|x86.ActiveCfg = Debug|Any CPU
		{DD9DEFDC-3BB5-43F3-9568-1EB44C4628CB}.Debug|x86.Build.0 = Debug|Any CPU
		{DD9DEFDC-3BB5-43F3-9568-1EB44C4628CB}.Release|Any CPU.ActiveCfg = Release|Any CPU
		{DD9DEFDC-3BB5-43F3-9568-1EB44C4628CB}.Release|Any CPU.Build.0 = Release|Any CPU
		{DD9DEFDC-3BB5-43F3-9568-1EB44C4628CB}.Release|x64.ActiveCfg = Release|Any CPU
		{DD9DEFDC-3BB5-43F3-9568-1EB44C4628CB}.Release|x64.Build.0 = Release|Any CPU
		{DD9DEFDC-3BB5-43F3-9568-1EB44C4628CB}.Release|x86.ActiveCfg = Release|Any CPU
		{DD9DEFDC-3BB5-43F3-9568-1EB44C4628CB}.Release|x86.Build.0 = Release|Any CPU
		{76440EB2-5C8B-4BDC-857D-23A71A02E817}.Debug|Any CPU.ActiveCfg = Debug|Any CPU
		{76440EB2-5C8B-4BDC-857D-23A71A02E817}.Debug|Any CPU.Build.0 = Debug|Any CPU
		{76440EB2-5C8B-4BDC-857D-23A71A02E817}.Debug|x64.ActiveCfg = Debug|Any CPU
		{76440EB2-5C8B-4BDC-857D-23A71A02E817}.Debug|x64.Build.0 = Debug|Any CPU
		{76440EB2-5C8B-4BDC-857D-23A71A02E817}.Debug|x86.ActiveCfg = Debug|Any CPU
		{76440EB2-5C8B-4BDC-857D-23A71A02E817}.Debug|x86.Build.0 = Debug|Any CPU
		{76440EB2-5C8B-4BDC-857D-23A71A02E817}.Release|Any CPU.ActiveCfg = Release|Any CPU
		{76440EB2-5C8B-4BDC-857D-23A71A02E817}.Release|Any CPU.Build.0 = Release|Any CPU
		{76440EB2-5C8B-4BDC-857D-23A71A02E817}.Release|x64.ActiveCfg = Release|Any CPU
		{76440EB2-5C8B-4BDC-857D-23A71A02E817}.Release|x64.Build.0 = Release|Any CPU
		{76440EB2-5C8B-4BDC-857D-23A71A02E817}.Release|x86.ActiveCfg = Release|Any CPU
		{76440EB2-5C8B-4BDC-857D-23A71A02E817}.Release|x86.Build.0 = Release|Any CPU
		{9C3CBC7A-B5C7-4564-99C8-27DEA0F15CE6}.Debug|Any CPU.ActiveCfg = Debug|Any CPU
		{9C3CBC7A-B5C7-4564-99C8-27DEA0F15CE6}.Debug|Any CPU.Build.0 = Debug|Any CPU
		{9C3CBC7A-B5C7-4564-99C8-27DEA0F15CE6}.Debug|x64.ActiveCfg = Debug|Any CPU
		{9C3CBC7A-B5C7-4564-99C8-27DEA0F15CE6}.Debug|x64.Build.0 = Debug|Any CPU
		{9C3CBC7A-B5C7-4564-99C8-27DEA0F15CE6}.Debug|x86.ActiveCfg = Debug|Any CPU
		{9C3CBC7A-B5C7-4564-99C8-27DEA0F15CE6}.Debug|x86.Build.0 = Debug|Any CPU
		{9C3CBC7A-B5C7-4564-99C8-27DEA0F15CE6}.Release|Any CPU.ActiveCfg = Release|Any CPU
		{9C3CBC7A-B5C7-4564-99C8-27DEA0F15CE6}.Release|Any CPU.Build.0 = Release|Any CPU
		{9C3CBC7A-B5C7-4564-99C8-27DEA0F15CE6}.Release|x64.ActiveCfg = Release|Any CPU
		{9C3CBC7A-B5C7-4564-99C8-27DEA0F15CE6}.Release|x64.Build.0 = Release|Any CPU
		{9C3CBC7A-B5C7-4564-99C8-27DEA0F15CE6}.Release|x86.ActiveCfg = Release|Any CPU
		{9C3CBC7A-B5C7-4564-99C8-27DEA0F15CE6}.Release|x86.Build.0 = Release|Any CPU
		{E777055E-6D0D-494A-A47A-B9E4091CDBA4}.Debug|Any CPU.ActiveCfg = Debug|Any CPU
		{E777055E-6D0D-494A-A47A-B9E4091CDBA4}.Debug|Any CPU.Build.0 = Debug|Any CPU
		{E777055E-6D0D-494A-A47A-B9E4091CDBA4}.Debug|x64.ActiveCfg = Debug|Any CPU
		{E777055E-6D0D-494A-A47A-B9E4091CDBA4}.Debug|x64.Build.0 = Debug|Any CPU
		{E777055E-6D0D-494A-A47A-B9E4091CDBA4}.Debug|x86.ActiveCfg = Debug|Any CPU
		{E777055E-6D0D-494A-A47A-B9E4091CDBA4}.Debug|x86.Build.0 = Debug|Any CPU
		{E777055E-6D0D-494A-A47A-B9E4091CDBA4}.Release|Any CPU.ActiveCfg = Release|Any CPU
		{E777055E-6D0D-494A-A47A-B9E4091CDBA4}.Release|Any CPU.Build.0 = Release|Any CPU
		{E777055E-6D0D-494A-A47A-B9E4091CDBA4}.Release|x64.ActiveCfg = Release|Any CPU
		{E777055E-6D0D-494A-A47A-B9E4091CDBA4}.Release|x64.Build.0 = Release|Any CPU
		{E777055E-6D0D-494A-A47A-B9E4091CDBA4}.Release|x86.ActiveCfg = Release|Any CPU
		{E777055E-6D0D-494A-A47A-B9E4091CDBA4}.Release|x86.Build.0 = Release|Any CPU
		{1828E3CD-2CAB-4327-B6D5-CB4CB1B401AF}.Debug|Any CPU.ActiveCfg = Debug|Any CPU
		{1828E3CD-2CAB-4327-B6D5-CB4CB1B401AF}.Debug|Any CPU.Build.0 = Debug|Any CPU
		{1828E3CD-2CAB-4327-B6D5-CB4CB1B401AF}.Debug|x64.ActiveCfg = Debug|Any CPU
		{1828E3CD-2CAB-4327-B6D5-CB4CB1B401AF}.Debug|x64.Build.0 = Debug|Any CPU
		{1828E3CD-2CAB-4327-B6D5-CB4CB1B401AF}.Debug|x86.ActiveCfg = Debug|Any CPU
		{1828E3CD-2CAB-4327-B6D5-CB4CB1B401AF}.Debug|x86.Build.0 = Debug|Any CPU
		{1828E3CD-2CAB-4327-B6D5-CB4CB1B401AF}.Release|Any CPU.ActiveCfg = Release|Any CPU
		{1828E3CD-2CAB-4327-B6D5-CB4CB1B401AF}.Release|Any CPU.Build.0 = Release|Any CPU
		{1828E3CD-2CAB-4327-B6D5-CB4CB1B401AF}.Release|x64.ActiveCfg = Release|Any CPU
		{1828E3CD-2CAB-4327-B6D5-CB4CB1B401AF}.Release|x64.Build.0 = Release|Any CPU
		{1828E3CD-2CAB-4327-B6D5-CB4CB1B401AF}.Release|x86.ActiveCfg = Release|Any CPU
		{1828E3CD-2CAB-4327-B6D5-CB4CB1B401AF}.Release|x86.Build.0 = Release|Any CPU
		{AF414FD5-EBD1-48E0-8451-91A45580F870}.Debug|Any CPU.ActiveCfg = Debug|Any CPU
		{AF414FD5-EBD1-48E0-8451-91A45580F870}.Debug|Any CPU.Build.0 = Debug|Any CPU
		{AF414FD5-EBD1-48E0-8451-91A45580F870}.Debug|x64.ActiveCfg = Debug|Any CPU
		{AF414FD5-EBD1-48E0-8451-91A45580F870}.Debug|x64.Build.0 = Debug|Any CPU
		{AF414FD5-EBD1-48E0-8451-91A45580F870}.Debug|x86.ActiveCfg = Debug|Any CPU
		{AF414FD5-EBD1-48E0-8451-91A45580F870}.Debug|x86.Build.0 = Debug|Any CPU
		{AF414FD5-EBD1-48E0-8451-91A45580F870}.Release|Any CPU.ActiveCfg = Release|Any CPU
		{AF414FD5-EBD1-48E0-8451-91A45580F870}.Release|Any CPU.Build.0 = Release|Any CPU
		{AF414FD5-EBD1-48E0-8451-91A45580F870}.Release|x64.ActiveCfg = Release|Any CPU
		{AF414FD5-EBD1-48E0-8451-91A45580F870}.Release|x64.Build.0 = Release|Any CPU
		{AF414FD5-EBD1-48E0-8451-91A45580F870}.Release|x86.ActiveCfg = Release|Any CPU
		{AF414FD5-EBD1-48E0-8451-91A45580F870}.Release|x86.Build.0 = Release|Any CPU
		{44E45B29-039C-42B8-9E8A-DDCC5946712E}.Debug|Any CPU.ActiveCfg = Debug|Any CPU
		{44E45B29-039C-42B8-9E8A-DDCC5946712E}.Debug|Any CPU.Build.0 = Debug|Any CPU
		{44E45B29-039C-42B8-9E8A-DDCC5946712E}.Debug|x64.ActiveCfg = Debug|Any CPU
		{44E45B29-039C-42B8-9E8A-DDCC5946712E}.Debug|x64.Build.0 = Debug|Any CPU
		{44E45B29-039C-42B8-9E8A-DDCC5946712E}.Debug|x86.ActiveCfg = Debug|Any CPU
		{44E45B29-039C-42B8-9E8A-DDCC5946712E}.Debug|x86.Build.0 = Debug|Any CPU
		{44E45B29-039C-42B8-9E8A-DDCC5946712E}.Release|Any CPU.ActiveCfg = Release|Any CPU
		{44E45B29-039C-42B8-9E8A-DDCC5946712E}.Release|Any CPU.Build.0 = Release|Any CPU
		{44E45B29-039C-42B8-9E8A-DDCC5946712E}.Release|x64.ActiveCfg = Release|Any CPU
		{44E45B29-039C-42B8-9E8A-DDCC5946712E}.Release|x64.Build.0 = Release|Any CPU
		{44E45B29-039C-42B8-9E8A-DDCC5946712E}.Release|x86.ActiveCfg = Release|Any CPU
		{44E45B29-039C-42B8-9E8A-DDCC5946712E}.Release|x86.Build.0 = Release|Any CPU
		{48365453-CF59-40BA-919D-04F194519524}.Debug|Any CPU.ActiveCfg = Debug|Any CPU
		{48365453-CF59-40BA-919D-04F194519524}.Debug|Any CPU.Build.0 = Debug|Any CPU
		{48365453-CF59-40BA-919D-04F194519524}.Debug|x64.ActiveCfg = Debug|Any CPU
		{48365453-CF59-40BA-919D-04F194519524}.Debug|x64.Build.0 = Debug|Any CPU
		{48365453-CF59-40BA-919D-04F194519524}.Debug|x86.ActiveCfg = Debug|Any CPU
		{48365453-CF59-40BA-919D-04F194519524}.Debug|x86.Build.0 = Debug|Any CPU
		{48365453-CF59-40BA-919D-04F194519524}.Release|Any CPU.ActiveCfg = Release|Any CPU
		{48365453-CF59-40BA-919D-04F194519524}.Release|Any CPU.Build.0 = Release|Any CPU
		{48365453-CF59-40BA-919D-04F194519524}.Release|x64.ActiveCfg = Release|Any CPU
		{48365453-CF59-40BA-919D-04F194519524}.Release|x64.Build.0 = Release|Any CPU
		{48365453-CF59-40BA-919D-04F194519524}.Release|x86.ActiveCfg = Release|Any CPU
		{48365453-CF59-40BA-919D-04F194519524}.Release|x86.Build.0 = Release|Any CPU
		{43990590-8D41-4245-90E0-6BCB1EB20611}.Debug|Any CPU.ActiveCfg = Debug|Any CPU
		{43990590-8D41-4245-90E0-6BCB1EB20611}.Debug|Any CPU.Build.0 = Debug|Any CPU
		{43990590-8D41-4245-90E0-6BCB1EB20611}.Debug|x64.ActiveCfg = Debug|Any CPU
		{43990590-8D41-4245-90E0-6BCB1EB20611}.Debug|x64.Build.0 = Debug|Any CPU
		{43990590-8D41-4245-90E0-6BCB1EB20611}.Debug|x86.ActiveCfg = Debug|Any CPU
		{43990590-8D41-4245-90E0-6BCB1EB20611}.Debug|x86.Build.0 = Debug|Any CPU
		{43990590-8D41-4245-90E0-6BCB1EB20611}.Release|Any CPU.ActiveCfg = Release|Any CPU
		{43990590-8D41-4245-90E0-6BCB1EB20611}.Release|Any CPU.Build.0 = Release|Any CPU
		{43990590-8D41-4245-90E0-6BCB1EB20611}.Release|x64.ActiveCfg = Release|Any CPU
		{43990590-8D41-4245-90E0-6BCB1EB20611}.Release|x64.Build.0 = Release|Any CPU
		{43990590-8D41-4245-90E0-6BCB1EB20611}.Release|x86.ActiveCfg = Release|Any CPU
		{43990590-8D41-4245-90E0-6BCB1EB20611}.Release|x86.Build.0 = Release|Any CPU
		{E1C6EEE5-D966-4AEC-8428-F3C3636BDD92}.Debug|Any CPU.ActiveCfg = Debug|Any CPU
		{E1C6EEE5-D966-4AEC-8428-F3C3636BDD92}.Debug|Any CPU.Build.0 = Debug|Any CPU
		{E1C6EEE5-D966-4AEC-8428-F3C3636BDD92}.Debug|x64.ActiveCfg = Debug|Any CPU
		{E1C6EEE5-D966-4AEC-8428-F3C3636BDD92}.Debug|x64.Build.0 = Debug|Any CPU
		{E1C6EEE5-D966-4AEC-8428-F3C3636BDD92}.Debug|x86.ActiveCfg = Debug|Any CPU
		{E1C6EEE5-D966-4AEC-8428-F3C3636BDD92}.Debug|x86.Build.0 = Debug|Any CPU
		{E1C6EEE5-D966-4AEC-8428-F3C3636BDD92}.Release|Any CPU.ActiveCfg = Release|Any CPU
		{E1C6EEE5-D966-4AEC-8428-F3C3636BDD92}.Release|Any CPU.Build.0 = Release|Any CPU
		{E1C6EEE5-D966-4AEC-8428-F3C3636BDD92}.Release|x64.ActiveCfg = Release|Any CPU
		{E1C6EEE5-D966-4AEC-8428-F3C3636BDD92}.Release|x64.Build.0 = Release|Any CPU
		{E1C6EEE5-D966-4AEC-8428-F3C3636BDD92}.Release|x86.ActiveCfg = Release|Any CPU
		{E1C6EEE5-D966-4AEC-8428-F3C3636BDD92}.Release|x86.Build.0 = Release|Any CPU
		{090BEBB8-4259-49FA-B28C-D67B7E625BFC}.Debug|Any CPU.ActiveCfg = Debug|Any CPU
		{090BEBB8-4259-49FA-B28C-D67B7E625BFC}.Debug|Any CPU.Build.0 = Debug|Any CPU
		{090BEBB8-4259-49FA-B28C-D67B7E625BFC}.Debug|x64.ActiveCfg = Debug|Any CPU
		{090BEBB8-4259-49FA-B28C-D67B7E625BFC}.Debug|x64.Build.0 = Debug|Any CPU
		{090BEBB8-4259-49FA-B28C-D67B7E625BFC}.Debug|x86.ActiveCfg = Debug|Any CPU
		{090BEBB8-4259-49FA-B28C-D67B7E625BFC}.Debug|x86.Build.0 = Debug|Any CPU
		{090BEBB8-4259-49FA-B28C-D67B7E625BFC}.Release|Any CPU.ActiveCfg = Release|Any CPU
		{090BEBB8-4259-49FA-B28C-D67B7E625BFC}.Release|Any CPU.Build.0 = Release|Any CPU
		{090BEBB8-4259-49FA-B28C-D67B7E625BFC}.Release|x64.ActiveCfg = Release|Any CPU
		{090BEBB8-4259-49FA-B28C-D67B7E625BFC}.Release|x64.Build.0 = Release|Any CPU
		{090BEBB8-4259-49FA-B28C-D67B7E625BFC}.Release|x86.ActiveCfg = Release|Any CPU
		{090BEBB8-4259-49FA-B28C-D67B7E625BFC}.Release|x86.Build.0 = Release|Any CPU
		{28207040-2D67-4D3D-842E-0A30197C438B}.Debug|Any CPU.ActiveCfg = Debug|Any CPU
		{28207040-2D67-4D3D-842E-0A30197C438B}.Debug|Any CPU.Build.0 = Debug|Any CPU
		{28207040-2D67-4D3D-842E-0A30197C438B}.Debug|x64.ActiveCfg = Debug|Any CPU
		{28207040-2D67-4D3D-842E-0A30197C438B}.Debug|x64.Build.0 = Debug|Any CPU
		{28207040-2D67-4D3D-842E-0A30197C438B}.Debug|x86.ActiveCfg = Debug|Any CPU
		{28207040-2D67-4D3D-842E-0A30197C438B}.Debug|x86.Build.0 = Debug|Any CPU
		{28207040-2D67-4D3D-842E-0A30197C438B}.Release|Any CPU.ActiveCfg = Release|Any CPU
		{28207040-2D67-4D3D-842E-0A30197C438B}.Release|Any CPU.Build.0 = Release|Any CPU
		{28207040-2D67-4D3D-842E-0A30197C438B}.Release|x64.ActiveCfg = Release|Any CPU
		{28207040-2D67-4D3D-842E-0A30197C438B}.Release|x64.Build.0 = Release|Any CPU
		{28207040-2D67-4D3D-842E-0A30197C438B}.Release|x86.ActiveCfg = Release|Any CPU
		{28207040-2D67-4D3D-842E-0A30197C438B}.Release|x86.Build.0 = Release|Any CPU
		{434E186D-C169-4330-8216-31BB3356838E}.Debug|Any CPU.ActiveCfg = Debug|Any CPU
		{434E186D-C169-4330-8216-31BB3356838E}.Debug|Any CPU.Build.0 = Debug|Any CPU
		{434E186D-C169-4330-8216-31BB3356838E}.Debug|x64.ActiveCfg = Debug|Any CPU
		{434E186D-C169-4330-8216-31BB3356838E}.Debug|x64.Build.0 = Debug|Any CPU
		{434E186D-C169-4330-8216-31BB3356838E}.Debug|x86.ActiveCfg = Debug|Any CPU
		{434E186D-C169-4330-8216-31BB3356838E}.Debug|x86.Build.0 = Debug|Any CPU
		{434E186D-C169-4330-8216-31BB3356838E}.Release|Any CPU.ActiveCfg = Release|Any CPU
		{434E186D-C169-4330-8216-31BB3356838E}.Release|Any CPU.Build.0 = Release|Any CPU
		{434E186D-C169-4330-8216-31BB3356838E}.Release|x64.ActiveCfg = Release|Any CPU
		{434E186D-C169-4330-8216-31BB3356838E}.Release|x64.Build.0 = Release|Any CPU
		{434E186D-C169-4330-8216-31BB3356838E}.Release|x86.ActiveCfg = Release|Any CPU
		{434E186D-C169-4330-8216-31BB3356838E}.Release|x86.Build.0 = Release|Any CPU
		{2846717C-3125-4CD8-97B1-5A6FF9D01591}.Debug|Any CPU.ActiveCfg = Debug|Any CPU
		{2846717C-3125-4CD8-97B1-5A6FF9D01591}.Debug|Any CPU.Build.0 = Debug|Any CPU
		{2846717C-3125-4CD8-97B1-5A6FF9D01591}.Debug|x64.ActiveCfg = Debug|Any CPU
		{2846717C-3125-4CD8-97B1-5A6FF9D01591}.Debug|x64.Build.0 = Debug|Any CPU
		{2846717C-3125-4CD8-97B1-5A6FF9D01591}.Debug|x86.ActiveCfg = Debug|Any CPU
		{2846717C-3125-4CD8-97B1-5A6FF9D01591}.Debug|x86.Build.0 = Debug|Any CPU
		{2846717C-3125-4CD8-97B1-5A6FF9D01591}.Release|Any CPU.ActiveCfg = Release|Any CPU
		{2846717C-3125-4CD8-97B1-5A6FF9D01591}.Release|Any CPU.Build.0 = Release|Any CPU
		{2846717C-3125-4CD8-97B1-5A6FF9D01591}.Release|x64.ActiveCfg = Release|Any CPU
		{2846717C-3125-4CD8-97B1-5A6FF9D01591}.Release|x64.Build.0 = Release|Any CPU
		{2846717C-3125-4CD8-97B1-5A6FF9D01591}.Release|x86.ActiveCfg = Release|Any CPU
		{2846717C-3125-4CD8-97B1-5A6FF9D01591}.Release|x86.Build.0 = Release|Any CPU
		{EC49D429-867E-4562-9B78-3D2CB0E8F53F}.Debug|Any CPU.ActiveCfg = Debug|Any CPU
		{EC49D429-867E-4562-9B78-3D2CB0E8F53F}.Debug|Any CPU.Build.0 = Debug|Any CPU
		{EC49D429-867E-4562-9B78-3D2CB0E8F53F}.Debug|x64.ActiveCfg = Debug|Any CPU
		{EC49D429-867E-4562-9B78-3D2CB0E8F53F}.Debug|x64.Build.0 = Debug|Any CPU
		{EC49D429-867E-4562-9B78-3D2CB0E8F53F}.Debug|x86.ActiveCfg = Debug|Any CPU
		{EC49D429-867E-4562-9B78-3D2CB0E8F53F}.Debug|x86.Build.0 = Debug|Any CPU
		{EC49D429-867E-4562-9B78-3D2CB0E8F53F}.Release|Any CPU.ActiveCfg = Release|Any CPU
		{EC49D429-867E-4562-9B78-3D2CB0E8F53F}.Release|Any CPU.Build.0 = Release|Any CPU
		{EC49D429-867E-4562-9B78-3D2CB0E8F53F}.Release|x64.ActiveCfg = Release|Any CPU
		{EC49D429-867E-4562-9B78-3D2CB0E8F53F}.Release|x64.Build.0 = Release|Any CPU
		{EC49D429-867E-4562-9B78-3D2CB0E8F53F}.Release|x86.ActiveCfg = Release|Any CPU
		{EC49D429-867E-4562-9B78-3D2CB0E8F53F}.Release|x86.Build.0 = Release|Any CPU
		{52F1F290-220B-45AC-8FCF-CB3AFCCFEFEB}.Debug|Any CPU.ActiveCfg = Debug|Any CPU
		{52F1F290-220B-45AC-8FCF-CB3AFCCFEFEB}.Debug|Any CPU.Build.0 = Debug|Any CPU
		{52F1F290-220B-45AC-8FCF-CB3AFCCFEFEB}.Debug|x64.ActiveCfg = Debug|Any CPU
		{52F1F290-220B-45AC-8FCF-CB3AFCCFEFEB}.Debug|x64.Build.0 = Debug|Any CPU
		{52F1F290-220B-45AC-8FCF-CB3AFCCFEFEB}.Debug|x86.ActiveCfg = Debug|Any CPU
		{52F1F290-220B-45AC-8FCF-CB3AFCCFEFEB}.Debug|x86.Build.0 = Debug|Any CPU
		{52F1F290-220B-45AC-8FCF-CB3AFCCFEFEB}.Release|Any CPU.ActiveCfg = Release|Any CPU
		{52F1F290-220B-45AC-8FCF-CB3AFCCFEFEB}.Release|Any CPU.Build.0 = Release|Any CPU
		{52F1F290-220B-45AC-8FCF-CB3AFCCFEFEB}.Release|x64.ActiveCfg = Release|Any CPU
		{52F1F290-220B-45AC-8FCF-CB3AFCCFEFEB}.Release|x64.Build.0 = Release|Any CPU
		{52F1F290-220B-45AC-8FCF-CB3AFCCFEFEB}.Release|x86.ActiveCfg = Release|Any CPU
		{52F1F290-220B-45AC-8FCF-CB3AFCCFEFEB}.Release|x86.Build.0 = Release|Any CPU
		{88FF714D-08D9-47F2-8D54-E6184E46BF57}.Debug|Any CPU.ActiveCfg = Debug|Any CPU
		{88FF714D-08D9-47F2-8D54-E6184E46BF57}.Debug|Any CPU.Build.0 = Debug|Any CPU
		{88FF714D-08D9-47F2-8D54-E6184E46BF57}.Debug|x64.ActiveCfg = Debug|Any CPU
		{88FF714D-08D9-47F2-8D54-E6184E46BF57}.Debug|x64.Build.0 = Debug|Any CPU
		{88FF714D-08D9-47F2-8D54-E6184E46BF57}.Debug|x86.ActiveCfg = Debug|Any CPU
		{88FF714D-08D9-47F2-8D54-E6184E46BF57}.Debug|x86.Build.0 = Debug|Any CPU
		{88FF714D-08D9-47F2-8D54-E6184E46BF57}.Release|Any CPU.ActiveCfg = Release|Any CPU
		{88FF714D-08D9-47F2-8D54-E6184E46BF57}.Release|Any CPU.Build.0 = Release|Any CPU
		{88FF714D-08D9-47F2-8D54-E6184E46BF57}.Release|x64.ActiveCfg = Release|Any CPU
		{88FF714D-08D9-47F2-8D54-E6184E46BF57}.Release|x64.Build.0 = Release|Any CPU
		{88FF714D-08D9-47F2-8D54-E6184E46BF57}.Release|x86.ActiveCfg = Release|Any CPU
		{88FF714D-08D9-47F2-8D54-E6184E46BF57}.Release|x86.Build.0 = Release|Any CPU
		{3610C6C6-5685-4C51-AB00-D37F49051600}.Debug|Any CPU.ActiveCfg = Debug|Any CPU
		{3610C6C6-5685-4C51-AB00-D37F49051600}.Debug|Any CPU.Build.0 = Debug|Any CPU
		{3610C6C6-5685-4C51-AB00-D37F49051600}.Debug|x64.ActiveCfg = Debug|Any CPU
		{3610C6C6-5685-4C51-AB00-D37F49051600}.Debug|x64.Build.0 = Debug|Any CPU
		{3610C6C6-5685-4C51-AB00-D37F49051600}.Debug|x86.ActiveCfg = Debug|Any CPU
		{3610C6C6-5685-4C51-AB00-D37F49051600}.Debug|x86.Build.0 = Debug|Any CPU
		{3610C6C6-5685-4C51-AB00-D37F49051600}.Release|Any CPU.ActiveCfg = Release|Any CPU
		{3610C6C6-5685-4C51-AB00-D37F49051600}.Release|Any CPU.Build.0 = Release|Any CPU
		{3610C6C6-5685-4C51-AB00-D37F49051600}.Release|x64.ActiveCfg = Release|Any CPU
		{3610C6C6-5685-4C51-AB00-D37F49051600}.Release|x64.Build.0 = Release|Any CPU
		{3610C6C6-5685-4C51-AB00-D37F49051600}.Release|x86.ActiveCfg = Release|Any CPU
		{3610C6C6-5685-4C51-AB00-D37F49051600}.Release|x86.Build.0 = Release|Any CPU
		{3B259688-C94B-4B2E-BAA3-DF94912DBDA6}.Debug|Any CPU.ActiveCfg = Debug|Any CPU
		{3B259688-C94B-4B2E-BAA3-DF94912DBDA6}.Debug|Any CPU.Build.0 = Debug|Any CPU
		{3B259688-C94B-4B2E-BAA3-DF94912DBDA6}.Debug|x64.ActiveCfg = Debug|Any CPU
		{3B259688-C94B-4B2E-BAA3-DF94912DBDA6}.Debug|x64.Build.0 = Debug|Any CPU
		{3B259688-C94B-4B2E-BAA3-DF94912DBDA6}.Debug|x86.ActiveCfg = Debug|Any CPU
		{3B259688-C94B-4B2E-BAA3-DF94912DBDA6}.Debug|x86.Build.0 = Debug|Any CPU
		{3B259688-C94B-4B2E-BAA3-DF94912DBDA6}.Release|Any CPU.ActiveCfg = Release|Any CPU
		{3B259688-C94B-4B2E-BAA3-DF94912DBDA6}.Release|Any CPU.Build.0 = Release|Any CPU
		{3B259688-C94B-4B2E-BAA3-DF94912DBDA6}.Release|x64.ActiveCfg = Release|Any CPU
		{3B259688-C94B-4B2E-BAA3-DF94912DBDA6}.Release|x64.Build.0 = Release|Any CPU
		{3B259688-C94B-4B2E-BAA3-DF94912DBDA6}.Release|x86.ActiveCfg = Release|Any CPU
		{3B259688-C94B-4B2E-BAA3-DF94912DBDA6}.Release|x86.Build.0 = Release|Any CPU
		{7324043D-3A2C-4D2F-8D84-0495B7EE1088}.Debug|Any CPU.ActiveCfg = Debug|Any CPU
		{7324043D-3A2C-4D2F-8D84-0495B7EE1088}.Debug|Any CPU.Build.0 = Debug|Any CPU
		{7324043D-3A2C-4D2F-8D84-0495B7EE1088}.Debug|x64.ActiveCfg = Debug|Any CPU
		{7324043D-3A2C-4D2F-8D84-0495B7EE1088}.Debug|x64.Build.0 = Debug|Any CPU
		{7324043D-3A2C-4D2F-8D84-0495B7EE1088}.Debug|x86.ActiveCfg = Debug|Any CPU
		{7324043D-3A2C-4D2F-8D84-0495B7EE1088}.Debug|x86.Build.0 = Debug|Any CPU
		{7324043D-3A2C-4D2F-8D84-0495B7EE1088}.Release|Any CPU.ActiveCfg = Release|Any CPU
		{7324043D-3A2C-4D2F-8D84-0495B7EE1088}.Release|Any CPU.Build.0 = Release|Any CPU
		{7324043D-3A2C-4D2F-8D84-0495B7EE1088}.Release|x64.ActiveCfg = Release|Any CPU
		{7324043D-3A2C-4D2F-8D84-0495B7EE1088}.Release|x64.Build.0 = Release|Any CPU
		{7324043D-3A2C-4D2F-8D84-0495B7EE1088}.Release|x86.ActiveCfg = Release|Any CPU
		{7324043D-3A2C-4D2F-8D84-0495B7EE1088}.Release|x86.Build.0 = Release|Any CPU
		{76DA0C19-1D76-4045-972B-550E8583DC57}.Debug|Any CPU.ActiveCfg = Debug|Any CPU
		{76DA0C19-1D76-4045-972B-550E8583DC57}.Debug|Any CPU.Build.0 = Debug|Any CPU
		{76DA0C19-1D76-4045-972B-550E8583DC57}.Debug|x64.ActiveCfg = Debug|Any CPU
		{76DA0C19-1D76-4045-972B-550E8583DC57}.Debug|x64.Build.0 = Debug|Any CPU
		{76DA0C19-1D76-4045-972B-550E8583DC57}.Debug|x86.ActiveCfg = Debug|Any CPU
		{76DA0C19-1D76-4045-972B-550E8583DC57}.Debug|x86.Build.0 = Debug|Any CPU
		{76DA0C19-1D76-4045-972B-550E8583DC57}.Release|Any CPU.ActiveCfg = Release|Any CPU
		{76DA0C19-1D76-4045-972B-550E8583DC57}.Release|Any CPU.Build.0 = Release|Any CPU
		{76DA0C19-1D76-4045-972B-550E8583DC57}.Release|x64.ActiveCfg = Release|Any CPU
		{76DA0C19-1D76-4045-972B-550E8583DC57}.Release|x64.Build.0 = Release|Any CPU
		{76DA0C19-1D76-4045-972B-550E8583DC57}.Release|x86.ActiveCfg = Release|Any CPU
		{76DA0C19-1D76-4045-972B-550E8583DC57}.Release|x86.Build.0 = Release|Any CPU
		{8A7E81E6-982B-4A4B-995A-5775FBD21F84}.Debug|Any CPU.ActiveCfg = Debug|Any CPU
		{8A7E81E6-982B-4A4B-995A-5775FBD21F84}.Debug|Any CPU.Build.0 = Debug|Any CPU
		{8A7E81E6-982B-4A4B-995A-5775FBD21F84}.Debug|x64.ActiveCfg = Debug|Any CPU
		{8A7E81E6-982B-4A4B-995A-5775FBD21F84}.Debug|x64.Build.0 = Debug|Any CPU
		{8A7E81E6-982B-4A4B-995A-5775FBD21F84}.Debug|x86.ActiveCfg = Debug|Any CPU
		{8A7E81E6-982B-4A4B-995A-5775FBD21F84}.Debug|x86.Build.0 = Debug|Any CPU
		{8A7E81E6-982B-4A4B-995A-5775FBD21F84}.Release|Any CPU.ActiveCfg = Release|Any CPU
		{8A7E81E6-982B-4A4B-995A-5775FBD21F84}.Release|Any CPU.Build.0 = Release|Any CPU
		{8A7E81E6-982B-4A4B-995A-5775FBD21F84}.Release|x64.ActiveCfg = Release|Any CPU
		{8A7E81E6-982B-4A4B-995A-5775FBD21F84}.Release|x64.Build.0 = Release|Any CPU
		{8A7E81E6-982B-4A4B-995A-5775FBD21F84}.Release|x86.ActiveCfg = Release|Any CPU
		{8A7E81E6-982B-4A4B-995A-5775FBD21F84}.Release|x86.Build.0 = Release|Any CPU
		{AC1CDF73-A84C-4C38-BA3D-1C4653AEB1E4}.Debug|Any CPU.ActiveCfg = Debug|Any CPU
		{AC1CDF73-A84C-4C38-BA3D-1C4653AEB1E4}.Debug|Any CPU.Build.0 = Debug|Any CPU
		{AC1CDF73-A84C-4C38-BA3D-1C4653AEB1E4}.Debug|x64.ActiveCfg = Debug|Any CPU
		{AC1CDF73-A84C-4C38-BA3D-1C4653AEB1E4}.Debug|x64.Build.0 = Debug|Any CPU
		{AC1CDF73-A84C-4C38-BA3D-1C4653AEB1E4}.Debug|x86.ActiveCfg = Debug|Any CPU
		{AC1CDF73-A84C-4C38-BA3D-1C4653AEB1E4}.Debug|x86.Build.0 = Debug|Any CPU
		{AC1CDF73-A84C-4C38-BA3D-1C4653AEB1E4}.Release|Any CPU.ActiveCfg = Release|Any CPU
		{AC1CDF73-A84C-4C38-BA3D-1C4653AEB1E4}.Release|Any CPU.Build.0 = Release|Any CPU
		{AC1CDF73-A84C-4C38-BA3D-1C4653AEB1E4}.Release|x64.ActiveCfg = Release|Any CPU
		{AC1CDF73-A84C-4C38-BA3D-1C4653AEB1E4}.Release|x64.Build.0 = Release|Any CPU
		{AC1CDF73-A84C-4C38-BA3D-1C4653AEB1E4}.Release|x86.ActiveCfg = Release|Any CPU
		{AC1CDF73-A84C-4C38-BA3D-1C4653AEB1E4}.Release|x86.Build.0 = Release|Any CPU
		{9C46EA86-BB18-4193-A09A-D6E7819C43C5}.Debug|Any CPU.ActiveCfg = Debug|Any CPU
		{9C46EA86-BB18-4193-A09A-D6E7819C43C5}.Debug|Any CPU.Build.0 = Debug|Any CPU
		{9C46EA86-BB18-4193-A09A-D6E7819C43C5}.Debug|x64.ActiveCfg = Debug|Any CPU
		{9C46EA86-BB18-4193-A09A-D6E7819C43C5}.Debug|x64.Build.0 = Debug|Any CPU
		{9C46EA86-BB18-4193-A09A-D6E7819C43C5}.Debug|x86.ActiveCfg = Debug|Any CPU
		{9C46EA86-BB18-4193-A09A-D6E7819C43C5}.Debug|x86.Build.0 = Debug|Any CPU
		{9C46EA86-BB18-4193-A09A-D6E7819C43C5}.Release|Any CPU.ActiveCfg = Release|Any CPU
		{9C46EA86-BB18-4193-A09A-D6E7819C43C5}.Release|Any CPU.Build.0 = Release|Any CPU
		{9C46EA86-BB18-4193-A09A-D6E7819C43C5}.Release|x64.ActiveCfg = Release|Any CPU
		{9C46EA86-BB18-4193-A09A-D6E7819C43C5}.Release|x64.Build.0 = Release|Any CPU
		{9C46EA86-BB18-4193-A09A-D6E7819C43C5}.Release|x86.ActiveCfg = Release|Any CPU
		{9C46EA86-BB18-4193-A09A-D6E7819C43C5}.Release|x86.Build.0 = Release|Any CPU
		{E70E5FC4-C8D7-446D-9243-AB17D007F441}.Debug|Any CPU.ActiveCfg = Debug|Any CPU
		{E70E5FC4-C8D7-446D-9243-AB17D007F441}.Debug|Any CPU.Build.0 = Debug|Any CPU
		{E70E5FC4-C8D7-446D-9243-AB17D007F441}.Debug|x64.ActiveCfg = Debug|Any CPU
		{E70E5FC4-C8D7-446D-9243-AB17D007F441}.Debug|x64.Build.0 = Debug|Any CPU
		{E70E5FC4-C8D7-446D-9243-AB17D007F441}.Debug|x86.ActiveCfg = Debug|Any CPU
		{E70E5FC4-C8D7-446D-9243-AB17D007F441}.Debug|x86.Build.0 = Debug|Any CPU
		{E70E5FC4-C8D7-446D-9243-AB17D007F441}.Release|Any CPU.ActiveCfg = Release|Any CPU
		{E70E5FC4-C8D7-446D-9243-AB17D007F441}.Release|Any CPU.Build.0 = Release|Any CPU
		{E70E5FC4-C8D7-446D-9243-AB17D007F441}.Release|x64.ActiveCfg = Release|Any CPU
		{E70E5FC4-C8D7-446D-9243-AB17D007F441}.Release|x64.Build.0 = Release|Any CPU
		{E70E5FC4-C8D7-446D-9243-AB17D007F441}.Release|x86.ActiveCfg = Release|Any CPU
		{E70E5FC4-C8D7-446D-9243-AB17D007F441}.Release|x86.Build.0 = Release|Any CPU
		{236BB205-B81F-46D4-84E1-CB14340452D7}.Debug|Any CPU.ActiveCfg = Debug|Any CPU
		{236BB205-B81F-46D4-84E1-CB14340452D7}.Debug|Any CPU.Build.0 = Debug|Any CPU
		{236BB205-B81F-46D4-84E1-CB14340452D7}.Debug|x64.ActiveCfg = Debug|Any CPU
		{236BB205-B81F-46D4-84E1-CB14340452D7}.Debug|x64.Build.0 = Debug|Any CPU
		{236BB205-B81F-46D4-84E1-CB14340452D7}.Debug|x86.ActiveCfg = Debug|Any CPU
		{236BB205-B81F-46D4-84E1-CB14340452D7}.Debug|x86.Build.0 = Debug|Any CPU
		{236BB205-B81F-46D4-84E1-CB14340452D7}.Release|Any CPU.ActiveCfg = Release|Any CPU
		{236BB205-B81F-46D4-84E1-CB14340452D7}.Release|Any CPU.Build.0 = Release|Any CPU
		{236BB205-B81F-46D4-84E1-CB14340452D7}.Release|x64.ActiveCfg = Release|Any CPU
		{236BB205-B81F-46D4-84E1-CB14340452D7}.Release|x64.Build.0 = Release|Any CPU
		{236BB205-B81F-46D4-84E1-CB14340452D7}.Release|x86.ActiveCfg = Release|Any CPU
		{236BB205-B81F-46D4-84E1-CB14340452D7}.Release|x86.Build.0 = Release|Any CPU
		{B7096437-5AF8-400B-8438-CFD800E0D241}.Debug|Any CPU.ActiveCfg = Debug|Any CPU
		{B7096437-5AF8-400B-8438-CFD800E0D241}.Debug|Any CPU.Build.0 = Debug|Any CPU
		{B7096437-5AF8-400B-8438-CFD800E0D241}.Debug|x64.ActiveCfg = Debug|Any CPU
		{B7096437-5AF8-400B-8438-CFD800E0D241}.Debug|x64.Build.0 = Debug|Any CPU
		{B7096437-5AF8-400B-8438-CFD800E0D241}.Debug|x86.ActiveCfg = Debug|Any CPU
		{B7096437-5AF8-400B-8438-CFD800E0D241}.Debug|x86.Build.0 = Debug|Any CPU
		{B7096437-5AF8-400B-8438-CFD800E0D241}.Release|Any CPU.ActiveCfg = Release|Any CPU
		{B7096437-5AF8-400B-8438-CFD800E0D241}.Release|Any CPU.Build.0 = Release|Any CPU
		{B7096437-5AF8-400B-8438-CFD800E0D241}.Release|x64.ActiveCfg = Release|Any CPU
		{B7096437-5AF8-400B-8438-CFD800E0D241}.Release|x64.Build.0 = Release|Any CPU
		{B7096437-5AF8-400B-8438-CFD800E0D241}.Release|x86.ActiveCfg = Release|Any CPU
		{B7096437-5AF8-400B-8438-CFD800E0D241}.Release|x86.Build.0 = Release|Any CPU
		{E4FA31E1-D0A6-4702-B15A-3C6F49876A1D}.Debug|Any CPU.ActiveCfg = Debug|Any CPU
		{E4FA31E1-D0A6-4702-B15A-3C6F49876A1D}.Debug|Any CPU.Build.0 = Debug|Any CPU
		{E4FA31E1-D0A6-4702-B15A-3C6F49876A1D}.Debug|x64.ActiveCfg = Debug|Any CPU
		{E4FA31E1-D0A6-4702-B15A-3C6F49876A1D}.Debug|x64.Build.0 = Debug|Any CPU
		{E4FA31E1-D0A6-4702-B15A-3C6F49876A1D}.Debug|x86.ActiveCfg = Debug|Any CPU
		{E4FA31E1-D0A6-4702-B15A-3C6F49876A1D}.Debug|x86.Build.0 = Debug|Any CPU
		{E4FA31E1-D0A6-4702-B15A-3C6F49876A1D}.Release|Any CPU.ActiveCfg = Release|Any CPU
		{E4FA31E1-D0A6-4702-B15A-3C6F49876A1D}.Release|Any CPU.Build.0 = Release|Any CPU
		{E4FA31E1-D0A6-4702-B15A-3C6F49876A1D}.Release|x64.ActiveCfg = Release|Any CPU
		{E4FA31E1-D0A6-4702-B15A-3C6F49876A1D}.Release|x64.Build.0 = Release|Any CPU
		{E4FA31E1-D0A6-4702-B15A-3C6F49876A1D}.Release|x86.ActiveCfg = Release|Any CPU
		{E4FA31E1-D0A6-4702-B15A-3C6F49876A1D}.Release|x86.Build.0 = Release|Any CPU
		{0F76BC3A-498F-45B1-95C9-BBB4CD7743EB}.Debug|Any CPU.ActiveCfg = Debug|Any CPU
		{0F76BC3A-498F-45B1-95C9-BBB4CD7743EB}.Debug|Any CPU.Build.0 = Debug|Any CPU
		{0F76BC3A-498F-45B1-95C9-BBB4CD7743EB}.Debug|x64.ActiveCfg = Debug|Any CPU
		{0F76BC3A-498F-45B1-95C9-BBB4CD7743EB}.Debug|x64.Build.0 = Debug|Any CPU
		{0F76BC3A-498F-45B1-95C9-BBB4CD7743EB}.Debug|x86.ActiveCfg = Debug|Any CPU
		{0F76BC3A-498F-45B1-95C9-BBB4CD7743EB}.Debug|x86.Build.0 = Debug|Any CPU
		{0F76BC3A-498F-45B1-95C9-BBB4CD7743EB}.Release|Any CPU.ActiveCfg = Release|Any CPU
		{0F76BC3A-498F-45B1-95C9-BBB4CD7743EB}.Release|Any CPU.Build.0 = Release|Any CPU
		{0F76BC3A-498F-45B1-95C9-BBB4CD7743EB}.Release|x64.ActiveCfg = Release|Any CPU
		{0F76BC3A-498F-45B1-95C9-BBB4CD7743EB}.Release|x64.Build.0 = Release|Any CPU
		{0F76BC3A-498F-45B1-95C9-BBB4CD7743EB}.Release|x86.ActiveCfg = Release|Any CPU
		{0F76BC3A-498F-45B1-95C9-BBB4CD7743EB}.Release|x86.Build.0 = Release|Any CPU
		{C503B0F5-560F-41DD-AA3D-8886903531F1}.Debug|Any CPU.ActiveCfg = Debug|Any CPU
		{C503B0F5-560F-41DD-AA3D-8886903531F1}.Debug|Any CPU.Build.0 = Debug|Any CPU
		{C503B0F5-560F-41DD-AA3D-8886903531F1}.Debug|x64.ActiveCfg = Debug|Any CPU
		{C503B0F5-560F-41DD-AA3D-8886903531F1}.Debug|x64.Build.0 = Debug|Any CPU
		{C503B0F5-560F-41DD-AA3D-8886903531F1}.Debug|x86.ActiveCfg = Debug|Any CPU
		{C503B0F5-560F-41DD-AA3D-8886903531F1}.Debug|x86.Build.0 = Debug|Any CPU
		{C503B0F5-560F-41DD-AA3D-8886903531F1}.Release|Any CPU.ActiveCfg = Release|Any CPU
		{C503B0F5-560F-41DD-AA3D-8886903531F1}.Release|Any CPU.Build.0 = Release|Any CPU
		{C503B0F5-560F-41DD-AA3D-8886903531F1}.Release|x64.ActiveCfg = Release|Any CPU
		{C503B0F5-560F-41DD-AA3D-8886903531F1}.Release|x64.Build.0 = Release|Any CPU
		{C503B0F5-560F-41DD-AA3D-8886903531F1}.Release|x86.ActiveCfg = Release|Any CPU
		{C503B0F5-560F-41DD-AA3D-8886903531F1}.Release|x86.Build.0 = Release|Any CPU
		{28D9EE27-3E21-4E4F-B831-4A06B028A042}.Debug|Any CPU.ActiveCfg = Debug|Any CPU
		{28D9EE27-3E21-4E4F-B831-4A06B028A042}.Debug|Any CPU.Build.0 = Debug|Any CPU
		{28D9EE27-3E21-4E4F-B831-4A06B028A042}.Debug|x64.ActiveCfg = Debug|Any CPU
		{28D9EE27-3E21-4E4F-B831-4A06B028A042}.Debug|x64.Build.0 = Debug|Any CPU
		{28D9EE27-3E21-4E4F-B831-4A06B028A042}.Debug|x86.ActiveCfg = Debug|Any CPU
		{28D9EE27-3E21-4E4F-B831-4A06B028A042}.Debug|x86.Build.0 = Debug|Any CPU
		{28D9EE27-3E21-4E4F-B831-4A06B028A042}.Release|Any CPU.ActiveCfg = Release|Any CPU
		{28D9EE27-3E21-4E4F-B831-4A06B028A042}.Release|Any CPU.Build.0 = Release|Any CPU
		{28D9EE27-3E21-4E4F-B831-4A06B028A042}.Release|x64.ActiveCfg = Release|Any CPU
		{28D9EE27-3E21-4E4F-B831-4A06B028A042}.Release|x64.Build.0 = Release|Any CPU
		{28D9EE27-3E21-4E4F-B831-4A06B028A042}.Release|x86.ActiveCfg = Release|Any CPU
		{28D9EE27-3E21-4E4F-B831-4A06B028A042}.Release|x86.Build.0 = Release|Any CPU
		{AFF705C8-766F-4804-A304-835D032B491F}.Debug|Any CPU.ActiveCfg = Debug|Any CPU
		{AFF705C8-766F-4804-A304-835D032B491F}.Debug|Any CPU.Build.0 = Debug|Any CPU
		{AFF705C8-766F-4804-A304-835D032B491F}.Debug|x64.ActiveCfg = Debug|Any CPU
		{AFF705C8-766F-4804-A304-835D032B491F}.Debug|x64.Build.0 = Debug|Any CPU
		{AFF705C8-766F-4804-A304-835D032B491F}.Debug|x86.ActiveCfg = Debug|Any CPU
		{AFF705C8-766F-4804-A304-835D032B491F}.Debug|x86.Build.0 = Debug|Any CPU
		{AFF705C8-766F-4804-A304-835D032B491F}.Release|Any CPU.ActiveCfg = Release|Any CPU
		{AFF705C8-766F-4804-A304-835D032B491F}.Release|Any CPU.Build.0 = Release|Any CPU
		{AFF705C8-766F-4804-A304-835D032B491F}.Release|x64.ActiveCfg = Release|Any CPU
		{AFF705C8-766F-4804-A304-835D032B491F}.Release|x64.Build.0 = Release|Any CPU
		{AFF705C8-766F-4804-A304-835D032B491F}.Release|x86.ActiveCfg = Release|Any CPU
		{AFF705C8-766F-4804-A304-835D032B491F}.Release|x86.Build.0 = Release|Any CPU
		{BAA994C4-89F8-4E03-88ED-33372B5B1781}.Debug|Any CPU.ActiveCfg = Debug|Any CPU
		{BAA994C4-89F8-4E03-88ED-33372B5B1781}.Debug|Any CPU.Build.0 = Debug|Any CPU
		{BAA994C4-89F8-4E03-88ED-33372B5B1781}.Debug|x64.ActiveCfg = Debug|Any CPU
		{BAA994C4-89F8-4E03-88ED-33372B5B1781}.Debug|x64.Build.0 = Debug|Any CPU
		{BAA994C4-89F8-4E03-88ED-33372B5B1781}.Debug|x86.ActiveCfg = Debug|Any CPU
		{BAA994C4-89F8-4E03-88ED-33372B5B1781}.Debug|x86.Build.0 = Debug|Any CPU
		{BAA994C4-89F8-4E03-88ED-33372B5B1781}.Release|Any CPU.ActiveCfg = Release|Any CPU
		{BAA994C4-89F8-4E03-88ED-33372B5B1781}.Release|Any CPU.Build.0 = Release|Any CPU
		{BAA994C4-89F8-4E03-88ED-33372B5B1781}.Release|x64.ActiveCfg = Release|Any CPU
		{BAA994C4-89F8-4E03-88ED-33372B5B1781}.Release|x64.Build.0 = Release|Any CPU
		{BAA994C4-89F8-4E03-88ED-33372B5B1781}.Release|x86.ActiveCfg = Release|Any CPU
		{BAA994C4-89F8-4E03-88ED-33372B5B1781}.Release|x86.Build.0 = Release|Any CPU
	EndGlobalSection
	GlobalSection(SolutionProperties) = preSolution
		HideSolutionNode = FALSE
	EndGlobalSection
	GlobalSection(NestedProjects) = preSolution
		{89376414-1FDD-4792-A0B0-94664664B3F0} = {5C0E6146-6C7B-4468-BCB4-A6A83D782686}
		{B7306113-5343-479F-A254-892CEA07004A} = {5C0E6146-6C7B-4468-BCB4-A6A83D782686}
		{0AF31D18-B1E0-4E6F-984D-EEB672D80DEF} = {5C0E6146-6C7B-4468-BCB4-A6A83D782686}
		{59FDEAB2-6004-459A-A44B-211A9A5D70D5} = {5C0E6146-6C7B-4468-BCB4-A6A83D782686}
		{DD43DFCC-68F9-4CFC-94CA-F73EED902E0C} = {5C0E6146-6C7B-4468-BCB4-A6A83D782686}
		{71B56249-7B42-4D92-A293-13F17DA67BE9} = {5C0E6146-6C7B-4468-BCB4-A6A83D782686}
		{B7C6426C-D07A-4259-A250-8BD405E644A6} = {5C0E6146-6C7B-4468-BCB4-A6A83D782686}
		{6BFE8B62-7B82-492D-8BB3-AADC60CDF2C5} = {5C0E6146-6C7B-4468-BCB4-A6A83D782686}
		{CAF4B4B4-B4DC-4FF1-960A-7D46A0B66D48} = {5C0E6146-6C7B-4468-BCB4-A6A83D782686}
		{C095DE41-BE11-42F6-996A-2EA0178009C1} = {5C0E6146-6C7B-4468-BCB4-A6A83D782686}
		{31E8F29A-CB9F-4C2C-905D-41426E712AAF} = {5C0E6146-6C7B-4468-BCB4-A6A83D782686}
		{7B61041C-CBE3-4189-B765-7422FF3F9477} = {5C0E6146-6C7B-4468-BCB4-A6A83D782686}
		{B4A2C53E-9838-44F0-9069-BF59C593F114} = {5C0E6146-6C7B-4468-BCB4-A6A83D782686}
		{88CF0328-0488-42B2-B497-57A76DEC037E} = {5C0E6146-6C7B-4468-BCB4-A6A83D782686}
		{778F5749-D20E-4732-A06A-F146C3D6049C} = {5C0E6146-6C7B-4468-BCB4-A6A83D782686}
		{C866FE21-886E-49FD-9123-572FE613A5AC} = {5C0E6146-6C7B-4468-BCB4-A6A83D782686}
		{B87D4A61-7C07-49C6-920B-BAE7F959E2B8} = {5C0E6146-6C7B-4468-BCB4-A6A83D782686}
		{175A01A0-2ED0-41AF-8C88-EC39193CCEAD} = {5C0E6146-6C7B-4468-BCB4-A6A83D782686}
		{F4CC6528-70B2-4AD1-BFA1-2D4178302131} = {5C0E6146-6C7B-4468-BCB4-A6A83D782686}
		{672C19EB-757F-49C2-8640-DD7B7F8BE32F} = {5C0E6146-6C7B-4468-BCB4-A6A83D782686}
		{B6DA36D3-62A4-48BF-A273-4A679EC25C76} = {5C0E6146-6C7B-4468-BCB4-A6A83D782686}
		{86715D1B-B1A4-4334-8B63-2FCA850DDC6B} = {5C0E6146-6C7B-4468-BCB4-A6A83D782686}
		{7E1DE76F-2CC7-433D-91E4-F0D042AB4970} = {5C0E6146-6C7B-4468-BCB4-A6A83D782686}
		{CB549014-46E8-4B73-9238-384903C304DA} = {5C0E6146-6C7B-4468-BCB4-A6A83D782686}
		{BA39E2E2-7DD7-44EF-9FEF-7B44058FB52D} = {F24CB063-8A47-47EA-B0D2-98CB3CEBDFF6}
		{E97F6E4E-881B-48DF-AB7D-7B03798218F5} = {F24CB063-8A47-47EA-B0D2-98CB3CEBDFF6}
		{8D9B6C6D-6CC9-4024-8089-B04AFD69BCE3} = {F24CB063-8A47-47EA-B0D2-98CB3CEBDFF6}
		{0AA013CE-F42F-42E1-AC97-CD823F10DEC7} = {F24CB063-8A47-47EA-B0D2-98CB3CEBDFF6}
		{B75E3E3A-DBA8-48F5-BE8F-7D5BB5E0CD3C} = {F24CB063-8A47-47EA-B0D2-98CB3CEBDFF6}
		{DF6222A0-3636-4BFB-B21E-F10EFC937508} = {F24CB063-8A47-47EA-B0D2-98CB3CEBDFF6}
		{F12553AA-BD8B-4DBE-B310-A8C9611BA627} = {7F9A41FA-83AA-46B0-9792-0AD4B4AD5A94}
		{0F5AF895-EDDF-4F22-BD8B-BB9B3F448C64} = {7F9A41FA-83AA-46B0-9792-0AD4B4AD5A94}
		{8D61AE41-1BD9-48D8-A871-64263D2336AF} = {7F9A41FA-83AA-46B0-9792-0AD4B4AD5A94}
		{7A203180-C4DC-49DB-9DAB-ECCB924B92C6} = {7F9A41FA-83AA-46B0-9792-0AD4B4AD5A94}
		{3F5A6C34-28CA-4DB4-9366-A95ABCC25FED} = {7F9A41FA-83AA-46B0-9792-0AD4B4AD5A94}
		{0DAFB7AD-A0DA-4BF8-8166-DF94F44572CA} = {7F9A41FA-83AA-46B0-9792-0AD4B4AD5A94}
		{C88A594F-F25B-41F9-8B9E-3C8C05BC096D} = {7F9A41FA-83AA-46B0-9792-0AD4B4AD5A94}
		{A2389664-011F-4A48-873F-F55FCB277E29} = {7F9A41FA-83AA-46B0-9792-0AD4B4AD5A94}
		{591153A0-2249-48AB-986B-BF0F78589446} = {7F9A41FA-83AA-46B0-9792-0AD4B4AD5A94}
		{3DA472F9-26BE-4DD0-8139-91B85F836D54} = {7F9A41FA-83AA-46B0-9792-0AD4B4AD5A94}
		{7A6C8B6B-62C1-4B7A-A150-2BC9D36620CF} = {7F9A41FA-83AA-46B0-9792-0AD4B4AD5A94}
		{D845C77F-84A2-4261-A1B0-C198460A27B7} = {7F9A41FA-83AA-46B0-9792-0AD4B4AD5A94}
		{56D020C9-A09E-48EF-9718-F769BBA7EBCD} = {7F9A41FA-83AA-46B0-9792-0AD4B4AD5A94}
		{06A58699-769A-4C11-8E9D-0840A7BC5DD0} = {7F9A41FA-83AA-46B0-9792-0AD4B4AD5A94}
		{FF0F5987-ED13-46A0-8A95-2FDBD52C5190} = {7F9A41FA-83AA-46B0-9792-0AD4B4AD5A94}
		{00500327-8722-46EA-8059-67DE121EFD81} = {39532B12-4F2E-4D12-BB3E-2166D9DFDB96}
		{081EED57-A0F0-417F-8A71-FE6472D65FB8} = {39532B12-4F2E-4D12-BB3E-2166D9DFDB96}
		{DD9DEFDC-3BB5-43F3-9568-1EB44C4628CB} = {39532B12-4F2E-4D12-BB3E-2166D9DFDB96}
		{76440EB2-5C8B-4BDC-857D-23A71A02E817} = {39532B12-4F2E-4D12-BB3E-2166D9DFDB96}
		{9C3CBC7A-B5C7-4564-99C8-27DEA0F15CE6} = {39532B12-4F2E-4D12-BB3E-2166D9DFDB96}
		{E777055E-6D0D-494A-A47A-B9E4091CDBA4} = {39532B12-4F2E-4D12-BB3E-2166D9DFDB96}
		{1828E3CD-2CAB-4327-B6D5-CB4CB1B401AF} = {39532B12-4F2E-4D12-BB3E-2166D9DFDB96}
		{AF414FD5-EBD1-48E0-8451-91A45580F870} = {39532B12-4F2E-4D12-BB3E-2166D9DFDB96}
		{44E45B29-039C-42B8-9E8A-DDCC5946712E} = {39532B12-4F2E-4D12-BB3E-2166D9DFDB96}
		{48365453-CF59-40BA-919D-04F194519524} = {39532B12-4F2E-4D12-BB3E-2166D9DFDB96}
		{43990590-8D41-4245-90E0-6BCB1EB20611} = {39532B12-4F2E-4D12-BB3E-2166D9DFDB96}
		{E1C6EEE5-D966-4AEC-8428-F3C3636BDD92} = {39532B12-4F2E-4D12-BB3E-2166D9DFDB96}
		{090BEBB8-4259-49FA-B28C-D67B7E625BFC} = {39532B12-4F2E-4D12-BB3E-2166D9DFDB96}
		{28207040-2D67-4D3D-842E-0A30197C438B} = {39532B12-4F2E-4D12-BB3E-2166D9DFDB96}
		{434E186D-C169-4330-8216-31BB3356838E} = {39532B12-4F2E-4D12-BB3E-2166D9DFDB96}
		{2846717C-3125-4CD8-97B1-5A6FF9D01591} = {39532B12-4F2E-4D12-BB3E-2166D9DFDB96}
		{EC49D429-867E-4562-9B78-3D2CB0E8F53F} = {39532B12-4F2E-4D12-BB3E-2166D9DFDB96}
		{52F1F290-220B-45AC-8FCF-CB3AFCCFEFEB} = {39532B12-4F2E-4D12-BB3E-2166D9DFDB96}
		{88FF714D-08D9-47F2-8D54-E6184E46BF57} = {39532B12-4F2E-4D12-BB3E-2166D9DFDB96}
		{3610C6C6-5685-4C51-AB00-D37F49051600} = {39532B12-4F2E-4D12-BB3E-2166D9DFDB96}
		{3B259688-C94B-4B2E-BAA3-DF94912DBDA6} = {39532B12-4F2E-4D12-BB3E-2166D9DFDB96}
		{7324043D-3A2C-4D2F-8D84-0495B7EE1088} = {39532B12-4F2E-4D12-BB3E-2166D9DFDB96}
		{76DA0C19-1D76-4045-972B-550E8583DC57} = {39532B12-4F2E-4D12-BB3E-2166D9DFDB96}
		{8A7E81E6-982B-4A4B-995A-5775FBD21F84} = {39532B12-4F2E-4D12-BB3E-2166D9DFDB96}
		{AC1CDF73-A84C-4C38-BA3D-1C4653AEB1E4} = {39532B12-4F2E-4D12-BB3E-2166D9DFDB96}
		{9C46EA86-BB18-4193-A09A-D6E7819C43C5} = {39532B12-4F2E-4D12-BB3E-2166D9DFDB96}
		{E70E5FC4-C8D7-446D-9243-AB17D007F441} = {39532B12-4F2E-4D12-BB3E-2166D9DFDB96}
		{236BB205-B81F-46D4-84E1-CB14340452D7} = {39532B12-4F2E-4D12-BB3E-2166D9DFDB96}
		{B7096437-5AF8-400B-8438-CFD800E0D241} = {39532B12-4F2E-4D12-BB3E-2166D9DFDB96}
		{E4FA31E1-D0A6-4702-B15A-3C6F49876A1D} = {39532B12-4F2E-4D12-BB3E-2166D9DFDB96}
		{0F76BC3A-498F-45B1-95C9-BBB4CD7743EB} = {39532B12-4F2E-4D12-BB3E-2166D9DFDB96}
		{C503B0F5-560F-41DD-AA3D-8886903531F1} = {39532B12-4F2E-4D12-BB3E-2166D9DFDB96}
		{28D9EE27-3E21-4E4F-B831-4A06B028A042} = {39532B12-4F2E-4D12-BB3E-2166D9DFDB96}
		{AFF705C8-766F-4804-A304-835D032B491F} = {39532B12-4F2E-4D12-BB3E-2166D9DFDB96}
		{BAA994C4-89F8-4E03-88ED-33372B5B1781} = {39532B12-4F2E-4D12-BB3E-2166D9DFDB96}
	EndGlobalSection
	GlobalSection(ExtensibilityGlobals) = postSolution
		SolutionGuid = {8CE00B0F-85F8-46D2-BBAE-C3B370AE8D34}
	EndGlobalSection
EndGlobal
