
Microsoft Visual Studio Solution File, Format Version 12.00
# Visual Studio Version 16
VisualStudioVersion = 16.6.30114.105
MinimumVisualStudioVersion = 10.0.40219.1
Project("{2150E333-8FDC-42A3-9474-1A3956D46DE8}") = "Chapter-19", "Chapter-19", "{5C0E6146-6C7B-4468-BCB4-A6A83D782686}"
EndProject
Project("{9A19103F-16F7-4668-BE54-9A1E7A4F7556}") = "Part-13", "Chapter-19\Part-13\Part-13.csproj", "{89376414-1FDD-4792-A0B0-94664664B3F0}"
EndProject
Project("{9A19103F-16F7-4668-BE54-9A1E7A4F7556}") = "Part-12", "Chapter-19\Part-12\Part-12.csproj", "{B7306113-5343-479F-A254-892CEA07004A}"
EndProject
Project("{9A19103F-16F7-4668-BE54-9A1E7A4F7556}") = "Part-14", "Chapter-19\Part-14\Part-14.csproj", "{0AF31D18-B1E0-4E6F-984D-EEB672D80DEF}"
EndProject
Project("{9A19103F-16F7-4668-BE54-9A1E7A4F7556}") = "Part-01", "Chapter-19\Part-01\Part-01.csproj", "{59FDEAB2-6004-459A-A44B-211A9A5D70D5}"
EndProject
Project("{9A19103F-16F7-4668-BE54-9A1E7A4F7556}") = "Part-02", "Chapter-19\Part-02\Part-02.csproj", "{DD43DFCC-68F9-4CFC-94CA-F73EED902E0C}"
EndProject
Project("{9A19103F-16F7-4668-BE54-9A1E7A4F7556}") = "Part-03", "Chapter-19\Part-03\Part-03.csproj", "{71B56249-7B42-4D92-A293-13F17DA67BE9}"
EndProject
Project("{9A19103F-16F7-4668-BE54-9A1E7A4F7556}") = "Part-04", "Chapter-19\Part-04\Part-04.csproj", "{B7C6426C-D07A-4259-A250-8BD405E644A6}"
EndProject
Project("{9A19103F-16F7-4668-BE54-9A1E7A4F7556}") = "Part-05", "Chapter-19\Part-05\Part-05.csproj", "{6BFE8B62-7B82-492D-8BB3-AADC60CDF2C5}"
EndProject
Project("{9A19103F-16F7-4668-BE54-9A1E7A4F7556}") = "Part-06", "Chapter-19\Part-06\Part-06.csproj", "{CAF4B4B4-B4DC-4FF1-960A-7D46A0B66D48}"
EndProject
Project("{9A19103F-16F7-4668-BE54-9A1E7A4F7556}") = "Part-07", "Chapter-19\Part-07\Part-07.csproj", "{C095DE41-BE11-42F6-996A-2EA0178009C1}"
EndProject
Project("{9A19103F-16F7-4668-BE54-9A1E7A4F7556}") = "Part-08", "Chapter-19\Part-08\Part-08.csproj", "{31E8F29A-CB9F-4C2C-905D-41426E712AAF}"
EndProject
Project("{9A19103F-16F7-4668-BE54-9A1E7A4F7556}") = "Part-09", "Chapter-19\Part-09\Part-09.csproj", "{7B61041C-CBE3-4189-B765-7422FF3F9477}"
EndProject
Project("{9A19103F-16F7-4668-BE54-9A1E7A4F7556}") = "Part-10", "Chapter-19\Part-10\Part-10.csproj", "{B4A2C53E-9838-44F0-9069-BF59C593F114}"
EndProject
Project("{9A19103F-16F7-4668-BE54-9A1E7A4F7556}") = "Part-11", "Chapter-19\Part-11\Part-11.csproj", "{88CF0328-0488-42B2-B497-57A76DEC037E}"
EndProject
Project("{9A19103F-16F7-4668-BE54-9A1E7A4F7556}") = "Part-15", "Chapter-19\Part-15\Part-15.csproj", "{778F5749-D20E-4732-A06A-F146C3D6049C}"
EndProject
Project("{9A19103F-16F7-4668-BE54-9A1E7A4F7556}") = "Part-16", "Chapter-19\Part-16\Part-16.csproj", "{C866FE21-886E-49FD-9123-572FE613A5AC}"
EndProject
Project("{9A19103F-16F7-4668-BE54-9A1E7A4F7556}") = "Part-17", "Chapter-19\Part-17\Part-17.csproj", "{B87D4A61-7C07-49C6-920B-BAE7F959E2B8}"
EndProject
Project("{9A19103F-16F7-4668-BE54-9A1E7A4F7556}") = "Part-18", "Chapter-19\Part-18\Part-18.csproj", "{175A01A0-2ED0-41AF-8C88-EC39193CCEAD}"
EndProject
Project("{9A19103F-16F7-4668-BE54-9A1E7A4F7556}") = "Part-19", "Chapter-19\Part-19\Part-19.csproj", "{F4CC6528-70B2-4AD1-BFA1-2D4178302131}"
EndProject
Project("{9A19103F-16F7-4668-BE54-9A1E7A4F7556}") = "Part-20", "Chapter-19\Part-20\Part-20.csproj", "{672C19EB-757F-49C2-8640-DD7B7F8BE32F}"
EndProject
Project("{9A19103F-16F7-4668-BE54-9A1E7A4F7556}") = "Part-21", "Chapter-19\Part-21\Part-21.csproj", "{B6DA36D3-62A4-48BF-A273-4A679EC25C76}"
EndProject
Project("{9A19103F-16F7-4668-BE54-9A1E7A4F7556}") = "Part-22", "Chapter-19\Part-22\Part-22.csproj", "{86715D1B-B1A4-4334-8B63-2FCA850DDC6B}"
EndProject
Project("{9A19103F-16F7-4668-BE54-9A1E7A4F7556}") = "Part-23", "Chapter-19\Part-23\Part-23.csproj", "{7E1DE76F-2CC7-433D-91E4-F0D042AB4970}"
EndProject
Project("{9A19103F-16F7-4668-BE54-9A1E7A4F7556}") = "Part-24", "Chapter-19\Part-24\Part-24.csproj", "{CB549014-46E8-4B73-9238-384903C304DA}"
EndProject
Project("{2150E333-8FDC-42A3-9474-1A3956D46DE8}") = "Chapter-12", "Chapter-12", "{F24CB063-8A47-47EA-B0D2-98CB3CEBDFF6}"
EndProject
Project("{9A19103F-16F7-4668-BE54-9A1E7A4F7556}") = "Part-01", "Chapter-12\Part-1\Part-01.csproj", "{6F0C76DC-0594-4E7D-BB5A-629FD42AEDD5}"
EndProject
Project("{9A19103F-16F7-4668-BE54-9A1E7A4F7556}") = "Part-02", "Chapter-12\Part-2\Part-02.csproj", "{B117AF9B-BD24-42EB-8D48-A7125D6B49FE}"
EndProject
Global
	GlobalSection(SolutionConfigurationPlatforms) = preSolution
		Debug|Any CPU = Debug|Any CPU
		Debug|x64 = Debug|x64
		Debug|x86 = Debug|x86
		Release|Any CPU = Release|Any CPU
		Release|x64 = Release|x64
		Release|x86 = Release|x86
	EndGlobalSection
	GlobalSection(ProjectConfigurationPlatforms) = postSolution
		{89376414-1FDD-4792-A0B0-94664664B3F0}.Debug|Any CPU.ActiveCfg = Debug|Any CPU
		{89376414-1FDD-4792-A0B0-94664664B3F0}.Debug|Any CPU.Build.0 = Debug|Any CPU
		{89376414-1FDD-4792-A0B0-94664664B3F0}.Debug|x64.ActiveCfg = Debug|Any CPU
		{89376414-1FDD-4792-A0B0-94664664B3F0}.Debug|x64.Build.0 = Debug|Any CPU
		{89376414-1FDD-4792-A0B0-94664664B3F0}.Debug|x86.ActiveCfg = Debug|Any CPU
		{89376414-1FDD-4792-A0B0-94664664B3F0}.Debug|x86.Build.0 = Debug|Any CPU
		{89376414-1FDD-4792-A0B0-94664664B3F0}.Release|Any CPU.ActiveCfg = Release|Any CPU
		{89376414-1FDD-4792-A0B0-94664664B3F0}.Release|Any CPU.Build.0 = Release|Any CPU
		{89376414-1FDD-4792-A0B0-94664664B3F0}.Release|x64.ActiveCfg = Release|Any CPU
		{89376414-1FDD-4792-A0B0-94664664B3F0}.Release|x64.Build.0 = Release|Any CPU
		{89376414-1FDD-4792-A0B0-94664664B3F0}.Release|x86.ActiveCfg = Release|Any CPU
		{89376414-1FDD-4792-A0B0-94664664B3F0}.Release|x86.Build.0 = Release|Any CPU
		{B7306113-5343-479F-A254-892CEA07004A}.Debug|Any CPU.ActiveCfg = Debug|Any CPU
		{B7306113-5343-479F-A254-892CEA07004A}.Debug|Any CPU.Build.0 = Debug|Any CPU
		{B7306113-5343-479F-A254-892CEA07004A}.Debug|x64.ActiveCfg = Debug|Any CPU
		{B7306113-5343-479F-A254-892CEA07004A}.Debug|x64.Build.0 = Debug|Any CPU
		{B7306113-5343-479F-A254-892CEA07004A}.Debug|x86.ActiveCfg = Debug|Any CPU
		{B7306113-5343-479F-A254-892CEA07004A}.Debug|x86.Build.0 = Debug|Any CPU
		{B7306113-5343-479F-A254-892CEA07004A}.Release|Any CPU.ActiveCfg = Release|Any CPU
		{B7306113-5343-479F-A254-892CEA07004A}.Release|Any CPU.Build.0 = Release|Any CPU
		{B7306113-5343-479F-A254-892CEA07004A}.Release|x64.ActiveCfg = Release|Any CPU
		{B7306113-5343-479F-A254-892CEA07004A}.Release|x64.Build.0 = Release|Any CPU
		{B7306113-5343-479F-A254-892CEA07004A}.Release|x86.ActiveCfg = Release|Any CPU
		{B7306113-5343-479F-A254-892CEA07004A}.Release|x86.Build.0 = Release|Any CPU
		{0AF31D18-B1E0-4E6F-984D-EEB672D80DEF}.Debug|Any CPU.ActiveCfg = Debug|Any CPU
		{0AF31D18-B1E0-4E6F-984D-EEB672D80DEF}.Debug|Any CPU.Build.0 = Debug|Any CPU
		{0AF31D18-B1E0-4E6F-984D-EEB672D80DEF}.Debug|x64.ActiveCfg = Debug|Any CPU
		{0AF31D18-B1E0-4E6F-984D-EEB672D80DEF}.Debug|x64.Build.0 = Debug|Any CPU
		{0AF31D18-B1E0-4E6F-984D-EEB672D80DEF}.Debug|x86.ActiveCfg = Debug|Any CPU
		{0AF31D18-B1E0-4E6F-984D-EEB672D80DEF}.Debug|x86.Build.0 = Debug|Any CPU
		{0AF31D18-B1E0-4E6F-984D-EEB672D80DEF}.Release|Any CPU.ActiveCfg = Release|Any CPU
		{0AF31D18-B1E0-4E6F-984D-EEB672D80DEF}.Release|Any CPU.Build.0 = Release|Any CPU
		{0AF31D18-B1E0-4E6F-984D-EEB672D80DEF}.Release|x64.ActiveCfg = Release|Any CPU
		{0AF31D18-B1E0-4E6F-984D-EEB672D80DEF}.Release|x64.Build.0 = Release|Any CPU
		{0AF31D18-B1E0-4E6F-984D-EEB672D80DEF}.Release|x86.ActiveCfg = Release|Any CPU
		{0AF31D18-B1E0-4E6F-984D-EEB672D80DEF}.Release|x86.Build.0 = Release|Any CPU
		{59FDEAB2-6004-459A-A44B-211A9A5D70D5}.Debug|Any CPU.ActiveCfg = Debug|Any CPU
		{59FDEAB2-6004-459A-A44B-211A9A5D70D5}.Debug|Any CPU.Build.0 = Debug|Any CPU
		{59FDEAB2-6004-459A-A44B-211A9A5D70D5}.Debug|x64.ActiveCfg = Debug|Any CPU
		{59FDEAB2-6004-459A-A44B-211A9A5D70D5}.Debug|x64.Build.0 = Debug|Any CPU
		{59FDEAB2-6004-459A-A44B-211A9A5D70D5}.Debug|x86.ActiveCfg = Debug|Any CPU
		{59FDEAB2-6004-459A-A44B-211A9A5D70D5}.Debug|x86.Build.0 = Debug|Any CPU
		{59FDEAB2-6004-459A-A44B-211A9A5D70D5}.Release|Any CPU.ActiveCfg = Release|Any CPU
		{59FDEAB2-6004-459A-A44B-211A9A5D70D5}.Release|Any CPU.Build.0 = Release|Any CPU
		{59FDEAB2-6004-459A-A44B-211A9A5D70D5}.Release|x64.ActiveCfg = Release|Any CPU
		{59FDEAB2-6004-459A-A44B-211A9A5D70D5}.Release|x64.Build.0 = Release|Any CPU
		{59FDEAB2-6004-459A-A44B-211A9A5D70D5}.Release|x86.ActiveCfg = Release|Any CPU
		{59FDEAB2-6004-459A-A44B-211A9A5D70D5}.Release|x86.Build.0 = Release|Any CPU
		{DD43DFCC-68F9-4CFC-94CA-F73EED902E0C}.Debug|Any CPU.ActiveCfg = Debug|Any CPU
		{DD43DFCC-68F9-4CFC-94CA-F73EED902E0C}.Debug|Any CPU.Build.0 = Debug|Any CPU
		{DD43DFCC-68F9-4CFC-94CA-F73EED902E0C}.Debug|x64.ActiveCfg = Debug|Any CPU
		{DD43DFCC-68F9-4CFC-94CA-F73EED902E0C}.Debug|x64.Build.0 = Debug|Any CPU
		{DD43DFCC-68F9-4CFC-94CA-F73EED902E0C}.Debug|x86.ActiveCfg = Debug|Any CPU
		{DD43DFCC-68F9-4CFC-94CA-F73EED902E0C}.Debug|x86.Build.0 = Debug|Any CPU
		{DD43DFCC-68F9-4CFC-94CA-F73EED902E0C}.Release|Any CPU.ActiveCfg = Release|Any CPU
		{DD43DFCC-68F9-4CFC-94CA-F73EED902E0C}.Release|Any CPU.Build.0 = Release|Any CPU
		{DD43DFCC-68F9-4CFC-94CA-F73EED902E0C}.Release|x64.ActiveCfg = Release|Any CPU
		{DD43DFCC-68F9-4CFC-94CA-F73EED902E0C}.Release|x64.Build.0 = Release|Any CPU
		{DD43DFCC-68F9-4CFC-94CA-F73EED902E0C}.Release|x86.ActiveCfg = Release|Any CPU
		{DD43DFCC-68F9-4CFC-94CA-F73EED902E0C}.Release|x86.Build.0 = Release|Any CPU
		{71B56249-7B42-4D92-A293-13F17DA67BE9}.Debug|Any CPU.ActiveCfg = Debug|Any CPU
		{71B56249-7B42-4D92-A293-13F17DA67BE9}.Debug|Any CPU.Build.0 = Debug|Any CPU
		{71B56249-7B42-4D92-A293-13F17DA67BE9}.Debug|x64.ActiveCfg = Debug|Any CPU
		{71B56249-7B42-4D92-A293-13F17DA67BE9}.Debug|x64.Build.0 = Debug|Any CPU
		{71B56249-7B42-4D92-A293-13F17DA67BE9}.Debug|x86.ActiveCfg = Debug|Any CPU
		{71B56249-7B42-4D92-A293-13F17DA67BE9}.Debug|x86.Build.0 = Debug|Any CPU
		{71B56249-7B42-4D92-A293-13F17DA67BE9}.Release|Any CPU.ActiveCfg = Release|Any CPU
		{71B56249-7B42-4D92-A293-13F17DA67BE9}.Release|Any CPU.Build.0 = Release|Any CPU
		{71B56249-7B42-4D92-A293-13F17DA67BE9}.Release|x64.ActiveCfg = Release|Any CPU
		{71B56249-7B42-4D92-A293-13F17DA67BE9}.Release|x64.Build.0 = Release|Any CPU
		{71B56249-7B42-4D92-A293-13F17DA67BE9}.Release|x86.ActiveCfg = Release|Any CPU
		{71B56249-7B42-4D92-A293-13F17DA67BE9}.Release|x86.Build.0 = Release|Any CPU
		{B7C6426C-D07A-4259-A250-8BD405E644A6}.Debug|Any CPU.ActiveCfg = Debug|Any CPU
		{B7C6426C-D07A-4259-A250-8BD405E644A6}.Debug|Any CPU.Build.0 = Debug|Any CPU
		{B7C6426C-D07A-4259-A250-8BD405E644A6}.Debug|x64.ActiveCfg = Debug|Any CPU
		{B7C6426C-D07A-4259-A250-8BD405E644A6}.Debug|x64.Build.0 = Debug|Any CPU
		{B7C6426C-D07A-4259-A250-8BD405E644A6}.Debug|x86.ActiveCfg = Debug|Any CPU
		{B7C6426C-D07A-4259-A250-8BD405E644A6}.Debug|x86.Build.0 = Debug|Any CPU
		{B7C6426C-D07A-4259-A250-8BD405E644A6}.Release|Any CPU.ActiveCfg = Release|Any CPU
		{B7C6426C-D07A-4259-A250-8BD405E644A6}.Release|Any CPU.Build.0 = Release|Any CPU
		{B7C6426C-D07A-4259-A250-8BD405E644A6}.Release|x64.ActiveCfg = Release|Any CPU
		{B7C6426C-D07A-4259-A250-8BD405E644A6}.Release|x64.Build.0 = Release|Any CPU
		{B7C6426C-D07A-4259-A250-8BD405E644A6}.Release|x86.ActiveCfg = Release|Any CPU
		{B7C6426C-D07A-4259-A250-8BD405E644A6}.Release|x86.Build.0 = Release|Any CPU
		{6BFE8B62-7B82-492D-8BB3-AADC60CDF2C5}.Debug|Any CPU.ActiveCfg = Debug|Any CPU
		{6BFE8B62-7B82-492D-8BB3-AADC60CDF2C5}.Debug|Any CPU.Build.0 = Debug|Any CPU
		{6BFE8B62-7B82-492D-8BB3-AADC60CDF2C5}.Debug|x64.ActiveCfg = Debug|Any CPU
		{6BFE8B62-7B82-492D-8BB3-AADC60CDF2C5}.Debug|x64.Build.0 = Debug|Any CPU
		{6BFE8B62-7B82-492D-8BB3-AADC60CDF2C5}.Debug|x86.ActiveCfg = Debug|Any CPU
		{6BFE8B62-7B82-492D-8BB3-AADC60CDF2C5}.Debug|x86.Build.0 = Debug|Any CPU
		{6BFE8B62-7B82-492D-8BB3-AADC60CDF2C5}.Release|Any CPU.ActiveCfg = Release|Any CPU
		{6BFE8B62-7B82-492D-8BB3-AADC60CDF2C5}.Release|Any CPU.Build.0 = Release|Any CPU
		{6BFE8B62-7B82-492D-8BB3-AADC60CDF2C5}.Release|x64.ActiveCfg = Release|Any CPU
		{6BFE8B62-7B82-492D-8BB3-AADC60CDF2C5}.Release|x64.Build.0 = Release|Any CPU
		{6BFE8B62-7B82-492D-8BB3-AADC60CDF2C5}.Release|x86.ActiveCfg = Release|Any CPU
		{6BFE8B62-7B82-492D-8BB3-AADC60CDF2C5}.Release|x86.Build.0 = Release|Any CPU
		{CAF4B4B4-B4DC-4FF1-960A-7D46A0B66D48}.Debug|Any CPU.ActiveCfg = Debug|Any CPU
		{CAF4B4B4-B4DC-4FF1-960A-7D46A0B66D48}.Debug|Any CPU.Build.0 = Debug|Any CPU
		{CAF4B4B4-B4DC-4FF1-960A-7D46A0B66D48}.Debug|x64.ActiveCfg = Debug|Any CPU
		{CAF4B4B4-B4DC-4FF1-960A-7D46A0B66D48}.Debug|x64.Build.0 = Debug|Any CPU
		{CAF4B4B4-B4DC-4FF1-960A-7D46A0B66D48}.Debug|x86.ActiveCfg = Debug|Any CPU
		{CAF4B4B4-B4DC-4FF1-960A-7D46A0B66D48}.Debug|x86.Build.0 = Debug|Any CPU
		{CAF4B4B4-B4DC-4FF1-960A-7D46A0B66D48}.Release|Any CPU.ActiveCfg = Release|Any CPU
		{CAF4B4B4-B4DC-4FF1-960A-7D46A0B66D48}.Release|Any CPU.Build.0 = Release|Any CPU
		{CAF4B4B4-B4DC-4FF1-960A-7D46A0B66D48}.Release|x64.ActiveCfg = Release|Any CPU
		{CAF4B4B4-B4DC-4FF1-960A-7D46A0B66D48}.Release|x64.Build.0 = Release|Any CPU
		{CAF4B4B4-B4DC-4FF1-960A-7D46A0B66D48}.Release|x86.ActiveCfg = Release|Any CPU
		{CAF4B4B4-B4DC-4FF1-960A-7D46A0B66D48}.Release|x86.Build.0 = Release|Any CPU
		{C095DE41-BE11-42F6-996A-2EA0178009C1}.Debug|Any CPU.ActiveCfg = Debug|Any CPU
		{C095DE41-BE11-42F6-996A-2EA0178009C1}.Debug|Any CPU.Build.0 = Debug|Any CPU
		{C095DE41-BE11-42F6-996A-2EA0178009C1}.Debug|x64.ActiveCfg = Debug|Any CPU
		{C095DE41-BE11-42F6-996A-2EA0178009C1}.Debug|x64.Build.0 = Debug|Any CPU
		{C095DE41-BE11-42F6-996A-2EA0178009C1}.Debug|x86.ActiveCfg = Debug|Any CPU
		{C095DE41-BE11-42F6-996A-2EA0178009C1}.Debug|x86.Build.0 = Debug|Any CPU
		{C095DE41-BE11-42F6-996A-2EA0178009C1}.Release|Any CPU.ActiveCfg = Release|Any CPU
		{C095DE41-BE11-42F6-996A-2EA0178009C1}.Release|Any CPU.Build.0 = Release|Any CPU
		{C095DE41-BE11-42F6-996A-2EA0178009C1}.Release|x64.ActiveCfg = Release|Any CPU
		{C095DE41-BE11-42F6-996A-2EA0178009C1}.Release|x64.Build.0 = Release|Any CPU
		{C095DE41-BE11-42F6-996A-2EA0178009C1}.Release|x86.ActiveCfg = Release|Any CPU
		{C095DE41-BE11-42F6-996A-2EA0178009C1}.Release|x86.Build.0 = Release|Any CPU
		{31E8F29A-CB9F-4C2C-905D-41426E712AAF}.Debug|Any CPU.ActiveCfg = Debug|Any CPU
		{31E8F29A-CB9F-4C2C-905D-41426E712AAF}.Debug|Any CPU.Build.0 = Debug|Any CPU
		{31E8F29A-CB9F-4C2C-905D-41426E712AAF}.Debug|x64.ActiveCfg = Debug|Any CPU
		{31E8F29A-CB9F-4C2C-905D-41426E712AAF}.Debug|x64.Build.0 = Debug|Any CPU
		{31E8F29A-CB9F-4C2C-905D-41426E712AAF}.Debug|x86.ActiveCfg = Debug|Any CPU
		{31E8F29A-CB9F-4C2C-905D-41426E712AAF}.Debug|x86.Build.0 = Debug|Any CPU
		{31E8F29A-CB9F-4C2C-905D-41426E712AAF}.Release|Any CPU.ActiveCfg = Release|Any CPU
		{31E8F29A-CB9F-4C2C-905D-41426E712AAF}.Release|Any CPU.Build.0 = Release|Any CPU
		{31E8F29A-CB9F-4C2C-905D-41426E712AAF}.Release|x64.ActiveCfg = Release|Any CPU
		{31E8F29A-CB9F-4C2C-905D-41426E712AAF}.Release|x64.Build.0 = Release|Any CPU
		{31E8F29A-CB9F-4C2C-905D-41426E712AAF}.Release|x86.ActiveCfg = Release|Any CPU
		{31E8F29A-CB9F-4C2C-905D-41426E712AAF}.Release|x86.Build.0 = Release|Any CPU
		{7B61041C-CBE3-4189-B765-7422FF3F9477}.Debug|Any CPU.ActiveCfg = Debug|Any CPU
		{7B61041C-CBE3-4189-B765-7422FF3F9477}.Debug|Any CPU.Build.0 = Debug|Any CPU
		{7B61041C-CBE3-4189-B765-7422FF3F9477}.Debug|x64.ActiveCfg = Debug|Any CPU
		{7B61041C-CBE3-4189-B765-7422FF3F9477}.Debug|x64.Build.0 = Debug|Any CPU
		{7B61041C-CBE3-4189-B765-7422FF3F9477}.Debug|x86.ActiveCfg = Debug|Any CPU
		{7B61041C-CBE3-4189-B765-7422FF3F9477}.Debug|x86.Build.0 = Debug|Any CPU
		{7B61041C-CBE3-4189-B765-7422FF3F9477}.Release|Any CPU.ActiveCfg = Release|Any CPU
		{7B61041C-CBE3-4189-B765-7422FF3F9477}.Release|Any CPU.Build.0 = Release|Any CPU
		{7B61041C-CBE3-4189-B765-7422FF3F9477}.Release|x64.ActiveCfg = Release|Any CPU
		{7B61041C-CBE3-4189-B765-7422FF3F9477}.Release|x64.Build.0 = Release|Any CPU
		{7B61041C-CBE3-4189-B765-7422FF3F9477}.Release|x86.ActiveCfg = Release|Any CPU
		{7B61041C-CBE3-4189-B765-7422FF3F9477}.Release|x86.Build.0 = Release|Any CPU
		{B4A2C53E-9838-44F0-9069-BF59C593F114}.Debug|Any CPU.ActiveCfg = Debug|Any CPU
		{B4A2C53E-9838-44F0-9069-BF59C593F114}.Debug|Any CPU.Build.0 = Debug|Any CPU
		{B4A2C53E-9838-44F0-9069-BF59C593F114}.Debug|x64.ActiveCfg = Debug|Any CPU
		{B4A2C53E-9838-44F0-9069-BF59C593F114}.Debug|x64.Build.0 = Debug|Any CPU
		{B4A2C53E-9838-44F0-9069-BF59C593F114}.Debug|x86.ActiveCfg = Debug|Any CPU
		{B4A2C53E-9838-44F0-9069-BF59C593F114}.Debug|x86.Build.0 = Debug|Any CPU
		{B4A2C53E-9838-44F0-9069-BF59C593F114}.Release|Any CPU.ActiveCfg = Release|Any CPU
		{B4A2C53E-9838-44F0-9069-BF59C593F114}.Release|Any CPU.Build.0 = Release|Any CPU
		{B4A2C53E-9838-44F0-9069-BF59C593F114}.Release|x64.ActiveCfg = Release|Any CPU
		{B4A2C53E-9838-44F0-9069-BF59C593F114}.Release|x64.Build.0 = Release|Any CPU
		{B4A2C53E-9838-44F0-9069-BF59C593F114}.Release|x86.ActiveCfg = Release|Any CPU
		{B4A2C53E-9838-44F0-9069-BF59C593F114}.Release|x86.Build.0 = Release|Any CPU
		{88CF0328-0488-42B2-B497-57A76DEC037E}.Debug|Any CPU.ActiveCfg = Debug|Any CPU
		{88CF0328-0488-42B2-B497-57A76DEC037E}.Debug|Any CPU.Build.0 = Debug|Any CPU
		{88CF0328-0488-42B2-B497-57A76DEC037E}.Debug|x64.ActiveCfg = Debug|Any CPU
		{88CF0328-0488-42B2-B497-57A76DEC037E}.Debug|x64.Build.0 = Debug|Any CPU
		{88CF0328-0488-42B2-B497-57A76DEC037E}.Debug|x86.ActiveCfg = Debug|Any CPU
		{88CF0328-0488-42B2-B497-57A76DEC037E}.Debug|x86.Build.0 = Debug|Any CPU
		{88CF0328-0488-42B2-B497-57A76DEC037E}.Release|Any CPU.ActiveCfg = Release|Any CPU
		{88CF0328-0488-42B2-B497-57A76DEC037E}.Release|Any CPU.Build.0 = Release|Any CPU
		{88CF0328-0488-42B2-B497-57A76DEC037E}.Release|x64.ActiveCfg = Release|Any CPU
		{88CF0328-0488-42B2-B497-57A76DEC037E}.Release|x64.Build.0 = Release|Any CPU
		{88CF0328-0488-42B2-B497-57A76DEC037E}.Release|x86.ActiveCfg = Release|Any CPU
		{88CF0328-0488-42B2-B497-57A76DEC037E}.Release|x86.Build.0 = Release|Any CPU
		{778F5749-D20E-4732-A06A-F146C3D6049C}.Debug|Any CPU.ActiveCfg = Debug|Any CPU
		{778F5749-D20E-4732-A06A-F146C3D6049C}.Debug|Any CPU.Build.0 = Debug|Any CPU
		{778F5749-D20E-4732-A06A-F146C3D6049C}.Debug|x64.ActiveCfg = Debug|Any CPU
		{778F5749-D20E-4732-A06A-F146C3D6049C}.Debug|x64.Build.0 = Debug|Any CPU
		{778F5749-D20E-4732-A06A-F146C3D6049C}.Debug|x86.ActiveCfg = Debug|Any CPU
		{778F5749-D20E-4732-A06A-F146C3D6049C}.Debug|x86.Build.0 = Debug|Any CPU
		{778F5749-D20E-4732-A06A-F146C3D6049C}.Release|Any CPU.ActiveCfg = Release|Any CPU
		{778F5749-D20E-4732-A06A-F146C3D6049C}.Release|Any CPU.Build.0 = Release|Any CPU
		{778F5749-D20E-4732-A06A-F146C3D6049C}.Release|x64.ActiveCfg = Release|Any CPU
		{778F5749-D20E-4732-A06A-F146C3D6049C}.Release|x64.Build.0 = Release|Any CPU
		{778F5749-D20E-4732-A06A-F146C3D6049C}.Release|x86.ActiveCfg = Release|Any CPU
		{778F5749-D20E-4732-A06A-F146C3D6049C}.Release|x86.Build.0 = Release|Any CPU
		{C866FE21-886E-49FD-9123-572FE613A5AC}.Debug|Any CPU.ActiveCfg = Debug|Any CPU
		{C866FE21-886E-49FD-9123-572FE613A5AC}.Debug|Any CPU.Build.0 = Debug|Any CPU
		{C866FE21-886E-49FD-9123-572FE613A5AC}.Debug|x64.ActiveCfg = Debug|Any CPU
		{C866FE21-886E-49FD-9123-572FE613A5AC}.Debug|x64.Build.0 = Debug|Any CPU
		{C866FE21-886E-49FD-9123-572FE613A5AC}.Debug|x86.ActiveCfg = Debug|Any CPU
		{C866FE21-886E-49FD-9123-572FE613A5AC}.Debug|x86.Build.0 = Debug|Any CPU
		{C866FE21-886E-49FD-9123-572FE613A5AC}.Release|Any CPU.ActiveCfg = Release|Any CPU
		{C866FE21-886E-49FD-9123-572FE613A5AC}.Release|Any CPU.Build.0 = Release|Any CPU
		{C866FE21-886E-49FD-9123-572FE613A5AC}.Release|x64.ActiveCfg = Release|Any CPU
		{C866FE21-886E-49FD-9123-572FE613A5AC}.Release|x64.Build.0 = Release|Any CPU
		{C866FE21-886E-49FD-9123-572FE613A5AC}.Release|x86.ActiveCfg = Release|Any CPU
		{C866FE21-886E-49FD-9123-572FE613A5AC}.Release|x86.Build.0 = Release|Any CPU
		{B87D4A61-7C07-49C6-920B-BAE7F959E2B8}.Debug|Any CPU.ActiveCfg = Debug|Any CPU
		{B87D4A61-7C07-49C6-920B-BAE7F959E2B8}.Debug|Any CPU.Build.0 = Debug|Any CPU
		{B87D4A61-7C07-49C6-920B-BAE7F959E2B8}.Debug|x64.ActiveCfg = Debug|Any CPU
		{B87D4A61-7C07-49C6-920B-BAE7F959E2B8}.Debug|x64.Build.0 = Debug|Any CPU
		{B87D4A61-7C07-49C6-920B-BAE7F959E2B8}.Debug|x86.ActiveCfg = Debug|Any CPU
		{B87D4A61-7C07-49C6-920B-BAE7F959E2B8}.Debug|x86.Build.0 = Debug|Any CPU
		{B87D4A61-7C07-49C6-920B-BAE7F959E2B8}.Release|Any CPU.ActiveCfg = Release|Any CPU
		{B87D4A61-7C07-49C6-920B-BAE7F959E2B8}.Release|Any CPU.Build.0 = Release|Any CPU
		{B87D4A61-7C07-49C6-920B-BAE7F959E2B8}.Release|x64.ActiveCfg = Release|Any CPU
		{B87D4A61-7C07-49C6-920B-BAE7F959E2B8}.Release|x64.Build.0 = Release|Any CPU
		{B87D4A61-7C07-49C6-920B-BAE7F959E2B8}.Release|x86.ActiveCfg = Release|Any CPU
		{B87D4A61-7C07-49C6-920B-BAE7F959E2B8}.Release|x86.Build.0 = Release|Any CPU
		{175A01A0-2ED0-41AF-8C88-EC39193CCEAD}.Debug|Any CPU.ActiveCfg = Debug|Any CPU
		{175A01A0-2ED0-41AF-8C88-EC39193CCEAD}.Debug|Any CPU.Build.0 = Debug|Any CPU
		{175A01A0-2ED0-41AF-8C88-EC39193CCEAD}.Debug|x64.ActiveCfg = Debug|Any CPU
		{175A01A0-2ED0-41AF-8C88-EC39193CCEAD}.Debug|x64.Build.0 = Debug|Any CPU
		{175A01A0-2ED0-41AF-8C88-EC39193CCEAD}.Debug|x86.ActiveCfg = Debug|Any CPU
		{175A01A0-2ED0-41AF-8C88-EC39193CCEAD}.Debug|x86.Build.0 = Debug|Any CPU
		{175A01A0-2ED0-41AF-8C88-EC39193CCEAD}.Release|Any CPU.ActiveCfg = Release|Any CPU
		{175A01A0-2ED0-41AF-8C88-EC39193CCEAD}.Release|Any CPU.Build.0 = Release|Any CPU
		{175A01A0-2ED0-41AF-8C88-EC39193CCEAD}.Release|x64.ActiveCfg = Release|Any CPU
		{175A01A0-2ED0-41AF-8C88-EC39193CCEAD}.Release|x64.Build.0 = Release|Any CPU
		{175A01A0-2ED0-41AF-8C88-EC39193CCEAD}.Release|x86.ActiveCfg = Release|Any CPU
		{175A01A0-2ED0-41AF-8C88-EC39193CCEAD}.Release|x86.Build.0 = Release|Any CPU
		{F4CC6528-70B2-4AD1-BFA1-2D4178302131}.Debug|Any CPU.ActiveCfg = Debug|Any CPU
		{F4CC6528-70B2-4AD1-BFA1-2D4178302131}.Debug|Any CPU.Build.0 = Debug|Any CPU
		{F4CC6528-70B2-4AD1-BFA1-2D4178302131}.Debug|x64.ActiveCfg = Debug|Any CPU
		{F4CC6528-70B2-4AD1-BFA1-2D4178302131}.Debug|x64.Build.0 = Debug|Any CPU
		{F4CC6528-70B2-4AD1-BFA1-2D4178302131}.Debug|x86.ActiveCfg = Debug|Any CPU
		{F4CC6528-70B2-4AD1-BFA1-2D4178302131}.Debug|x86.Build.0 = Debug|Any CPU
		{F4CC6528-70B2-4AD1-BFA1-2D4178302131}.Release|Any CPU.ActiveCfg = Release|Any CPU
		{F4CC6528-70B2-4AD1-BFA1-2D4178302131}.Release|Any CPU.Build.0 = Release|Any CPU
		{F4CC6528-70B2-4AD1-BFA1-2D4178302131}.Release|x64.ActiveCfg = Release|Any CPU
		{F4CC6528-70B2-4AD1-BFA1-2D4178302131}.Release|x64.Build.0 = Release|Any CPU
		{F4CC6528-70B2-4AD1-BFA1-2D4178302131}.Release|x86.ActiveCfg = Release|Any CPU
		{F4CC6528-70B2-4AD1-BFA1-2D4178302131}.Release|x86.Build.0 = Release|Any CPU
		{672C19EB-757F-49C2-8640-DD7B7F8BE32F}.Debug|Any CPU.ActiveCfg = Debug|Any CPU
		{672C19EB-757F-49C2-8640-DD7B7F8BE32F}.Debug|Any CPU.Build.0 = Debug|Any CPU
		{672C19EB-757F-49C2-8640-DD7B7F8BE32F}.Debug|x64.ActiveCfg = Debug|Any CPU
		{672C19EB-757F-49C2-8640-DD7B7F8BE32F}.Debug|x64.Build.0 = Debug|Any CPU
		{672C19EB-757F-49C2-8640-DD7B7F8BE32F}.Debug|x86.ActiveCfg = Debug|Any CPU
		{672C19EB-757F-49C2-8640-DD7B7F8BE32F}.Debug|x86.Build.0 = Debug|Any CPU
		{672C19EB-757F-49C2-8640-DD7B7F8BE32F}.Release|Any CPU.ActiveCfg = Release|Any CPU
		{672C19EB-757F-49C2-8640-DD7B7F8BE32F}.Release|Any CPU.Build.0 = Release|Any CPU
		{672C19EB-757F-49C2-8640-DD7B7F8BE32F}.Release|x64.ActiveCfg = Release|Any CPU
		{672C19EB-757F-49C2-8640-DD7B7F8BE32F}.Release|x64.Build.0 = Release|Any CPU
		{672C19EB-757F-49C2-8640-DD7B7F8BE32F}.Release|x86.ActiveCfg = Release|Any CPU
		{672C19EB-757F-49C2-8640-DD7B7F8BE32F}.Release|x86.Build.0 = Release|Any CPU
		{B6DA36D3-62A4-48BF-A273-4A679EC25C76}.Debug|Any CPU.ActiveCfg = Debug|Any CPU
		{B6DA36D3-62A4-48BF-A273-4A679EC25C76}.Debug|Any CPU.Build.0 = Debug|Any CPU
		{B6DA36D3-62A4-48BF-A273-4A679EC25C76}.Debug|x64.ActiveCfg = Debug|Any CPU
		{B6DA36D3-62A4-48BF-A273-4A679EC25C76}.Debug|x64.Build.0 = Debug|Any CPU
		{B6DA36D3-62A4-48BF-A273-4A679EC25C76}.Debug|x86.ActiveCfg = Debug|Any CPU
		{B6DA36D3-62A4-48BF-A273-4A679EC25C76}.Debug|x86.Build.0 = Debug|Any CPU
		{B6DA36D3-62A4-48BF-A273-4A679EC25C76}.Release|Any CPU.ActiveCfg = Release|Any CPU
		{B6DA36D3-62A4-48BF-A273-4A679EC25C76}.Release|Any CPU.Build.0 = Release|Any CPU
		{B6DA36D3-62A4-48BF-A273-4A679EC25C76}.Release|x64.ActiveCfg = Release|Any CPU
		{B6DA36D3-62A4-48BF-A273-4A679EC25C76}.Release|x64.Build.0 = Release|Any CPU
		{B6DA36D3-62A4-48BF-A273-4A679EC25C76}.Release|x86.ActiveCfg = Release|Any CPU
		{B6DA36D3-62A4-48BF-A273-4A679EC25C76}.Release|x86.Build.0 = Release|Any CPU
		{86715D1B-B1A4-4334-8B63-2FCA850DDC6B}.Debug|Any CPU.ActiveCfg = Debug|Any CPU
		{86715D1B-B1A4-4334-8B63-2FCA850DDC6B}.Debug|Any CPU.Build.0 = Debug|Any CPU
		{86715D1B-B1A4-4334-8B63-2FCA850DDC6B}.Debug|x64.ActiveCfg = Debug|Any CPU
		{86715D1B-B1A4-4334-8B63-2FCA850DDC6B}.Debug|x64.Build.0 = Debug|Any CPU
		{86715D1B-B1A4-4334-8B63-2FCA850DDC6B}.Debug|x86.ActiveCfg = Debug|Any CPU
		{86715D1B-B1A4-4334-8B63-2FCA850DDC6B}.Debug|x86.Build.0 = Debug|Any CPU
		{86715D1B-B1A4-4334-8B63-2FCA850DDC6B}.Release|Any CPU.ActiveCfg = Release|Any CPU
		{86715D1B-B1A4-4334-8B63-2FCA850DDC6B}.Release|Any CPU.Build.0 = Release|Any CPU
		{86715D1B-B1A4-4334-8B63-2FCA850DDC6B}.Release|x64.ActiveCfg = Release|Any CPU
		{86715D1B-B1A4-4334-8B63-2FCA850DDC6B}.Release|x64.Build.0 = Release|Any CPU
		{86715D1B-B1A4-4334-8B63-2FCA850DDC6B}.Release|x86.ActiveCfg = Release|Any CPU
		{86715D1B-B1A4-4334-8B63-2FCA850DDC6B}.Release|x86.Build.0 = Release|Any CPU
		{7E1DE76F-2CC7-433D-91E4-F0D042AB4970}.Debug|Any CPU.ActiveCfg = Debug|Any CPU
		{7E1DE76F-2CC7-433D-91E4-F0D042AB4970}.Debug|Any CPU.Build.0 = Debug|Any CPU
		{7E1DE76F-2CC7-433D-91E4-F0D042AB4970}.Debug|x64.ActiveCfg = Debug|Any CPU
		{7E1DE76F-2CC7-433D-91E4-F0D042AB4970}.Debug|x64.Build.0 = Debug|Any CPU
		{7E1DE76F-2CC7-433D-91E4-F0D042AB4970}.Debug|x86.ActiveCfg = Debug|Any CPU
		{7E1DE76F-2CC7-433D-91E4-F0D042AB4970}.Debug|x86.Build.0 = Debug|Any CPU
		{7E1DE76F-2CC7-433D-91E4-F0D042AB4970}.Release|Any CPU.ActiveCfg = Release|Any CPU
		{7E1DE76F-2CC7-433D-91E4-F0D042AB4970}.Release|Any CPU.Build.0 = Release|Any CPU
		{7E1DE76F-2CC7-433D-91E4-F0D042AB4970}.Release|x64.ActiveCfg = Release|Any CPU
		{7E1DE76F-2CC7-433D-91E4-F0D042AB4970}.Release|x64.Build.0 = Release|Any CPU
		{7E1DE76F-2CC7-433D-91E4-F0D042AB4970}.Release|x86.ActiveCfg = Release|Any CPU
		{7E1DE76F-2CC7-433D-91E4-F0D042AB4970}.Release|x86.Build.0 = Release|Any CPU
		{CB549014-46E8-4B73-9238-384903C304DA}.Debug|Any CPU.ActiveCfg = Debug|Any CPU
		{CB549014-46E8-4B73-9238-384903C304DA}.Debug|Any CPU.Build.0 = Debug|Any CPU
		{CB549014-46E8-4B73-9238-384903C304DA}.Debug|x64.ActiveCfg = Debug|Any CPU
		{CB549014-46E8-4B73-9238-384903C304DA}.Debug|x64.Build.0 = Debug|Any CPU
		{CB549014-46E8-4B73-9238-384903C304DA}.Debug|x86.ActiveCfg = Debug|Any CPU
		{CB549014-46E8-4B73-9238-384903C304DA}.Debug|x86.Build.0 = Debug|Any CPU
		{CB549014-46E8-4B73-9238-384903C304DA}.Release|Any CPU.ActiveCfg = Release|Any CPU
		{CB549014-46E8-4B73-9238-384903C304DA}.Release|Any CPU.Build.0 = Release|Any CPU
		{CB549014-46E8-4B73-9238-384903C304DA}.Release|x64.ActiveCfg = Release|Any CPU
		{CB549014-46E8-4B73-9238-384903C304DA}.Release|x64.Build.0 = Release|Any CPU
		{CB549014-46E8-4B73-9238-384903C304DA}.Release|x86.ActiveCfg = Release|Any CPU
		{CB549014-46E8-4B73-9238-384903C304DA}.Release|x86.Build.0 = Release|Any CPU
		{6F0C76DC-0594-4E7D-BB5A-629FD42AEDD5}.Debug|Any CPU.ActiveCfg = Debug|Any CPU
		{6F0C76DC-0594-4E7D-BB5A-629FD42AEDD5}.Debug|Any CPU.Build.0 = Debug|Any CPU
		{6F0C76DC-0594-4E7D-BB5A-629FD42AEDD5}.Debug|x64.ActiveCfg = Debug|Any CPU
		{6F0C76DC-0594-4E7D-BB5A-629FD42AEDD5}.Debug|x64.Build.0 = Debug|Any CPU
		{6F0C76DC-0594-4E7D-BB5A-629FD42AEDD5}.Debug|x86.ActiveCfg = Debug|Any CPU
		{6F0C76DC-0594-4E7D-BB5A-629FD42AEDD5}.Debug|x86.Build.0 = Debug|Any CPU
		{6F0C76DC-0594-4E7D-BB5A-629FD42AEDD5}.Release|Any CPU.ActiveCfg = Release|Any CPU
		{6F0C76DC-0594-4E7D-BB5A-629FD42AEDD5}.Release|Any CPU.Build.0 = Release|Any CPU
		{6F0C76DC-0594-4E7D-BB5A-629FD42AEDD5}.Release|x64.ActiveCfg = Release|Any CPU
		{6F0C76DC-0594-4E7D-BB5A-629FD42AEDD5}.Release|x64.Build.0 = Release|Any CPU
		{6F0C76DC-0594-4E7D-BB5A-629FD42AEDD5}.Release|x86.ActiveCfg = Release|Any CPU
		{6F0C76DC-0594-4E7D-BB5A-629FD42AEDD5}.Release|x86.Build.0 = Release|Any CPU
		{B117AF9B-BD24-42EB-8D48-A7125D6B49FE}.Debug|Any CPU.ActiveCfg = Debug|Any CPU
		{B117AF9B-BD24-42EB-8D48-A7125D6B49FE}.Debug|Any CPU.Build.0 = Debug|Any CPU
		{B117AF9B-BD24-42EB-8D48-A7125D6B49FE}.Debug|x64.ActiveCfg = Debug|Any CPU
		{B117AF9B-BD24-42EB-8D48-A7125D6B49FE}.Debug|x64.Build.0 = Debug|Any CPU
		{B117AF9B-BD24-42EB-8D48-A7125D6B49FE}.Debug|x86.ActiveCfg = Debug|Any CPU
		{B117AF9B-BD24-42EB-8D48-A7125D6B49FE}.Debug|x86.Build.0 = Debug|Any CPU
		{B117AF9B-BD24-42EB-8D48-A7125D6B49FE}.Release|Any CPU.ActiveCfg = Release|Any CPU
		{B117AF9B-BD24-42EB-8D48-A7125D6B49FE}.Release|Any CPU.Build.0 = Release|Any CPU
		{B117AF9B-BD24-42EB-8D48-A7125D6B49FE}.Release|x64.ActiveCfg = Release|Any CPU
		{B117AF9B-BD24-42EB-8D48-A7125D6B49FE}.Release|x64.Build.0 = Release|Any CPU
		{B117AF9B-BD24-42EB-8D48-A7125D6B49FE}.Release|x86.ActiveCfg = Release|Any CPU
		{B117AF9B-BD24-42EB-8D48-A7125D6B49FE}.Release|x86.Build.0 = Release|Any CPU
	EndGlobalSection
	GlobalSection(SolutionProperties) = preSolution
		HideSolutionNode = FALSE
	EndGlobalSection
	GlobalSection(NestedProjects) = preSolution
		{89376414-1FDD-4792-A0B0-94664664B3F0} = {5C0E6146-6C7B-4468-BCB4-A6A83D782686}
		{B7306113-5343-479F-A254-892CEA07004A} = {5C0E6146-6C7B-4468-BCB4-A6A83D782686}
		{0AF31D18-B1E0-4E6F-984D-EEB672D80DEF} = {5C0E6146-6C7B-4468-BCB4-A6A83D782686}
		{59FDEAB2-6004-459A-A44B-211A9A5D70D5} = {5C0E6146-6C7B-4468-BCB4-A6A83D782686}
		{DD43DFCC-68F9-4CFC-94CA-F73EED902E0C} = {5C0E6146-6C7B-4468-BCB4-A6A83D782686}
		{71B56249-7B42-4D92-A293-13F17DA67BE9} = {5C0E6146-6C7B-4468-BCB4-A6A83D782686}
		{B7C6426C-D07A-4259-A250-8BD405E644A6} = {5C0E6146-6C7B-4468-BCB4-A6A83D782686}
		{6BFE8B62-7B82-492D-8BB3-AADC60CDF2C5} = {5C0E6146-6C7B-4468-BCB4-A6A83D782686}
		{CAF4B4B4-B4DC-4FF1-960A-7D46A0B66D48} = {5C0E6146-6C7B-4468-BCB4-A6A83D782686}
		{C095DE41-BE11-42F6-996A-2EA0178009C1} = {5C0E6146-6C7B-4468-BCB4-A6A83D782686}
		{31E8F29A-CB9F-4C2C-905D-41426E712AAF} = {5C0E6146-6C7B-4468-BCB4-A6A83D782686}
		{7B61041C-CBE3-4189-B765-7422FF3F9477} = {5C0E6146-6C7B-4468-BCB4-A6A83D782686}
		{B4A2C53E-9838-44F0-9069-BF59C593F114} = {5C0E6146-6C7B-4468-BCB4-A6A83D782686}
		{88CF0328-0488-42B2-B497-57A76DEC037E} = {5C0E6146-6C7B-4468-BCB4-A6A83D782686}
		{778F5749-D20E-4732-A06A-F146C3D6049C} = {5C0E6146-6C7B-4468-BCB4-A6A83D782686}
		{C866FE21-886E-49FD-9123-572FE613A5AC} = {5C0E6146-6C7B-4468-BCB4-A6A83D782686}
		{B87D4A61-7C07-49C6-920B-BAE7F959E2B8} = {5C0E6146-6C7B-4468-BCB4-A6A83D782686}
		{175A01A0-2ED0-41AF-8C88-EC39193CCEAD} = {5C0E6146-6C7B-4468-BCB4-A6A83D782686}
		{F4CC6528-70B2-4AD1-BFA1-2D4178302131} = {5C0E6146-6C7B-4468-BCB4-A6A83D782686}
		{672C19EB-757F-49C2-8640-DD7B7F8BE32F} = {5C0E6146-6C7B-4468-BCB4-A6A83D782686}
		{B6DA36D3-62A4-48BF-A273-4A679EC25C76} = {5C0E6146-6C7B-4468-BCB4-A6A83D782686}
		{86715D1B-B1A4-4334-8B63-2FCA850DDC6B} = {5C0E6146-6C7B-4468-BCB4-A6A83D782686}
		{7E1DE76F-2CC7-433D-91E4-F0D042AB4970} = {5C0E6146-6C7B-4468-BCB4-A6A83D782686}
		{CB549014-46E8-4B73-9238-384903C304DA} = {5C0E6146-6C7B-4468-BCB4-A6A83D782686}
		{6F0C76DC-0594-4E7D-BB5A-629FD42AEDD5} = {F24CB063-8A47-47EA-B0D2-98CB3CEBDFF6}
		{B117AF9B-BD24-42EB-8D48-A7125D6B49FE} = {F24CB063-8A47-47EA-B0D2-98CB3CEBDFF6}
	EndGlobalSection
	GlobalSection(ExtensibilityGlobals) = postSolution
		SolutionGuid = {8CE00B0F-85F8-46D2-BBAE-C3B370AE8D34}
	EndGlobalSection
EndGlobal
